
Microsoft Visual Studio Solution File, Format Version 12.00
# Visual Studio 14
VisualStudioVersion = 14.0.23107.0
MinimumVisualStudioVersion = 10.0.40219.1
Project("{FAE04EC0-301F-11D3-BF4B-00C04F79EFBC}") = "ClipPaste", "Bizmonger\Bizmonger\ClipPaste.csproj", "{71F418C6-4F5A-4663-A2EF-EABB3F614013}"
EndProject
Project("{FAE04EC0-301F-11D3-BF4B-00C04F79EFBC}") = "ViewMenu", "ViewOptions\ViewMenu.csproj", "{D26B9386-A637-4DAE-A230-B005BBD67417}"
EndProject
Project("{2150E333-8FDC-42A3-9474-1A3956D46DE8}") = "Stories", "Stories", "{2A403060-32D0-4603-BBAD-EF500FB3D498}"
EndProject
Project("{2150E333-8FDC-42A3-9474-1A3956D46DE8}") = "Core", "Core", "{93920033-92F3-4153-B6D0-98C7AB188898}"
EndProject
Project("{FAE04EC0-301F-11D3-BF4B-00C04F79EFBC}") = "ViewMenu.Test", "ViewOptions.Test\ViewMenu.Test.csproj", "{C5BFDCB1-23F5-47D3-9C01-1F1641E8DAD2}"
EndProject
Project("{2150E333-8FDC-42A3-9474-1A3956D46DE8}") = "SharedAssemblies", "SharedAssemblies", "{EFB88AC0-BF42-4C41-BD44-BE6C06BE1CA8}"
	ProjectSection(SolutionItems) = preProject
		Bizmonger\Bizmonger\Shared\Bizmonger.Patterns.dll = Bizmonger\Bizmonger\Shared\Bizmonger.Patterns.dll
	EndProjectSection
EndProject
Project("{FAE04EC0-301F-11D3-BF4B-00C04F79EFBC}") = "EditContent", "EditContent\EditContent.csproj", "{488D6F00-AC8D-455A-9C52-3BC747F98FE3}"
EndProject
Project("{FAE04EC0-301F-11D3-BF4B-00C04F79EFBC}") = "EditContent.Test", "EditContent.Test\EditContent.Test.csproj", "{D6881496-B212-4183-86CB-60F50B10EBEE}"
EndProject
Project("{FAE04EC0-301F-11D3-BF4B-00C04F79EFBC}") = "Core", "Core\Core.csproj", "{91C8D548-7D32-4804-A41B-F134F03B13FD}"
EndProject
Project("{FAE04EC0-301F-11D3-BF4B-00C04F79EFBC}") = "ClipPaste.Droid", "Bizmonger\Bizmonger.Droid\ClipPaste.Droid.csproj", "{6F30CBDC-FA6E-4618-B6F6-B06CFE6DAF3F}"
EndProject
Project("{2150E333-8FDC-42A3-9474-1A3956D46DE8}") = "Data", "Data", "{E1D5867F-7436-4146-9FE4-264C5589A0C5}"
EndProject
Project("{FAE04EC0-301F-11D3-BF4B-00C04F79EFBC}") = "CustomControls", "Renderers\CustomControls.csproj", "{F44F2F6B-20E0-4225-B655-C170E2CC30D5}"
EndProject
Project("{2150E333-8FDC-42A3-9474-1A3956D46DE8}") = "Tests", "Tests", "{78ED74F1-7F8C-4AB5-BDC8-9F9C5711103C}"
EndProject
Project("{2150E333-8FDC-42A3-9474-1A3956D46DE8}") = "Integration", "Integration", "{9EA8046D-CF92-4ABC-B6B1-15333EC41039}"
EndProject
Project("{FAE04EC0-301F-11D3-BF4B-00C04F79EFBC}") = "ViewMenu.Integration.Test", "ViewMenu.Integration.Test\ViewMenu.Integration.Test.csproj", "{4AA7063A-14FB-4281-9869-153493A989F9}"
EndProject
Project("{FAE04EC0-301F-11D3-BF4B-00C04F79EFBC}") = "DataAccessMediator", "DataAccessMediator\DataAccessMediator.csproj", "{FF21F056-CDD5-42F6-9DB2-DE3028F62AE8}"
EndProject
Project("{FAE04EC0-301F-11D3-BF4B-00C04F79EFBC}") = "Entities", "Entities\Entities.csproj", "{EF12DAB0-5BAD-440A-BD94-BA0FD4E900B2}"
EndProject
Global
	GlobalSection(SolutionConfigurationPlatforms) = preSolution
		Ad-Hoc|Any CPU = Ad-Hoc|Any CPU
		Ad-Hoc|ARM = Ad-Hoc|ARM
		Ad-Hoc|iPhone = Ad-Hoc|iPhone
		Ad-Hoc|iPhoneSimulator = Ad-Hoc|iPhoneSimulator
		Ad-Hoc|x64 = Ad-Hoc|x64
		Ad-Hoc|x86 = Ad-Hoc|x86
		AppStore|Any CPU = AppStore|Any CPU
		AppStore|ARM = AppStore|ARM
		AppStore|iPhone = AppStore|iPhone
		AppStore|iPhoneSimulator = AppStore|iPhoneSimulator
		AppStore|x64 = AppStore|x64
		AppStore|x86 = AppStore|x86
		Debug|Any CPU = Debug|Any CPU
		Debug|ARM = Debug|ARM
		Debug|iPhone = Debug|iPhone
		Debug|iPhoneSimulator = Debug|iPhoneSimulator
		Debug|x64 = Debug|x64
		Debug|x86 = Debug|x86
		Release|Any CPU = Release|Any CPU
		Release|ARM = Release|ARM
		Release|iPhone = Release|iPhone
		Release|iPhoneSimulator = Release|iPhoneSimulator
		Release|x64 = Release|x64
		Release|x86 = Release|x86
	EndGlobalSection
	GlobalSection(ProjectConfigurationPlatforms) = postSolution
		{71F418C6-4F5A-4663-A2EF-EABB3F614013}.Ad-Hoc|Any CPU.ActiveCfg = Release|Any CPU
		{71F418C6-4F5A-4663-A2EF-EABB3F614013}.Ad-Hoc|Any CPU.Build.0 = Release|Any CPU
		{71F418C6-4F5A-4663-A2EF-EABB3F614013}.Ad-Hoc|ARM.ActiveCfg = Release|Any CPU
		{71F418C6-4F5A-4663-A2EF-EABB3F614013}.Ad-Hoc|ARM.Build.0 = Release|Any CPU
		{71F418C6-4F5A-4663-A2EF-EABB3F614013}.Ad-Hoc|iPhone.ActiveCfg = Release|Any CPU
		{71F418C6-4F5A-4663-A2EF-EABB3F614013}.Ad-Hoc|iPhone.Build.0 = Release|Any CPU
		{71F418C6-4F5A-4663-A2EF-EABB3F614013}.Ad-Hoc|iPhoneSimulator.ActiveCfg = Release|Any CPU
		{71F418C6-4F5A-4663-A2EF-EABB3F614013}.Ad-Hoc|iPhoneSimulator.Build.0 = Release|Any CPU
		{71F418C6-4F5A-4663-A2EF-EABB3F614013}.Ad-Hoc|x64.ActiveCfg = Debug|Any CPU
		{71F418C6-4F5A-4663-A2EF-EABB3F614013}.Ad-Hoc|x64.Build.0 = Debug|Any CPU
		{71F418C6-4F5A-4663-A2EF-EABB3F614013}.Ad-Hoc|x86.ActiveCfg = Release|Any CPU
		{71F418C6-4F5A-4663-A2EF-EABB3F614013}.Ad-Hoc|x86.Build.0 = Release|Any CPU
		{71F418C6-4F5A-4663-A2EF-EABB3F614013}.AppStore|Any CPU.ActiveCfg = Release|Any CPU
		{71F418C6-4F5A-4663-A2EF-EABB3F614013}.AppStore|Any CPU.Build.0 = Release|Any CPU
		{71F418C6-4F5A-4663-A2EF-EABB3F614013}.AppStore|ARM.ActiveCfg = Release|Any CPU
		{71F418C6-4F5A-4663-A2EF-EABB3F614013}.AppStore|ARM.Build.0 = Release|Any CPU
		{71F418C6-4F5A-4663-A2EF-EABB3F614013}.AppStore|iPhone.ActiveCfg = Release|Any CPU
		{71F418C6-4F5A-4663-A2EF-EABB3F614013}.AppStore|iPhone.Build.0 = Release|Any CPU
		{71F418C6-4F5A-4663-A2EF-EABB3F614013}.AppStore|iPhoneSimulator.ActiveCfg = Release|Any CPU
		{71F418C6-4F5A-4663-A2EF-EABB3F614013}.AppStore|iPhoneSimulator.Build.0 = Release|Any CPU
		{71F418C6-4F5A-4663-A2EF-EABB3F614013}.AppStore|x64.ActiveCfg = Debug|Any CPU
		{71F418C6-4F5A-4663-A2EF-EABB3F614013}.AppStore|x64.Build.0 = Debug|Any CPU
		{71F418C6-4F5A-4663-A2EF-EABB3F614013}.AppStore|x86.ActiveCfg = Release|Any CPU
		{71F418C6-4F5A-4663-A2EF-EABB3F614013}.AppStore|x86.Build.0 = Release|Any CPU
		{71F418C6-4F5A-4663-A2EF-EABB3F614013}.Debug|Any CPU.ActiveCfg = Debug|Any CPU
		{71F418C6-4F5A-4663-A2EF-EABB3F614013}.Debug|Any CPU.Build.0 = Debug|Any CPU
		{71F418C6-4F5A-4663-A2EF-EABB3F614013}.Debug|ARM.ActiveCfg = Debug|Any CPU
		{71F418C6-4F5A-4663-A2EF-EABB3F614013}.Debug|ARM.Build.0 = Debug|Any CPU
		{71F418C6-4F5A-4663-A2EF-EABB3F614013}.Debug|iPhone.ActiveCfg = Debug|Any CPU
		{71F418C6-4F5A-4663-A2EF-EABB3F614013}.Debug|iPhone.Build.0 = Debug|Any CPU
		{71F418C6-4F5A-4663-A2EF-EABB3F614013}.Debug|iPhoneSimulator.ActiveCfg = Debug|Any CPU
		{71F418C6-4F5A-4663-A2EF-EABB3F614013}.Debug|iPhoneSimulator.Build.0 = Debug|Any CPU
		{71F418C6-4F5A-4663-A2EF-EABB3F614013}.Debug|x64.ActiveCfg = Debug|Any CPU
		{71F418C6-4F5A-4663-A2EF-EABB3F614013}.Debug|x64.Build.0 = Debug|Any CPU
		{71F418C6-4F5A-4663-A2EF-EABB3F614013}.Debug|x86.ActiveCfg = Debug|Any CPU
		{71F418C6-4F5A-4663-A2EF-EABB3F614013}.Debug|x86.Build.0 = Debug|Any CPU
		{71F418C6-4F5A-4663-A2EF-EABB3F614013}.Release|Any CPU.ActiveCfg = Release|Any CPU
		{71F418C6-4F5A-4663-A2EF-EABB3F614013}.Release|Any CPU.Build.0 = Release|Any CPU
		{71F418C6-4F5A-4663-A2EF-EABB3F614013}.Release|ARM.ActiveCfg = Release|Any CPU
		{71F418C6-4F5A-4663-A2EF-EABB3F614013}.Release|ARM.Build.0 = Release|Any CPU
		{71F418C6-4F5A-4663-A2EF-EABB3F614013}.Release|iPhone.ActiveCfg = Release|Any CPU
		{71F418C6-4F5A-4663-A2EF-EABB3F614013}.Release|iPhone.Build.0 = Release|Any CPU
		{71F418C6-4F5A-4663-A2EF-EABB3F614013}.Release|iPhoneSimulator.ActiveCfg = Release|Any CPU
		{71F418C6-4F5A-4663-A2EF-EABB3F614013}.Release|iPhoneSimulator.Build.0 = Release|Any CPU
		{71F418C6-4F5A-4663-A2EF-EABB3F614013}.Release|x64.ActiveCfg = Release|Any CPU
		{71F418C6-4F5A-4663-A2EF-EABB3F614013}.Release|x64.Build.0 = Release|Any CPU
		{71F418C6-4F5A-4663-A2EF-EABB3F614013}.Release|x86.ActiveCfg = Release|Any CPU
		{71F418C6-4F5A-4663-A2EF-EABB3F614013}.Release|x86.Build.0 = Release|Any CPU
		{D26B9386-A637-4DAE-A230-B005BBD67417}.Ad-Hoc|Any CPU.ActiveCfg = Release|Any CPU
		{D26B9386-A637-4DAE-A230-B005BBD67417}.Ad-Hoc|Any CPU.Build.0 = Release|Any CPU
		{D26B9386-A637-4DAE-A230-B005BBD67417}.Ad-Hoc|ARM.ActiveCfg = Release|Any CPU
		{D26B9386-A637-4DAE-A230-B005BBD67417}.Ad-Hoc|ARM.Build.0 = Release|Any CPU
		{D26B9386-A637-4DAE-A230-B005BBD67417}.Ad-Hoc|iPhone.ActiveCfg = Release|Any CPU
		{D26B9386-A637-4DAE-A230-B005BBD67417}.Ad-Hoc|iPhone.Build.0 = Release|Any CPU
		{D26B9386-A637-4DAE-A230-B005BBD67417}.Ad-Hoc|iPhoneSimulator.ActiveCfg = Release|Any CPU
		{D26B9386-A637-4DAE-A230-B005BBD67417}.Ad-Hoc|iPhoneSimulator.Build.0 = Release|Any CPU
		{D26B9386-A637-4DAE-A230-B005BBD67417}.Ad-Hoc|x64.ActiveCfg = Debug|Any CPU
		{D26B9386-A637-4DAE-A230-B005BBD67417}.Ad-Hoc|x64.Build.0 = Debug|Any CPU
		{D26B9386-A637-4DAE-A230-B005BBD67417}.Ad-Hoc|x86.ActiveCfg = Release|Any CPU
		{D26B9386-A637-4DAE-A230-B005BBD67417}.Ad-Hoc|x86.Build.0 = Release|Any CPU
		{D26B9386-A637-4DAE-A230-B005BBD67417}.AppStore|Any CPU.ActiveCfg = Release|Any CPU
		{D26B9386-A637-4DAE-A230-B005BBD67417}.AppStore|Any CPU.Build.0 = Release|Any CPU
		{D26B9386-A637-4DAE-A230-B005BBD67417}.AppStore|ARM.ActiveCfg = Release|Any CPU
		{D26B9386-A637-4DAE-A230-B005BBD67417}.AppStore|ARM.Build.0 = Release|Any CPU
		{D26B9386-A637-4DAE-A230-B005BBD67417}.AppStore|iPhone.ActiveCfg = Release|Any CPU
		{D26B9386-A637-4DAE-A230-B005BBD67417}.AppStore|iPhone.Build.0 = Release|Any CPU
		{D26B9386-A637-4DAE-A230-B005BBD67417}.AppStore|iPhoneSimulator.ActiveCfg = Release|Any CPU
		{D26B9386-A637-4DAE-A230-B005BBD67417}.AppStore|iPhoneSimulator.Build.0 = Release|Any CPU
		{D26B9386-A637-4DAE-A230-B005BBD67417}.AppStore|x64.ActiveCfg = Debug|Any CPU
		{D26B9386-A637-4DAE-A230-B005BBD67417}.AppStore|x64.Build.0 = Debug|Any CPU
		{D26B9386-A637-4DAE-A230-B005BBD67417}.AppStore|x86.ActiveCfg = Release|Any CPU
		{D26B9386-A637-4DAE-A230-B005BBD67417}.AppStore|x86.Build.0 = Release|Any CPU
		{D26B9386-A637-4DAE-A230-B005BBD67417}.Debug|Any CPU.ActiveCfg = Debug|Any CPU
		{D26B9386-A637-4DAE-A230-B005BBD67417}.Debug|Any CPU.Build.0 = Debug|Any CPU
		{D26B9386-A637-4DAE-A230-B005BBD67417}.Debug|ARM.ActiveCfg = Debug|Any CPU
		{D26B9386-A637-4DAE-A230-B005BBD67417}.Debug|ARM.Build.0 = Debug|Any CPU
		{D26B9386-A637-4DAE-A230-B005BBD67417}.Debug|iPhone.ActiveCfg = Debug|Any CPU
		{D26B9386-A637-4DAE-A230-B005BBD67417}.Debug|iPhone.Build.0 = Debug|Any CPU
		{D26B9386-A637-4DAE-A230-B005BBD67417}.Debug|iPhoneSimulator.ActiveCfg = Debug|Any CPU
		{D26B9386-A637-4DAE-A230-B005BBD67417}.Debug|iPhoneSimulator.Build.0 = Debug|Any CPU
		{D26B9386-A637-4DAE-A230-B005BBD67417}.Debug|x64.ActiveCfg = Debug|Any CPU
		{D26B9386-A637-4DAE-A230-B005BBD67417}.Debug|x64.Build.0 = Debug|Any CPU
		{D26B9386-A637-4DAE-A230-B005BBD67417}.Debug|x86.ActiveCfg = Debug|Any CPU
		{D26B9386-A637-4DAE-A230-B005BBD67417}.Debug|x86.Build.0 = Debug|Any CPU
		{D26B9386-A637-4DAE-A230-B005BBD67417}.Release|Any CPU.ActiveCfg = Release|Any CPU
		{D26B9386-A637-4DAE-A230-B005BBD67417}.Release|Any CPU.Build.0 = Release|Any CPU
		{D26B9386-A637-4DAE-A230-B005BBD67417}.Release|ARM.ActiveCfg = Release|Any CPU
		{D26B9386-A637-4DAE-A230-B005BBD67417}.Release|ARM.Build.0 = Release|Any CPU
		{D26B9386-A637-4DAE-A230-B005BBD67417}.Release|iPhone.ActiveCfg = Release|Any CPU
		{D26B9386-A637-4DAE-A230-B005BBD67417}.Release|iPhone.Build.0 = Release|Any CPU
		{D26B9386-A637-4DAE-A230-B005BBD67417}.Release|iPhoneSimulator.ActiveCfg = Release|Any CPU
		{D26B9386-A637-4DAE-A230-B005BBD67417}.Release|iPhoneSimulator.Build.0 = Release|Any CPU
		{D26B9386-A637-4DAE-A230-B005BBD67417}.Release|x64.ActiveCfg = Release|Any CPU
		{D26B9386-A637-4DAE-A230-B005BBD67417}.Release|x64.Build.0 = Release|Any CPU
		{D26B9386-A637-4DAE-A230-B005BBD67417}.Release|x86.ActiveCfg = Release|Any CPU
		{D26B9386-A637-4DAE-A230-B005BBD67417}.Release|x86.Build.0 = Release|Any CPU
		{C5BFDCB1-23F5-47D3-9C01-1F1641E8DAD2}.Ad-Hoc|Any CPU.ActiveCfg = Release|Any CPU
		{C5BFDCB1-23F5-47D3-9C01-1F1641E8DAD2}.Ad-Hoc|Any CPU.Build.0 = Release|Any CPU
		{C5BFDCB1-23F5-47D3-9C01-1F1641E8DAD2}.Ad-Hoc|ARM.ActiveCfg = Release|Any CPU
		{C5BFDCB1-23F5-47D3-9C01-1F1641E8DAD2}.Ad-Hoc|ARM.Build.0 = Release|Any CPU
		{C5BFDCB1-23F5-47D3-9C01-1F1641E8DAD2}.Ad-Hoc|iPhone.ActiveCfg = Release|Any CPU
		{C5BFDCB1-23F5-47D3-9C01-1F1641E8DAD2}.Ad-Hoc|iPhone.Build.0 = Release|Any CPU
		{C5BFDCB1-23F5-47D3-9C01-1F1641E8DAD2}.Ad-Hoc|iPhoneSimulator.ActiveCfg = Release|Any CPU
		{C5BFDCB1-23F5-47D3-9C01-1F1641E8DAD2}.Ad-Hoc|iPhoneSimulator.Build.0 = Release|Any CPU
		{C5BFDCB1-23F5-47D3-9C01-1F1641E8DAD2}.Ad-Hoc|x64.ActiveCfg = Debug|Any CPU
		{C5BFDCB1-23F5-47D3-9C01-1F1641E8DAD2}.Ad-Hoc|x64.Build.0 = Debug|Any CPU
		{C5BFDCB1-23F5-47D3-9C01-1F1641E8DAD2}.Ad-Hoc|x86.ActiveCfg = Release|Any CPU
		{C5BFDCB1-23F5-47D3-9C01-1F1641E8DAD2}.Ad-Hoc|x86.Build.0 = Release|Any CPU
		{C5BFDCB1-23F5-47D3-9C01-1F1641E8DAD2}.AppStore|Any CPU.ActiveCfg = Release|Any CPU
		{C5BFDCB1-23F5-47D3-9C01-1F1641E8DAD2}.AppStore|Any CPU.Build.0 = Release|Any CPU
		{C5BFDCB1-23F5-47D3-9C01-1F1641E8DAD2}.AppStore|ARM.ActiveCfg = Release|Any CPU
		{C5BFDCB1-23F5-47D3-9C01-1F1641E8DAD2}.AppStore|ARM.Build.0 = Release|Any CPU
		{C5BFDCB1-23F5-47D3-9C01-1F1641E8DAD2}.AppStore|iPhone.ActiveCfg = Release|Any CPU
		{C5BFDCB1-23F5-47D3-9C01-1F1641E8DAD2}.AppStore|iPhone.Build.0 = Release|Any CPU
		{C5BFDCB1-23F5-47D3-9C01-1F1641E8DAD2}.AppStore|iPhoneSimulator.ActiveCfg = Release|Any CPU
		{C5BFDCB1-23F5-47D3-9C01-1F1641E8DAD2}.AppStore|iPhoneSimulator.Build.0 = Release|Any CPU
		{C5BFDCB1-23F5-47D3-9C01-1F1641E8DAD2}.AppStore|x64.ActiveCfg = Debug|Any CPU
		{C5BFDCB1-23F5-47D3-9C01-1F1641E8DAD2}.AppStore|x64.Build.0 = Debug|Any CPU
		{C5BFDCB1-23F5-47D3-9C01-1F1641E8DAD2}.AppStore|x86.ActiveCfg = Release|Any CPU
		{C5BFDCB1-23F5-47D3-9C01-1F1641E8DAD2}.AppStore|x86.Build.0 = Release|Any CPU
		{C5BFDCB1-23F5-47D3-9C01-1F1641E8DAD2}.Debug|Any CPU.ActiveCfg = Debug|Any CPU
		{C5BFDCB1-23F5-47D3-9C01-1F1641E8DAD2}.Debug|Any CPU.Build.0 = Debug|Any CPU
		{C5BFDCB1-23F5-47D3-9C01-1F1641E8DAD2}.Debug|ARM.ActiveCfg = Debug|Any CPU
		{C5BFDCB1-23F5-47D3-9C01-1F1641E8DAD2}.Debug|ARM.Build.0 = Debug|Any CPU
		{C5BFDCB1-23F5-47D3-9C01-1F1641E8DAD2}.Debug|iPhone.ActiveCfg = Debug|Any CPU
		{C5BFDCB1-23F5-47D3-9C01-1F1641E8DAD2}.Debug|iPhone.Build.0 = Debug|Any CPU
		{C5BFDCB1-23F5-47D3-9C01-1F1641E8DAD2}.Debug|iPhoneSimulator.ActiveCfg = Debug|Any CPU
		{C5BFDCB1-23F5-47D3-9C01-1F1641E8DAD2}.Debug|iPhoneSimulator.Build.0 = Debug|Any CPU
		{C5BFDCB1-23F5-47D3-9C01-1F1641E8DAD2}.Debug|x64.ActiveCfg = Debug|Any CPU
		{C5BFDCB1-23F5-47D3-9C01-1F1641E8DAD2}.Debug|x64.Build.0 = Debug|Any CPU
		{C5BFDCB1-23F5-47D3-9C01-1F1641E8DAD2}.Debug|x86.ActiveCfg = Debug|Any CPU
		{C5BFDCB1-23F5-47D3-9C01-1F1641E8DAD2}.Debug|x86.Build.0 = Debug|Any CPU
		{C5BFDCB1-23F5-47D3-9C01-1F1641E8DAD2}.Release|Any CPU.ActiveCfg = Release|Any CPU
		{C5BFDCB1-23F5-47D3-9C01-1F1641E8DAD2}.Release|Any CPU.Build.0 = Release|Any CPU
		{C5BFDCB1-23F5-47D3-9C01-1F1641E8DAD2}.Release|ARM.ActiveCfg = Release|Any CPU
		{C5BFDCB1-23F5-47D3-9C01-1F1641E8DAD2}.Release|ARM.Build.0 = Release|Any CPU
		{C5BFDCB1-23F5-47D3-9C01-1F1641E8DAD2}.Release|iPhone.ActiveCfg = Release|Any CPU
		{C5BFDCB1-23F5-47D3-9C01-1F1641E8DAD2}.Release|iPhone.Build.0 = Release|Any CPU
		{C5BFDCB1-23F5-47D3-9C01-1F1641E8DAD2}.Release|iPhoneSimulator.ActiveCfg = Release|Any CPU
		{C5BFDCB1-23F5-47D3-9C01-1F1641E8DAD2}.Release|iPhoneSimulator.Build.0 = Release|Any CPU
		{C5BFDCB1-23F5-47D3-9C01-1F1641E8DAD2}.Release|x64.ActiveCfg = Release|Any CPU
		{C5BFDCB1-23F5-47D3-9C01-1F1641E8DAD2}.Release|x64.Build.0 = Release|Any CPU
		{C5BFDCB1-23F5-47D3-9C01-1F1641E8DAD2}.Release|x86.ActiveCfg = Release|Any CPU
		{C5BFDCB1-23F5-47D3-9C01-1F1641E8DAD2}.Release|x86.Build.0 = Release|Any CPU
		{488D6F00-AC8D-455A-9C52-3BC747F98FE3}.Ad-Hoc|Any CPU.ActiveCfg = Release|Any CPU
		{488D6F00-AC8D-455A-9C52-3BC747F98FE3}.Ad-Hoc|Any CPU.Build.0 = Release|Any CPU
		{488D6F00-AC8D-455A-9C52-3BC747F98FE3}.Ad-Hoc|ARM.ActiveCfg = Release|Any CPU
		{488D6F00-AC8D-455A-9C52-3BC747F98FE3}.Ad-Hoc|ARM.Build.0 = Release|Any CPU
		{488D6F00-AC8D-455A-9C52-3BC747F98FE3}.Ad-Hoc|iPhone.ActiveCfg = Release|Any CPU
		{488D6F00-AC8D-455A-9C52-3BC747F98FE3}.Ad-Hoc|iPhone.Build.0 = Release|Any CPU
		{488D6F00-AC8D-455A-9C52-3BC747F98FE3}.Ad-Hoc|iPhoneSimulator.ActiveCfg = Release|Any CPU
		{488D6F00-AC8D-455A-9C52-3BC747F98FE3}.Ad-Hoc|iPhoneSimulator.Build.0 = Release|Any CPU
		{488D6F00-AC8D-455A-9C52-3BC747F98FE3}.Ad-Hoc|x64.ActiveCfg = Debug|Any CPU
		{488D6F00-AC8D-455A-9C52-3BC747F98FE3}.Ad-Hoc|x64.Build.0 = Debug|Any CPU
		{488D6F00-AC8D-455A-9C52-3BC747F98FE3}.Ad-Hoc|x86.ActiveCfg = Release|Any CPU
		{488D6F00-AC8D-455A-9C52-3BC747F98FE3}.Ad-Hoc|x86.Build.0 = Release|Any CPU
		{488D6F00-AC8D-455A-9C52-3BC747F98FE3}.AppStore|Any CPU.ActiveCfg = Release|Any CPU
		{488D6F00-AC8D-455A-9C52-3BC747F98FE3}.AppStore|Any CPU.Build.0 = Release|Any CPU
		{488D6F00-AC8D-455A-9C52-3BC747F98FE3}.AppStore|ARM.ActiveCfg = Release|Any CPU
		{488D6F00-AC8D-455A-9C52-3BC747F98FE3}.AppStore|ARM.Build.0 = Release|Any CPU
		{488D6F00-AC8D-455A-9C52-3BC747F98FE3}.AppStore|iPhone.ActiveCfg = Release|Any CPU
		{488D6F00-AC8D-455A-9C52-3BC747F98FE3}.AppStore|iPhone.Build.0 = Release|Any CPU
		{488D6F00-AC8D-455A-9C52-3BC747F98FE3}.AppStore|iPhoneSimulator.ActiveCfg = Release|Any CPU
		{488D6F00-AC8D-455A-9C52-3BC747F98FE3}.AppStore|iPhoneSimulator.Build.0 = Release|Any CPU
		{488D6F00-AC8D-455A-9C52-3BC747F98FE3}.AppStore|x64.ActiveCfg = Debug|Any CPU
		{488D6F00-AC8D-455A-9C52-3BC747F98FE3}.AppStore|x64.Build.0 = Debug|Any CPU
		{488D6F00-AC8D-455A-9C52-3BC747F98FE3}.AppStore|x86.ActiveCfg = Release|Any CPU
		{488D6F00-AC8D-455A-9C52-3BC747F98FE3}.AppStore|x86.Build.0 = Release|Any CPU
		{488D6F00-AC8D-455A-9C52-3BC747F98FE3}.Debug|Any CPU.ActiveCfg = Debug|Any CPU
		{488D6F00-AC8D-455A-9C52-3BC747F98FE3}.Debug|Any CPU.Build.0 = Debug|Any CPU
		{488D6F00-AC8D-455A-9C52-3BC747F98FE3}.Debug|ARM.ActiveCfg = Debug|Any CPU
		{488D6F00-AC8D-455A-9C52-3BC747F98FE3}.Debug|ARM.Build.0 = Debug|Any CPU
		{488D6F00-AC8D-455A-9C52-3BC747F98FE3}.Debug|iPhone.ActiveCfg = Debug|Any CPU
		{488D6F00-AC8D-455A-9C52-3BC747F98FE3}.Debug|iPhone.Build.0 = Debug|Any CPU
		{488D6F00-AC8D-455A-9C52-3BC747F98FE3}.Debug|iPhoneSimulator.ActiveCfg = Debug|Any CPU
		{488D6F00-AC8D-455A-9C52-3BC747F98FE3}.Debug|iPhoneSimulator.Build.0 = Debug|Any CPU
		{488D6F00-AC8D-455A-9C52-3BC747F98FE3}.Debug|x64.ActiveCfg = Debug|Any CPU
		{488D6F00-AC8D-455A-9C52-3BC747F98FE3}.Debug|x64.Build.0 = Debug|Any CPU
		{488D6F00-AC8D-455A-9C52-3BC747F98FE3}.Debug|x86.ActiveCfg = Debug|Any CPU
		{488D6F00-AC8D-455A-9C52-3BC747F98FE3}.Debug|x86.Build.0 = Debug|Any CPU
		{488D6F00-AC8D-455A-9C52-3BC747F98FE3}.Release|Any CPU.ActiveCfg = Release|Any CPU
		{488D6F00-AC8D-455A-9C52-3BC747F98FE3}.Release|Any CPU.Build.0 = Release|Any CPU
		{488D6F00-AC8D-455A-9C52-3BC747F98FE3}.Release|ARM.ActiveCfg = Release|Any CPU
		{488D6F00-AC8D-455A-9C52-3BC747F98FE3}.Release|ARM.Build.0 = Release|Any CPU
		{488D6F00-AC8D-455A-9C52-3BC747F98FE3}.Release|iPhone.ActiveCfg = Release|Any CPU
		{488D6F00-AC8D-455A-9C52-3BC747F98FE3}.Release|iPhone.Build.0 = Release|Any CPU
		{488D6F00-AC8D-455A-9C52-3BC747F98FE3}.Release|iPhoneSimulator.ActiveCfg = Release|Any CPU
		{488D6F00-AC8D-455A-9C52-3BC747F98FE3}.Release|iPhoneSimulator.Build.0 = Release|Any CPU
		{488D6F00-AC8D-455A-9C52-3BC747F98FE3}.Release|x64.ActiveCfg = Release|Any CPU
		{488D6F00-AC8D-455A-9C52-3BC747F98FE3}.Release|x64.Build.0 = Release|Any CPU
		{488D6F00-AC8D-455A-9C52-3BC747F98FE3}.Release|x86.ActiveCfg = Release|Any CPU
		{488D6F00-AC8D-455A-9C52-3BC747F98FE3}.Release|x86.Build.0 = Release|Any CPU
		{D6881496-B212-4183-86CB-60F50B10EBEE}.Ad-Hoc|Any CPU.ActiveCfg = Release|Any CPU
		{D6881496-B212-4183-86CB-60F50B10EBEE}.Ad-Hoc|Any CPU.Build.0 = Release|Any CPU
		{D6881496-B212-4183-86CB-60F50B10EBEE}.Ad-Hoc|ARM.ActiveCfg = Release|Any CPU
		{D6881496-B212-4183-86CB-60F50B10EBEE}.Ad-Hoc|ARM.Build.0 = Release|Any CPU
		{D6881496-B212-4183-86CB-60F50B10EBEE}.Ad-Hoc|iPhone.ActiveCfg = Release|Any CPU
		{D6881496-B212-4183-86CB-60F50B10EBEE}.Ad-Hoc|iPhone.Build.0 = Release|Any CPU
		{D6881496-B212-4183-86CB-60F50B10EBEE}.Ad-Hoc|iPhoneSimulator.ActiveCfg = Release|Any CPU
		{D6881496-B212-4183-86CB-60F50B10EBEE}.Ad-Hoc|iPhoneSimulator.Build.0 = Release|Any CPU
		{D6881496-B212-4183-86CB-60F50B10EBEE}.Ad-Hoc|x64.ActiveCfg = Debug|Any CPU
		{D6881496-B212-4183-86CB-60F50B10EBEE}.Ad-Hoc|x64.Build.0 = Debug|Any CPU
		{D6881496-B212-4183-86CB-60F50B10EBEE}.Ad-Hoc|x86.ActiveCfg = Release|Any CPU
		{D6881496-B212-4183-86CB-60F50B10EBEE}.Ad-Hoc|x86.Build.0 = Release|Any CPU
		{D6881496-B212-4183-86CB-60F50B10EBEE}.AppStore|Any CPU.ActiveCfg = Release|Any CPU
		{D6881496-B212-4183-86CB-60F50B10EBEE}.AppStore|Any CPU.Build.0 = Release|Any CPU
		{D6881496-B212-4183-86CB-60F50B10EBEE}.AppStore|ARM.ActiveCfg = Release|Any CPU
		{D6881496-B212-4183-86CB-60F50B10EBEE}.AppStore|ARM.Build.0 = Release|Any CPU
		{D6881496-B212-4183-86CB-60F50B10EBEE}.AppStore|iPhone.ActiveCfg = Release|Any CPU
		{D6881496-B212-4183-86CB-60F50B10EBEE}.AppStore|iPhone.Build.0 = Release|Any CPU
		{D6881496-B212-4183-86CB-60F50B10EBEE}.AppStore|iPhoneSimulator.ActiveCfg = Release|Any CPU
		{D6881496-B212-4183-86CB-60F50B10EBEE}.AppStore|iPhoneSimulator.Build.0 = Release|Any CPU
		{D6881496-B212-4183-86CB-60F50B10EBEE}.AppStore|x64.ActiveCfg = Debug|Any CPU
		{D6881496-B212-4183-86CB-60F50B10EBEE}.AppStore|x64.Build.0 = Debug|Any CPU
		{D6881496-B212-4183-86CB-60F50B10EBEE}.AppStore|x86.ActiveCfg = Release|Any CPU
		{D6881496-B212-4183-86CB-60F50B10EBEE}.AppStore|x86.Build.0 = Release|Any CPU
		{D6881496-B212-4183-86CB-60F50B10EBEE}.Debug|Any CPU.ActiveCfg = Debug|Any CPU
		{D6881496-B212-4183-86CB-60F50B10EBEE}.Debug|Any CPU.Build.0 = Debug|Any CPU
		{D6881496-B212-4183-86CB-60F50B10EBEE}.Debug|ARM.ActiveCfg = Debug|Any CPU
		{D6881496-B212-4183-86CB-60F50B10EBEE}.Debug|ARM.Build.0 = Debug|Any CPU
		{D6881496-B212-4183-86CB-60F50B10EBEE}.Debug|iPhone.ActiveCfg = Debug|Any CPU
		{D6881496-B212-4183-86CB-60F50B10EBEE}.Debug|iPhone.Build.0 = Debug|Any CPU
		{D6881496-B212-4183-86CB-60F50B10EBEE}.Debug|iPhoneSimulator.ActiveCfg = Debug|Any CPU
		{D6881496-B212-4183-86CB-60F50B10EBEE}.Debug|iPhoneSimulator.Build.0 = Debug|Any CPU
		{D6881496-B212-4183-86CB-60F50B10EBEE}.Debug|x64.ActiveCfg = Debug|Any CPU
		{D6881496-B212-4183-86CB-60F50B10EBEE}.Debug|x64.Build.0 = Debug|Any CPU
		{D6881496-B212-4183-86CB-60F50B10EBEE}.Debug|x86.ActiveCfg = Debug|Any CPU
		{D6881496-B212-4183-86CB-60F50B10EBEE}.Debug|x86.Build.0 = Debug|Any CPU
		{D6881496-B212-4183-86CB-60F50B10EBEE}.Release|Any CPU.ActiveCfg = Release|Any CPU
		{D6881496-B212-4183-86CB-60F50B10EBEE}.Release|Any CPU.Build.0 = Release|Any CPU
		{D6881496-B212-4183-86CB-60F50B10EBEE}.Release|ARM.ActiveCfg = Release|Any CPU
		{D6881496-B212-4183-86CB-60F50B10EBEE}.Release|ARM.Build.0 = Release|Any CPU
		{D6881496-B212-4183-86CB-60F50B10EBEE}.Release|iPhone.ActiveCfg = Release|Any CPU
		{D6881496-B212-4183-86CB-60F50B10EBEE}.Release|iPhone.Build.0 = Release|Any CPU
		{D6881496-B212-4183-86CB-60F50B10EBEE}.Release|iPhoneSimulator.ActiveCfg = Release|Any CPU
		{D6881496-B212-4183-86CB-60F50B10EBEE}.Release|iPhoneSimulator.Build.0 = Release|Any CPU
		{D6881496-B212-4183-86CB-60F50B10EBEE}.Release|x64.ActiveCfg = Release|Any CPU
		{D6881496-B212-4183-86CB-60F50B10EBEE}.Release|x64.Build.0 = Release|Any CPU
		{D6881496-B212-4183-86CB-60F50B10EBEE}.Release|x86.ActiveCfg = Release|Any CPU
		{D6881496-B212-4183-86CB-60F50B10EBEE}.Release|x86.Build.0 = Release|Any CPU
		{91C8D548-7D32-4804-A41B-F134F03B13FD}.Ad-Hoc|Any CPU.ActiveCfg = Release|Any CPU
		{91C8D548-7D32-4804-A41B-F134F03B13FD}.Ad-Hoc|Any CPU.Build.0 = Release|Any CPU
		{91C8D548-7D32-4804-A41B-F134F03B13FD}.Ad-Hoc|ARM.ActiveCfg = Release|Any CPU
		{91C8D548-7D32-4804-A41B-F134F03B13FD}.Ad-Hoc|ARM.Build.0 = Release|Any CPU
		{91C8D548-7D32-4804-A41B-F134F03B13FD}.Ad-Hoc|iPhone.ActiveCfg = Release|Any CPU
		{91C8D548-7D32-4804-A41B-F134F03B13FD}.Ad-Hoc|iPhone.Build.0 = Release|Any CPU
		{91C8D548-7D32-4804-A41B-F134F03B13FD}.Ad-Hoc|iPhoneSimulator.ActiveCfg = Release|Any CPU
		{91C8D548-7D32-4804-A41B-F134F03B13FD}.Ad-Hoc|iPhoneSimulator.Build.0 = Release|Any CPU
		{91C8D548-7D32-4804-A41B-F134F03B13FD}.Ad-Hoc|x64.ActiveCfg = Debug|Any CPU
		{91C8D548-7D32-4804-A41B-F134F03B13FD}.Ad-Hoc|x64.Build.0 = Debug|Any CPU
		{91C8D548-7D32-4804-A41B-F134F03B13FD}.Ad-Hoc|x86.ActiveCfg = Release|Any CPU
		{91C8D548-7D32-4804-A41B-F134F03B13FD}.Ad-Hoc|x86.Build.0 = Release|Any CPU
		{91C8D548-7D32-4804-A41B-F134F03B13FD}.AppStore|Any CPU.ActiveCfg = Release|Any CPU
		{91C8D548-7D32-4804-A41B-F134F03B13FD}.AppStore|Any CPU.Build.0 = Release|Any CPU
		{91C8D548-7D32-4804-A41B-F134F03B13FD}.AppStore|ARM.ActiveCfg = Release|Any CPU
		{91C8D548-7D32-4804-A41B-F134F03B13FD}.AppStore|ARM.Build.0 = Release|Any CPU
		{91C8D548-7D32-4804-A41B-F134F03B13FD}.AppStore|iPhone.ActiveCfg = Release|Any CPU
		{91C8D548-7D32-4804-A41B-F134F03B13FD}.AppStore|iPhone.Build.0 = Release|Any CPU
		{91C8D548-7D32-4804-A41B-F134F03B13FD}.AppStore|iPhoneSimulator.ActiveCfg = Release|Any CPU
		{91C8D548-7D32-4804-A41B-F134F03B13FD}.AppStore|iPhoneSimulator.Build.0 = Release|Any CPU
		{91C8D548-7D32-4804-A41B-F134F03B13FD}.AppStore|x64.ActiveCfg = Debug|Any CPU
		{91C8D548-7D32-4804-A41B-F134F03B13FD}.AppStore|x64.Build.0 = Debug|Any CPU
		{91C8D548-7D32-4804-A41B-F134F03B13FD}.AppStore|x86.ActiveCfg = Release|Any CPU
		{91C8D548-7D32-4804-A41B-F134F03B13FD}.AppStore|x86.Build.0 = Release|Any CPU
		{91C8D548-7D32-4804-A41B-F134F03B13FD}.Debug|Any CPU.ActiveCfg = Debug|Any CPU
		{91C8D548-7D32-4804-A41B-F134F03B13FD}.Debug|Any CPU.Build.0 = Debug|Any CPU
		{91C8D548-7D32-4804-A41B-F134F03B13FD}.Debug|ARM.ActiveCfg = Debug|Any CPU
		{91C8D548-7D32-4804-A41B-F134F03B13FD}.Debug|ARM.Build.0 = Debug|Any CPU
		{91C8D548-7D32-4804-A41B-F134F03B13FD}.Debug|iPhone.ActiveCfg = Debug|Any CPU
		{91C8D548-7D32-4804-A41B-F134F03B13FD}.Debug|iPhone.Build.0 = Debug|Any CPU
		{91C8D548-7D32-4804-A41B-F134F03B13FD}.Debug|iPhoneSimulator.ActiveCfg = Debug|Any CPU
		{91C8D548-7D32-4804-A41B-F134F03B13FD}.Debug|iPhoneSimulator.Build.0 = Debug|Any CPU
		{91C8D548-7D32-4804-A41B-F134F03B13FD}.Debug|x64.ActiveCfg = Debug|Any CPU
		{91C8D548-7D32-4804-A41B-F134F03B13FD}.Debug|x64.Build.0 = Debug|Any CPU
		{91C8D548-7D32-4804-A41B-F134F03B13FD}.Debug|x86.ActiveCfg = Debug|Any CPU
		{91C8D548-7D32-4804-A41B-F134F03B13FD}.Debug|x86.Build.0 = Debug|Any CPU
		{91C8D548-7D32-4804-A41B-F134F03B13FD}.Release|Any CPU.ActiveCfg = Release|Any CPU
		{91C8D548-7D32-4804-A41B-F134F03B13FD}.Release|Any CPU.Build.0 = Release|Any CPU
		{91C8D548-7D32-4804-A41B-F134F03B13FD}.Release|ARM.ActiveCfg = Release|Any CPU
		{91C8D548-7D32-4804-A41B-F134F03B13FD}.Release|ARM.Build.0 = Release|Any CPU
		{91C8D548-7D32-4804-A41B-F134F03B13FD}.Release|iPhone.ActiveCfg = Release|Any CPU
		{91C8D548-7D32-4804-A41B-F134F03B13FD}.Release|iPhone.Build.0 = Release|Any CPU
		{91C8D548-7D32-4804-A41B-F134F03B13FD}.Release|iPhoneSimulator.ActiveCfg = Release|Any CPU
		{91C8D548-7D32-4804-A41B-F134F03B13FD}.Release|iPhoneSimulator.Build.0 = Release|Any CPU
		{91C8D548-7D32-4804-A41B-F134F03B13FD}.Release|x64.ActiveCfg = Release|Any CPU
		{91C8D548-7D32-4804-A41B-F134F03B13FD}.Release|x64.Build.0 = Release|Any CPU
		{91C8D548-7D32-4804-A41B-F134F03B13FD}.Release|x86.ActiveCfg = Release|Any CPU
		{91C8D548-7D32-4804-A41B-F134F03B13FD}.Release|x86.Build.0 = Release|Any CPU
		{6F30CBDC-FA6E-4618-B6F6-B06CFE6DAF3F}.Ad-Hoc|Any CPU.ActiveCfg = Release|Any CPU
		{6F30CBDC-FA6E-4618-B6F6-B06CFE6DAF3F}.Ad-Hoc|Any CPU.Build.0 = Release|Any CPU
		{6F30CBDC-FA6E-4618-B6F6-B06CFE6DAF3F}.Ad-Hoc|Any CPU.Deploy.0 = Release|Any CPU
		{6F30CBDC-FA6E-4618-B6F6-B06CFE6DAF3F}.Ad-Hoc|ARM.ActiveCfg = Release|Any CPU
		{6F30CBDC-FA6E-4618-B6F6-B06CFE6DAF3F}.Ad-Hoc|ARM.Build.0 = Release|Any CPU
		{6F30CBDC-FA6E-4618-B6F6-B06CFE6DAF3F}.Ad-Hoc|ARM.Deploy.0 = Release|Any CPU
		{6F30CBDC-FA6E-4618-B6F6-B06CFE6DAF3F}.Ad-Hoc|iPhone.ActiveCfg = Release|Any CPU
		{6F30CBDC-FA6E-4618-B6F6-B06CFE6DAF3F}.Ad-Hoc|iPhone.Build.0 = Release|Any CPU
		{6F30CBDC-FA6E-4618-B6F6-B06CFE6DAF3F}.Ad-Hoc|iPhone.Deploy.0 = Release|Any CPU
		{6F30CBDC-FA6E-4618-B6F6-B06CFE6DAF3F}.Ad-Hoc|iPhoneSimulator.ActiveCfg = Release|Any CPU
		{6F30CBDC-FA6E-4618-B6F6-B06CFE6DAF3F}.Ad-Hoc|iPhoneSimulator.Build.0 = Release|Any CPU
		{6F30CBDC-FA6E-4618-B6F6-B06CFE6DAF3F}.Ad-Hoc|iPhoneSimulator.Deploy.0 = Release|Any CPU
		{6F30CBDC-FA6E-4618-B6F6-B06CFE6DAF3F}.Ad-Hoc|x64.ActiveCfg = Debug|Any CPU
		{6F30CBDC-FA6E-4618-B6F6-B06CFE6DAF3F}.Ad-Hoc|x64.Build.0 = Debug|Any CPU
		{6F30CBDC-FA6E-4618-B6F6-B06CFE6DAF3F}.Ad-Hoc|x64.Deploy.0 = Debug|Any CPU
		{6F30CBDC-FA6E-4618-B6F6-B06CFE6DAF3F}.Ad-Hoc|x86.ActiveCfg = Release|Any CPU
		{6F30CBDC-FA6E-4618-B6F6-B06CFE6DAF3F}.Ad-Hoc|x86.Build.0 = Release|Any CPU
		{6F30CBDC-FA6E-4618-B6F6-B06CFE6DAF3F}.Ad-Hoc|x86.Deploy.0 = Release|Any CPU
		{6F30CBDC-FA6E-4618-B6F6-B06CFE6DAF3F}.AppStore|Any CPU.ActiveCfg = Release|Any CPU
		{6F30CBDC-FA6E-4618-B6F6-B06CFE6DAF3F}.AppStore|Any CPU.Build.0 = Release|Any CPU
		{6F30CBDC-FA6E-4618-B6F6-B06CFE6DAF3F}.AppStore|Any CPU.Deploy.0 = Release|Any CPU
		{6F30CBDC-FA6E-4618-B6F6-B06CFE6DAF3F}.AppStore|ARM.ActiveCfg = Release|Any CPU
		{6F30CBDC-FA6E-4618-B6F6-B06CFE6DAF3F}.AppStore|ARM.Build.0 = Release|Any CPU
		{6F30CBDC-FA6E-4618-B6F6-B06CFE6DAF3F}.AppStore|ARM.Deploy.0 = Release|Any CPU
		{6F30CBDC-FA6E-4618-B6F6-B06CFE6DAF3F}.AppStore|iPhone.ActiveCfg = Release|Any CPU
		{6F30CBDC-FA6E-4618-B6F6-B06CFE6DAF3F}.AppStore|iPhone.Build.0 = Release|Any CPU
		{6F30CBDC-FA6E-4618-B6F6-B06CFE6DAF3F}.AppStore|iPhone.Deploy.0 = Release|Any CPU
		{6F30CBDC-FA6E-4618-B6F6-B06CFE6DAF3F}.AppStore|iPhoneSimulator.ActiveCfg = Release|Any CPU
		{6F30CBDC-FA6E-4618-B6F6-B06CFE6DAF3F}.AppStore|iPhoneSimulator.Build.0 = Release|Any CPU
		{6F30CBDC-FA6E-4618-B6F6-B06CFE6DAF3F}.AppStore|iPhoneSimulator.Deploy.0 = Release|Any CPU
		{6F30CBDC-FA6E-4618-B6F6-B06CFE6DAF3F}.AppStore|x64.ActiveCfg = Debug|Any CPU
		{6F30CBDC-FA6E-4618-B6F6-B06CFE6DAF3F}.AppStore|x64.Build.0 = Debug|Any CPU
		{6F30CBDC-FA6E-4618-B6F6-B06CFE6DAF3F}.AppStore|x64.Deploy.0 = Debug|Any CPU
		{6F30CBDC-FA6E-4618-B6F6-B06CFE6DAF3F}.AppStore|x86.ActiveCfg = Release|Any CPU
		{6F30CBDC-FA6E-4618-B6F6-B06CFE6DAF3F}.AppStore|x86.Build.0 = Release|Any CPU
		{6F30CBDC-FA6E-4618-B6F6-B06CFE6DAF3F}.AppStore|x86.Deploy.0 = Release|Any CPU
		{6F30CBDC-FA6E-4618-B6F6-B06CFE6DAF3F}.Debug|Any CPU.ActiveCfg = Debug|Any CPU
		{6F30CBDC-FA6E-4618-B6F6-B06CFE6DAF3F}.Debug|Any CPU.Build.0 = Debug|Any CPU
		{6F30CBDC-FA6E-4618-B6F6-B06CFE6DAF3F}.Debug|Any CPU.Deploy.0 = Debug|Any CPU
		{6F30CBDC-FA6E-4618-B6F6-B06CFE6DAF3F}.Debug|ARM.ActiveCfg = Debug|Any CPU
		{6F30CBDC-FA6E-4618-B6F6-B06CFE6DAF3F}.Debug|ARM.Build.0 = Debug|Any CPU
		{6F30CBDC-FA6E-4618-B6F6-B06CFE6DAF3F}.Debug|ARM.Deploy.0 = Debug|Any CPU
		{6F30CBDC-FA6E-4618-B6F6-B06CFE6DAF3F}.Debug|iPhone.ActiveCfg = Debug|Any CPU
		{6F30CBDC-FA6E-4618-B6F6-B06CFE6DAF3F}.Debug|iPhone.Build.0 = Debug|Any CPU
		{6F30CBDC-FA6E-4618-B6F6-B06CFE6DAF3F}.Debug|iPhone.Deploy.0 = Debug|Any CPU
		{6F30CBDC-FA6E-4618-B6F6-B06CFE6DAF3F}.Debug|iPhoneSimulator.ActiveCfg = Debug|Any CPU
		{6F30CBDC-FA6E-4618-B6F6-B06CFE6DAF3F}.Debug|iPhoneSimulator.Build.0 = Debug|Any CPU
		{6F30CBDC-FA6E-4618-B6F6-B06CFE6DAF3F}.Debug|iPhoneSimulator.Deploy.0 = Debug|Any CPU
		{6F30CBDC-FA6E-4618-B6F6-B06CFE6DAF3F}.Debug|x64.ActiveCfg = Debug|Any CPU
		{6F30CBDC-FA6E-4618-B6F6-B06CFE6DAF3F}.Debug|x64.Build.0 = Debug|Any CPU
		{6F30CBDC-FA6E-4618-B6F6-B06CFE6DAF3F}.Debug|x64.Deploy.0 = Debug|Any CPU
		{6F30CBDC-FA6E-4618-B6F6-B06CFE6DAF3F}.Debug|x86.ActiveCfg = Debug|Any CPU
		{6F30CBDC-FA6E-4618-B6F6-B06CFE6DAF3F}.Debug|x86.Build.0 = Debug|Any CPU
		{6F30CBDC-FA6E-4618-B6F6-B06CFE6DAF3F}.Debug|x86.Deploy.0 = Debug|Any CPU
		{6F30CBDC-FA6E-4618-B6F6-B06CFE6DAF3F}.Release|Any CPU.ActiveCfg = Release|Any CPU
		{6F30CBDC-FA6E-4618-B6F6-B06CFE6DAF3F}.Release|Any CPU.Build.0 = Release|Any CPU
		{6F30CBDC-FA6E-4618-B6F6-B06CFE6DAF3F}.Release|Any CPU.Deploy.0 = Release|Any CPU
		{6F30CBDC-FA6E-4618-B6F6-B06CFE6DAF3F}.Release|ARM.ActiveCfg = Release|Any CPU
		{6F30CBDC-FA6E-4618-B6F6-B06CFE6DAF3F}.Release|ARM.Build.0 = Release|Any CPU
		{6F30CBDC-FA6E-4618-B6F6-B06CFE6DAF3F}.Release|ARM.Deploy.0 = Release|Any CPU
		{6F30CBDC-FA6E-4618-B6F6-B06CFE6DAF3F}.Release|iPhone.ActiveCfg = Release|Any CPU
		{6F30CBDC-FA6E-4618-B6F6-B06CFE6DAF3F}.Release|iPhone.Build.0 = Release|Any CPU
		{6F30CBDC-FA6E-4618-B6F6-B06CFE6DAF3F}.Release|iPhone.Deploy.0 = Release|Any CPU
		{6F30CBDC-FA6E-4618-B6F6-B06CFE6DAF3F}.Release|iPhoneSimulator.ActiveCfg = Release|Any CPU
		{6F30CBDC-FA6E-4618-B6F6-B06CFE6DAF3F}.Release|iPhoneSimulator.Build.0 = Release|Any CPU
		{6F30CBDC-FA6E-4618-B6F6-B06CFE6DAF3F}.Release|iPhoneSimulator.Deploy.0 = Release|Any CPU
		{6F30CBDC-FA6E-4618-B6F6-B06CFE6DAF3F}.Release|x64.ActiveCfg = Release|Any CPU
		{6F30CBDC-FA6E-4618-B6F6-B06CFE6DAF3F}.Release|x64.Build.0 = Release|Any CPU
		{6F30CBDC-FA6E-4618-B6F6-B06CFE6DAF3F}.Release|x64.Deploy.0 = Release|Any CPU
		{6F30CBDC-FA6E-4618-B6F6-B06CFE6DAF3F}.Release|x86.ActiveCfg = Release|Any CPU
		{6F30CBDC-FA6E-4618-B6F6-B06CFE6DAF3F}.Release|x86.Build.0 = Release|Any CPU
		{6F30CBDC-FA6E-4618-B6F6-B06CFE6DAF3F}.Release|x86.Deploy.0 = Release|Any CPU
		{F44F2F6B-20E0-4225-B655-C170E2CC30D5}.Ad-Hoc|Any CPU.ActiveCfg = Release|Any CPU
		{F44F2F6B-20E0-4225-B655-C170E2CC30D5}.Ad-Hoc|Any CPU.Build.0 = Release|Any CPU
		{F44F2F6B-20E0-4225-B655-C170E2CC30D5}.Ad-Hoc|ARM.ActiveCfg = Release|Any CPU
		{F44F2F6B-20E0-4225-B655-C170E2CC30D5}.Ad-Hoc|ARM.Build.0 = Release|Any CPU
		{F44F2F6B-20E0-4225-B655-C170E2CC30D5}.Ad-Hoc|iPhone.ActiveCfg = Release|Any CPU
		{F44F2F6B-20E0-4225-B655-C170E2CC30D5}.Ad-Hoc|iPhone.Build.0 = Release|Any CPU
		{F44F2F6B-20E0-4225-B655-C170E2CC30D5}.Ad-Hoc|iPhoneSimulator.ActiveCfg = Release|Any CPU
		{F44F2F6B-20E0-4225-B655-C170E2CC30D5}.Ad-Hoc|iPhoneSimulator.Build.0 = Release|Any CPU
		{F44F2F6B-20E0-4225-B655-C170E2CC30D5}.Ad-Hoc|x64.ActiveCfg = Debug|Any CPU
		{F44F2F6B-20E0-4225-B655-C170E2CC30D5}.Ad-Hoc|x64.Build.0 = Debug|Any CPU
		{F44F2F6B-20E0-4225-B655-C170E2CC30D5}.Ad-Hoc|x86.ActiveCfg = Release|Any CPU
		{F44F2F6B-20E0-4225-B655-C170E2CC30D5}.Ad-Hoc|x86.Build.0 = Release|Any CPU
		{F44F2F6B-20E0-4225-B655-C170E2CC30D5}.AppStore|Any CPU.ActiveCfg = Release|Any CPU
		{F44F2F6B-20E0-4225-B655-C170E2CC30D5}.AppStore|Any CPU.Build.0 = Release|Any CPU
		{F44F2F6B-20E0-4225-B655-C170E2CC30D5}.AppStore|ARM.ActiveCfg = Release|Any CPU
		{F44F2F6B-20E0-4225-B655-C170E2CC30D5}.AppStore|ARM.Build.0 = Release|Any CPU
		{F44F2F6B-20E0-4225-B655-C170E2CC30D5}.AppStore|iPhone.ActiveCfg = Release|Any CPU
		{F44F2F6B-20E0-4225-B655-C170E2CC30D5}.AppStore|iPhone.Build.0 = Release|Any CPU
		{F44F2F6B-20E0-4225-B655-C170E2CC30D5}.AppStore|iPhoneSimulator.ActiveCfg = Release|Any CPU
		{F44F2F6B-20E0-4225-B655-C170E2CC30D5}.AppStore|iPhoneSimulator.Build.0 = Release|Any CPU
		{F44F2F6B-20E0-4225-B655-C170E2CC30D5}.AppStore|x64.ActiveCfg = Debug|Any CPU
		{F44F2F6B-20E0-4225-B655-C170E2CC30D5}.AppStore|x64.Build.0 = Debug|Any CPU
		{F44F2F6B-20E0-4225-B655-C170E2CC30D5}.AppStore|x86.ActiveCfg = Release|Any CPU
		{F44F2F6B-20E0-4225-B655-C170E2CC30D5}.AppStore|x86.Build.0 = Release|Any CPU
		{F44F2F6B-20E0-4225-B655-C170E2CC30D5}.Debug|Any CPU.ActiveCfg = Debug|Any CPU
		{F44F2F6B-20E0-4225-B655-C170E2CC30D5}.Debug|Any CPU.Build.0 = Debug|Any CPU
		{F44F2F6B-20E0-4225-B655-C170E2CC30D5}.Debug|ARM.ActiveCfg = Debug|Any CPU
		{F44F2F6B-20E0-4225-B655-C170E2CC30D5}.Debug|ARM.Build.0 = Debug|Any CPU
		{F44F2F6B-20E0-4225-B655-C170E2CC30D5}.Debug|iPhone.ActiveCfg = Debug|Any CPU
		{F44F2F6B-20E0-4225-B655-C170E2CC30D5}.Debug|iPhone.Build.0 = Debug|Any CPU
		{F44F2F6B-20E0-4225-B655-C170E2CC30D5}.Debug|iPhoneSimulator.ActiveCfg = Debug|Any CPU
		{F44F2F6B-20E0-4225-B655-C170E2CC30D5}.Debug|iPhoneSimulator.Build.0 = Debug|Any CPU
		{F44F2F6B-20E0-4225-B655-C170E2CC30D5}.Debug|x64.ActiveCfg = Debug|Any CPU
		{F44F2F6B-20E0-4225-B655-C170E2CC30D5}.Debug|x64.Build.0 = Debug|Any CPU
		{F44F2F6B-20E0-4225-B655-C170E2CC30D5}.Debug|x86.ActiveCfg = Debug|Any CPU
		{F44F2F6B-20E0-4225-B655-C170E2CC30D5}.Debug|x86.Build.0 = Debug|Any CPU
		{F44F2F6B-20E0-4225-B655-C170E2CC30D5}.Release|Any CPU.ActiveCfg = Release|Any CPU
		{F44F2F6B-20E0-4225-B655-C170E2CC30D5}.Release|Any CPU.Build.0 = Release|Any CPU
		{F44F2F6B-20E0-4225-B655-C170E2CC30D5}.Release|ARM.ActiveCfg = Release|Any CPU
		{F44F2F6B-20E0-4225-B655-C170E2CC30D5}.Release|ARM.Build.0 = Release|Any CPU
		{F44F2F6B-20E0-4225-B655-C170E2CC30D5}.Release|iPhone.ActiveCfg = Release|Any CPU
		{F44F2F6B-20E0-4225-B655-C170E2CC30D5}.Release|iPhone.Build.0 = Release|Any CPU
		{F44F2F6B-20E0-4225-B655-C170E2CC30D5}.Release|iPhoneSimulator.ActiveCfg = Release|Any CPU
		{F44F2F6B-20E0-4225-B655-C170E2CC30D5}.Release|iPhoneSimulator.Build.0 = Release|Any CPU
		{F44F2F6B-20E0-4225-B655-C170E2CC30D5}.Release|x64.ActiveCfg = Release|Any CPU
		{F44F2F6B-20E0-4225-B655-C170E2CC30D5}.Release|x64.Build.0 = Release|Any CPU
		{F44F2F6B-20E0-4225-B655-C170E2CC30D5}.Release|x86.ActiveCfg = Release|Any CPU
		{F44F2F6B-20E0-4225-B655-C170E2CC30D5}.Release|x86.Build.0 = Release|Any CPU
		{4AA7063A-14FB-4281-9869-153493A989F9}.Ad-Hoc|Any CPU.ActiveCfg = Release|Any CPU
		{4AA7063A-14FB-4281-9869-153493A989F9}.Ad-Hoc|Any CPU.Build.0 = Release|Any CPU
		{4AA7063A-14FB-4281-9869-153493A989F9}.Ad-Hoc|ARM.ActiveCfg = Release|Any CPU
		{4AA7063A-14FB-4281-9869-153493A989F9}.Ad-Hoc|ARM.Build.0 = Release|Any CPU
		{4AA7063A-14FB-4281-9869-153493A989F9}.Ad-Hoc|iPhone.ActiveCfg = Release|Any CPU
		{4AA7063A-14FB-4281-9869-153493A989F9}.Ad-Hoc|iPhone.Build.0 = Release|Any CPU
		{4AA7063A-14FB-4281-9869-153493A989F9}.Ad-Hoc|iPhoneSimulator.ActiveCfg = Release|Any CPU
		{4AA7063A-14FB-4281-9869-153493A989F9}.Ad-Hoc|iPhoneSimulator.Build.0 = Release|Any CPU
		{4AA7063A-14FB-4281-9869-153493A989F9}.Ad-Hoc|x64.ActiveCfg = Release|Any CPU
		{4AA7063A-14FB-4281-9869-153493A989F9}.Ad-Hoc|x64.Build.0 = Release|Any CPU
		{4AA7063A-14FB-4281-9869-153493A989F9}.Ad-Hoc|x86.ActiveCfg = Release|Any CPU
		{4AA7063A-14FB-4281-9869-153493A989F9}.Ad-Hoc|x86.Build.0 = Release|Any CPU
		{4AA7063A-14FB-4281-9869-153493A989F9}.AppStore|Any CPU.ActiveCfg = Release|Any CPU
		{4AA7063A-14FB-4281-9869-153493A989F9}.AppStore|Any CPU.Build.0 = Release|Any CPU
		{4AA7063A-14FB-4281-9869-153493A989F9}.AppStore|ARM.ActiveCfg = Release|Any CPU
		{4AA7063A-14FB-4281-9869-153493A989F9}.AppStore|ARM.Build.0 = Release|Any CPU
		{4AA7063A-14FB-4281-9869-153493A989F9}.AppStore|iPhone.ActiveCfg = Release|Any CPU
		{4AA7063A-14FB-4281-9869-153493A989F9}.AppStore|iPhone.Build.0 = Release|Any CPU
		{4AA7063A-14FB-4281-9869-153493A989F9}.AppStore|iPhoneSimulator.ActiveCfg = Release|Any CPU
		{4AA7063A-14FB-4281-9869-153493A989F9}.AppStore|iPhoneSimulator.Build.0 = Release|Any CPU
		{4AA7063A-14FB-4281-9869-153493A989F9}.AppStore|x64.ActiveCfg = Release|Any CPU
		{4AA7063A-14FB-4281-9869-153493A989F9}.AppStore|x64.Build.0 = Release|Any CPU
		{4AA7063A-14FB-4281-9869-153493A989F9}.AppStore|x86.ActiveCfg = Release|Any CPU
		{4AA7063A-14FB-4281-9869-153493A989F9}.AppStore|x86.Build.0 = Release|Any CPU
		{4AA7063A-14FB-4281-9869-153493A989F9}.Debug|Any CPU.ActiveCfg = Debug|Any CPU
		{4AA7063A-14FB-4281-9869-153493A989F9}.Debug|Any CPU.Build.0 = Debug|Any CPU
		{4AA7063A-14FB-4281-9869-153493A989F9}.Debug|ARM.ActiveCfg = Debug|Any CPU
		{4AA7063A-14FB-4281-9869-153493A989F9}.Debug|ARM.Build.0 = Debug|Any CPU
		{4AA7063A-14FB-4281-9869-153493A989F9}.Debug|iPhone.ActiveCfg = Debug|Any CPU
		{4AA7063A-14FB-4281-9869-153493A989F9}.Debug|iPhone.Build.0 = Debug|Any CPU
		{4AA7063A-14FB-4281-9869-153493A989F9}.Debug|iPhoneSimulator.ActiveCfg = Debug|Any CPU
		{4AA7063A-14FB-4281-9869-153493A989F9}.Debug|iPhoneSimulator.Build.0 = Debug|Any CPU
		{4AA7063A-14FB-4281-9869-153493A989F9}.Debug|x64.ActiveCfg = Debug|Any CPU
		{4AA7063A-14FB-4281-9869-153493A989F9}.Debug|x64.Build.0 = Debug|Any CPU
		{4AA7063A-14FB-4281-9869-153493A989F9}.Debug|x86.ActiveCfg = Debug|Any CPU
		{4AA7063A-14FB-4281-9869-153493A989F9}.Debug|x86.Build.0 = Debug|Any CPU
		{4AA7063A-14FB-4281-9869-153493A989F9}.Release|Any CPU.ActiveCfg = Release|Any CPU
		{4AA7063A-14FB-4281-9869-153493A989F9}.Release|Any CPU.Build.0 = Release|Any CPU
		{4AA7063A-14FB-4281-9869-153493A989F9}.Release|ARM.ActiveCfg = Release|Any CPU
		{4AA7063A-14FB-4281-9869-153493A989F9}.Release|ARM.Build.0 = Release|Any CPU
		{4AA7063A-14FB-4281-9869-153493A989F9}.Release|iPhone.ActiveCfg = Release|Any CPU
		{4AA7063A-14FB-4281-9869-153493A989F9}.Release|iPhone.Build.0 = Release|Any CPU
		{4AA7063A-14FB-4281-9869-153493A989F9}.Release|iPhoneSimulator.ActiveCfg = Release|Any CPU
		{4AA7063A-14FB-4281-9869-153493A989F9}.Release|iPhoneSimulator.Build.0 = Release|Any CPU
		{4AA7063A-14FB-4281-9869-153493A989F9}.Release|x64.ActiveCfg = Release|Any CPU
		{4AA7063A-14FB-4281-9869-153493A989F9}.Release|x64.Build.0 = Release|Any CPU
		{4AA7063A-14FB-4281-9869-153493A989F9}.Release|x86.ActiveCfg = Release|Any CPU
		{4AA7063A-14FB-4281-9869-153493A989F9}.Release|x86.Build.0 = Release|Any CPU
		{FF21F056-CDD5-42F6-9DB2-DE3028F62AE8}.Ad-Hoc|Any CPU.ActiveCfg = Release|Any CPU
		{FF21F056-CDD5-42F6-9DB2-DE3028F62AE8}.Ad-Hoc|Any CPU.Build.0 = Release|Any CPU
		{FF21F056-CDD5-42F6-9DB2-DE3028F62AE8}.Ad-Hoc|ARM.ActiveCfg = Release|Any CPU
		{FF21F056-CDD5-42F6-9DB2-DE3028F62AE8}.Ad-Hoc|ARM.Build.0 = Release|Any CPU
		{FF21F056-CDD5-42F6-9DB2-DE3028F62AE8}.Ad-Hoc|iPhone.ActiveCfg = Release|Any CPU
		{FF21F056-CDD5-42F6-9DB2-DE3028F62AE8}.Ad-Hoc|iPhone.Build.0 = Release|Any CPU
		{FF21F056-CDD5-42F6-9DB2-DE3028F62AE8}.Ad-Hoc|iPhoneSimulator.ActiveCfg = Release|Any CPU
		{FF21F056-CDD5-42F6-9DB2-DE3028F62AE8}.Ad-Hoc|iPhoneSimulator.Build.0 = Release|Any CPU
		{FF21F056-CDD5-42F6-9DB2-DE3028F62AE8}.Ad-Hoc|x64.ActiveCfg = Release|Any CPU
		{FF21F056-CDD5-42F6-9DB2-DE3028F62AE8}.Ad-Hoc|x64.Build.0 = Release|Any CPU
		{FF21F056-CDD5-42F6-9DB2-DE3028F62AE8}.Ad-Hoc|x86.ActiveCfg = Release|Any CPU
		{FF21F056-CDD5-42F6-9DB2-DE3028F62AE8}.Ad-Hoc|x86.Build.0 = Release|Any CPU
		{FF21F056-CDD5-42F6-9DB2-DE3028F62AE8}.AppStore|Any CPU.ActiveCfg = Release|Any CPU
		{FF21F056-CDD5-42F6-9DB2-DE3028F62AE8}.AppStore|Any CPU.Build.0 = Release|Any CPU
		{FF21F056-CDD5-42F6-9DB2-DE3028F62AE8}.AppStore|ARM.ActiveCfg = Release|Any CPU
		{FF21F056-CDD5-42F6-9DB2-DE3028F62AE8}.AppStore|ARM.Build.0 = Release|Any CPU
		{FF21F056-CDD5-42F6-9DB2-DE3028F62AE8}.AppStore|iPhone.ActiveCfg = Release|Any CPU
		{FF21F056-CDD5-42F6-9DB2-DE3028F62AE8}.AppStore|iPhone.Build.0 = Release|Any CPU
		{FF21F056-CDD5-42F6-9DB2-DE3028F62AE8}.AppStore|iPhoneSimulator.ActiveCfg = Release|Any CPU
		{FF21F056-CDD5-42F6-9DB2-DE3028F62AE8}.AppStore|iPhoneSimulator.Build.0 = Release|Any CPU
		{FF21F056-CDD5-42F6-9DB2-DE3028F62AE8}.AppStore|x64.ActiveCfg = Release|Any CPU
		{FF21F056-CDD5-42F6-9DB2-DE3028F62AE8}.AppStore|x64.Build.0 = Release|Any CPU
		{FF21F056-CDD5-42F6-9DB2-DE3028F62AE8}.AppStore|x86.ActiveCfg = Release|Any CPU
		{FF21F056-CDD5-42F6-9DB2-DE3028F62AE8}.AppStore|x86.Build.0 = Release|Any CPU
		{FF21F056-CDD5-42F6-9DB2-DE3028F62AE8}.Debug|Any CPU.ActiveCfg = Debug|Any CPU
		{FF21F056-CDD5-42F6-9DB2-DE3028F62AE8}.Debug|Any CPU.Build.0 = Debug|Any CPU
		{FF21F056-CDD5-42F6-9DB2-DE3028F62AE8}.Debug|ARM.ActiveCfg = Debug|Any CPU
		{FF21F056-CDD5-42F6-9DB2-DE3028F62AE8}.Debug|ARM.Build.0 = Debug|Any CPU
		{FF21F056-CDD5-42F6-9DB2-DE3028F62AE8}.Debug|iPhone.ActiveCfg = Debug|Any CPU
		{FF21F056-CDD5-42F6-9DB2-DE3028F62AE8}.Debug|iPhone.Build.0 = Debug|Any CPU
		{FF21F056-CDD5-42F6-9DB2-DE3028F62AE8}.Debug|iPhoneSimulator.ActiveCfg = Debug|Any CPU
		{FF21F056-CDD5-42F6-9DB2-DE3028F62AE8}.Debug|iPhoneSimulator.Build.0 = Debug|Any CPU
		{FF21F056-CDD5-42F6-9DB2-DE3028F62AE8}.Debug|x64.ActiveCfg = Debug|Any CPU
		{FF21F056-CDD5-42F6-9DB2-DE3028F62AE8}.Debug|x64.Build.0 = Debug|Any CPU
		{FF21F056-CDD5-42F6-9DB2-DE3028F62AE8}.Debug|x86.ActiveCfg = Debug|Any CPU
		{FF21F056-CDD5-42F6-9DB2-DE3028F62AE8}.Debug|x86.Build.0 = Debug|Any CPU
		{FF21F056-CDD5-42F6-9DB2-DE3028F62AE8}.Release|Any CPU.ActiveCfg = Release|Any CPU
		{FF21F056-CDD5-42F6-9DB2-DE3028F62AE8}.Release|Any CPU.Build.0 = Release|Any CPU
		{FF21F056-CDD5-42F6-9DB2-DE3028F62AE8}.Release|ARM.ActiveCfg = Release|Any CPU
		{FF21F056-CDD5-42F6-9DB2-DE3028F62AE8}.Release|ARM.Build.0 = Release|Any CPU
		{FF21F056-CDD5-42F6-9DB2-DE3028F62AE8}.Release|iPhone.ActiveCfg = Release|Any CPU
		{FF21F056-CDD5-42F6-9DB2-DE3028F62AE8}.Release|iPhone.Build.0 = Release|Any CPU
		{FF21F056-CDD5-42F6-9DB2-DE3028F62AE8}.Release|iPhoneSimulator.ActiveCfg = Release|Any CPU
		{FF21F056-CDD5-42F6-9DB2-DE3028F62AE8}.Release|iPhoneSimulator.Build.0 = Release|Any CPU
		{FF21F056-CDD5-42F6-9DB2-DE3028F62AE8}.Release|x64.ActiveCfg = Release|Any CPU
		{FF21F056-CDD5-42F6-9DB2-DE3028F62AE8}.Release|x64.Build.0 = Release|Any CPU
		{FF21F056-CDD5-42F6-9DB2-DE3028F62AE8}.Release|x86.ActiveCfg = Release|Any CPU
		{FF21F056-CDD5-42F6-9DB2-DE3028F62AE8}.Release|x86.Build.0 = Release|Any CPU
		{EF12DAB0-5BAD-440A-BD94-BA0FD4E900B2}.Ad-Hoc|Any CPU.ActiveCfg = Release|Any CPU
		{EF12DAB0-5BAD-440A-BD94-BA0FD4E900B2}.Ad-Hoc|Any CPU.Build.0 = Release|Any CPU
		{EF12DAB0-5BAD-440A-BD94-BA0FD4E900B2}.Ad-Hoc|ARM.ActiveCfg = Release|Any CPU
		{EF12DAB0-5BAD-440A-BD94-BA0FD4E900B2}.Ad-Hoc|ARM.Build.0 = Release|Any CPU
		{EF12DAB0-5BAD-440A-BD94-BA0FD4E900B2}.Ad-Hoc|iPhone.ActiveCfg = Release|Any CPU
		{EF12DAB0-5BAD-440A-BD94-BA0FD4E900B2}.Ad-Hoc|iPhone.Build.0 = Release|Any CPU
		{EF12DAB0-5BAD-440A-BD94-BA0FD4E900B2}.Ad-Hoc|iPhoneSimulator.ActiveCfg = Release|Any CPU
		{EF12DAB0-5BAD-440A-BD94-BA0FD4E900B2}.Ad-Hoc|iPhoneSimulator.Build.0 = Release|Any CPU
		{EF12DAB0-5BAD-440A-BD94-BA0FD4E900B2}.Ad-Hoc|x64.ActiveCfg = Release|Any CPU
		{EF12DAB0-5BAD-440A-BD94-BA0FD4E900B2}.Ad-Hoc|x64.Build.0 = Release|Any CPU
		{EF12DAB0-5BAD-440A-BD94-BA0FD4E900B2}.Ad-Hoc|x86.ActiveCfg = Release|Any CPU
		{EF12DAB0-5BAD-440A-BD94-BA0FD4E900B2}.Ad-Hoc|x86.Build.0 = Release|Any CPU
		{EF12DAB0-5BAD-440A-BD94-BA0FD4E900B2}.AppStore|Any CPU.ActiveCfg = Release|Any CPU
		{EF12DAB0-5BAD-440A-BD94-BA0FD4E900B2}.AppStore|Any CPU.Build.0 = Release|Any CPU
		{EF12DAB0-5BAD-440A-BD94-BA0FD4E900B2}.AppStore|ARM.ActiveCfg = Release|Any CPU
		{EF12DAB0-5BAD-440A-BD94-BA0FD4E900B2}.AppStore|ARM.Build.0 = Release|Any CPU
		{EF12DAB0-5BAD-440A-BD94-BA0FD4E900B2}.AppStore|iPhone.ActiveCfg = Release|Any CPU
		{EF12DAB0-5BAD-440A-BD94-BA0FD4E900B2}.AppStore|iPhone.Build.0 = Release|Any CPU
		{EF12DAB0-5BAD-440A-BD94-BA0FD4E900B2}.AppStore|iPhoneSimulator.ActiveCfg = Release|Any CPU
		{EF12DAB0-5BAD-440A-BD94-BA0FD4E900B2}.AppStore|iPhoneSimulator.Build.0 = Release|Any CPU
		{EF12DAB0-5BAD-440A-BD94-BA0FD4E900B2}.AppStore|x64.ActiveCfg = Release|Any CPU
		{EF12DAB0-5BAD-440A-BD94-BA0FD4E900B2}.AppStore|x64.Build.0 = Release|Any CPU
		{EF12DAB0-5BAD-440A-BD94-BA0FD4E900B2}.AppStore|x86.ActiveCfg = Release|Any CPU
		{EF12DAB0-5BAD-440A-BD94-BA0FD4E900B2}.AppStore|x86.Build.0 = Release|Any CPU
		{EF12DAB0-5BAD-440A-BD94-BA0FD4E900B2}.Debug|Any CPU.ActiveCfg = Debug|Any CPU
		{EF12DAB0-5BAD-440A-BD94-BA0FD4E900B2}.Debug|Any CPU.Build.0 = Debug|Any CPU
		{EF12DAB0-5BAD-440A-BD94-BA0FD4E900B2}.Debug|ARM.ActiveCfg = Debug|Any CPU
		{EF12DAB0-5BAD-440A-BD94-BA0FD4E900B2}.Debug|ARM.Build.0 = Debug|Any CPU
		{EF12DAB0-5BAD-440A-BD94-BA0FD4E900B2}.Debug|iPhone.ActiveCfg = Debug|Any CPU
		{EF12DAB0-5BAD-440A-BD94-BA0FD4E900B2}.Debug|iPhone.Build.0 = Debug|Any CPU
		{EF12DAB0-5BAD-440A-BD94-BA0FD4E900B2}.Debug|iPhoneSimulator.ActiveCfg = Debug|Any CPU
		{EF12DAB0-5BAD-440A-BD94-BA0FD4E900B2}.Debug|iPhoneSimulator.Build.0 = Debug|Any CPU
		{EF12DAB0-5BAD-440A-BD94-BA0FD4E900B2}.Debug|x64.ActiveCfg = Debug|Any CPU
		{EF12DAB0-5BAD-440A-BD94-BA0FD4E900B2}.Debug|x64.Build.0 = Debug|Any CPU
		{EF12DAB0-5BAD-440A-BD94-BA0FD4E900B2}.Debug|x86.ActiveCfg = Debug|Any CPU
		{EF12DAB0-5BAD-440A-BD94-BA0FD4E900B2}.Debug|x86.Build.0 = Debug|Any CPU
		{EF12DAB0-5BAD-440A-BD94-BA0FD4E900B2}.Release|Any CPU.ActiveCfg = Release|Any CPU
		{EF12DAB0-5BAD-440A-BD94-BA0FD4E900B2}.Release|Any CPU.Build.0 = Release|Any CPU
		{EF12DAB0-5BAD-440A-BD94-BA0FD4E900B2}.Release|ARM.ActiveCfg = Release|Any CPU
		{EF12DAB0-5BAD-440A-BD94-BA0FD4E900B2}.Release|ARM.Build.0 = Release|Any CPU
		{EF12DAB0-5BAD-440A-BD94-BA0FD4E900B2}.Release|iPhone.ActiveCfg = Release|Any CPU
		{EF12DAB0-5BAD-440A-BD94-BA0FD4E900B2}.Release|iPhone.Build.0 = Release|Any CPU
		{EF12DAB0-5BAD-440A-BD94-BA0FD4E900B2}.Release|iPhoneSimulator.ActiveCfg = Release|Any CPU
		{EF12DAB0-5BAD-440A-BD94-BA0FD4E900B2}.Release|iPhoneSimulator.Build.0 = Release|Any CPU
		{EF12DAB0-5BAD-440A-BD94-BA0FD4E900B2}.Release|x64.ActiveCfg = Release|Any CPU
		{EF12DAB0-5BAD-440A-BD94-BA0FD4E900B2}.Release|x64.Build.0 = Release|Any CPU
		{EF12DAB0-5BAD-440A-BD94-BA0FD4E900B2}.Release|x86.ActiveCfg = Release|Any CPU
		{EF12DAB0-5BAD-440A-BD94-BA0FD4E900B2}.Release|x86.Build.0 = Release|Any CPU
	EndGlobalSection
	GlobalSection(SolutionProperties) = preSolution
		HideSolutionNode = FALSE
	EndGlobalSection
	GlobalSection(NestedProjects) = preSolution
		{71F418C6-4F5A-4663-A2EF-EABB3F614013} = {93920033-92F3-4153-B6D0-98C7AB188898}
		{D26B9386-A637-4DAE-A230-B005BBD67417} = {2A403060-32D0-4603-BBAD-EF500FB3D498}
		{C5BFDCB1-23F5-47D3-9C01-1F1641E8DAD2} = {78ED74F1-7F8C-4AB5-BDC8-9F9C5711103C}
		{EFB88AC0-BF42-4C41-BD44-BE6C06BE1CA8} = {93920033-92F3-4153-B6D0-98C7AB188898}
		{488D6F00-AC8D-455A-9C52-3BC747F98FE3} = {2A403060-32D0-4603-BBAD-EF500FB3D498}
		{D6881496-B212-4183-86CB-60F50B10EBEE} = {78ED74F1-7F8C-4AB5-BDC8-9F9C5711103C}
		{91C8D548-7D32-4804-A41B-F134F03B13FD} = {93920033-92F3-4153-B6D0-98C7AB188898}
		{6F30CBDC-FA6E-4618-B6F6-B06CFE6DAF3F} = {93920033-92F3-4153-B6D0-98C7AB188898}
		{F44F2F6B-20E0-4225-B655-C170E2CC30D5} = {93920033-92F3-4153-B6D0-98C7AB188898}
		{9EA8046D-CF92-4ABC-B6B1-15333EC41039} = {78ED74F1-7F8C-4AB5-BDC8-9F9C5711103C}
		{4AA7063A-14FB-4281-9869-153493A989F9} = {9EA8046D-CF92-4ABC-B6B1-15333EC41039}
		{FF21F056-CDD5-42F6-9DB2-DE3028F62AE8} = {E1D5867F-7436-4146-9FE4-264C5589A0C5}
		{EF12DAB0-5BAD-440A-BD94-BA0FD4E900B2} = {93920033-92F3-4153-B6D0-98C7AB188898}
	EndGlobalSection
EndGlobal
