
Microsoft Visual Studio Solution File, Format Version 12.00
# Visual Studio 14
VisualStudioVersion = 14.0.23107.0
MinimumVisualStudioVersion = 10.0.40219.1
Project("{FAE04EC0-301F-11D3-BF4B-00C04F79EFBC}") = "Pickup.Droid", "Pickup\Pickup.Droid\Pickup.Droid.csproj", "{F6F2B258-C600-47B4-BB6F-20A64414ABB8}"
EndProject
Project("{FAE04EC0-301F-11D3-BF4B-00C04F79EFBC}") = "Pickup", "Pickup\Pickup\Pickup.csproj", "{80DDFF86-44F4-4250-9787-375BB1A9CD92}"
EndProject
Project("{FAE04EC0-301F-11D3-BF4B-00C04F79EFBC}") = "Core", "Core\Core.csproj", "{60DD48C0-9ED6-4940-BAEC-EAC5984B0023}"
EndProject
Project("{FAE04EC0-301F-11D3-BF4B-00C04F79EFBC}") = "Tests", "Tests\Tests.csproj", "{F4095F6E-0A3D-4A56-955C-44B16B30CD71}"
EndProject
Project("{FAE04EC0-301F-11D3-BF4B-00C04F79EFBC}") = "Mediation", "Mediation\Mediation.csproj", "{23760572-7ECB-429E-B0E7-B63AE03C9943}"
EndProject
Project("{2150E333-8FDC-42A3-9474-1A3956D46DE8}") = "Infrastructure", "Infrastructure", "{D463C357-6CCC-4C0E-8ED8-A60AE262F582}"
EndProject
Project("{2150E333-8FDC-42A3-9474-1A3956D46DE8}") = "Stories", "Stories", "{60F51484-C0E3-4790-B9ED-739E2ECF914D}"
EndProject
Project("{FAE04EC0-301F-11D3-BF4B-00C04F79EFBC}") = "ManageProfile", "ManageProfile\ManageProfile.csproj", "{EFCCCF4D-2D50-46C1-B801-64E32963D2BA}"
EndProject
Project("{FAE04EC0-301F-11D3-BF4B-00C04F79EFBC}") = "NotifyObservers", "NotifyObservers\NotifyObservers.csproj", "{17D3307C-6146-4D3E-B3F4-C39F7656296C}"
EndProject
Project("{FAE04EC0-301F-11D3-BF4B-00C04F79EFBC}") = "ConfirmInteraction", "ConfirmInteraction\ConfirmInteraction.csproj", "{FAC63E43-5D6E-4765-871C-016D0FEA93BC}"
EndProject
Project("{FAE04EC0-301F-11D3-BF4B-00C04F79EFBC}") = "UILogic", "UILogic\UILogic.csproj", "{9EEA47D5-E097-48D5-807D-15230C3FE57C}"
EndProject
Project("{FAE04EC0-301F-11D3-BF4B-00C04F79EFBC}") = "PhotoManagement", "PhotoManagement\PhotoManagement.csproj", "{6E2E691B-A0A2-44E1-851A-A6A3BF9383DE}"
EndProject
Project("{FAE04EC0-301F-11D3-BF4B-00C04F79EFBC}") = "ManageCatalog", "ManageCatalog\ManageCatalog.csproj", "{C4DD2017-5646-4184-9BB5-0DE7324A8560}"
EndProject
Project("{2150E333-8FDC-42A3-9474-1A3956D46DE8}") = "Account", "Account", "{95AE4F96-B0A8-4504-92CD-1DBCDAA7A38D}"
EndProject
Project("{FAE04EC0-301F-11D3-BF4B-00C04F79EFBC}") = "ManageObservers", "ManageObservers\ManageObservers.csproj", "{2ED5638E-68D9-42B5-BF57-1CE8D7720047}"
EndProject
Project("{2150E333-8FDC-42A3-9474-1A3956D46DE8}") = "Observations", "Observations", "{AE9FB56B-365F-400B-8851-4D326466246C}"
EndProject
Project("{FAE04EC0-301F-11D3-BF4B-00C04F79EFBC}") = "MonitorObservers", "MonitorObservers\MonitorObservers.csproj", "{1507AC32-DE43-4616-84FE-A2B530AC63BB}"
EndProject
Project("{FAE04EC0-301F-11D3-BF4B-00C04F79EFBC}") = "EngageObserver", "EngageObserver\EngageObserver.csproj", "{76050088-746C-4875-9A9F-7D889BA247D8}"
EndProject
Project("{2150E333-8FDC-42A3-9474-1A3956D46DE8}") = "Communications", "Communications", "{979348A1-4AB1-437C-9EA2-62C5205066E8}"
EndProject
Global
	GlobalSection(SolutionConfigurationPlatforms) = preSolution
		Ad-Hoc|Any CPU = Ad-Hoc|Any CPU
		Ad-Hoc|ARM = Ad-Hoc|ARM
		Ad-Hoc|iPhone = Ad-Hoc|iPhone
		Ad-Hoc|iPhoneSimulator = Ad-Hoc|iPhoneSimulator
		Ad-Hoc|x86 = Ad-Hoc|x86
		AppStore|Any CPU = AppStore|Any CPU
		AppStore|ARM = AppStore|ARM
		AppStore|iPhone = AppStore|iPhone
		AppStore|iPhoneSimulator = AppStore|iPhoneSimulator
		AppStore|x86 = AppStore|x86
		Debug|Any CPU = Debug|Any CPU
		Debug|ARM = Debug|ARM
		Debug|iPhone = Debug|iPhone
		Debug|iPhoneSimulator = Debug|iPhoneSimulator
		Debug|x86 = Debug|x86
		Release|Any CPU = Release|Any CPU
		Release|ARM = Release|ARM
		Release|iPhone = Release|iPhone
		Release|iPhoneSimulator = Release|iPhoneSimulator
		Release|x86 = Release|x86
	EndGlobalSection
	GlobalSection(ProjectConfigurationPlatforms) = postSolution
		{F6F2B258-C600-47B4-BB6F-20A64414ABB8}.Ad-Hoc|Any CPU.ActiveCfg = Release|Any CPU
		{F6F2B258-C600-47B4-BB6F-20A64414ABB8}.Ad-Hoc|Any CPU.Build.0 = Release|Any CPU
		{F6F2B258-C600-47B4-BB6F-20A64414ABB8}.Ad-Hoc|Any CPU.Deploy.0 = Release|Any CPU
		{F6F2B258-C600-47B4-BB6F-20A64414ABB8}.Ad-Hoc|ARM.ActiveCfg = Release|Any CPU
		{F6F2B258-C600-47B4-BB6F-20A64414ABB8}.Ad-Hoc|ARM.Build.0 = Release|Any CPU
		{F6F2B258-C600-47B4-BB6F-20A64414ABB8}.Ad-Hoc|ARM.Deploy.0 = Release|Any CPU
		{F6F2B258-C600-47B4-BB6F-20A64414ABB8}.Ad-Hoc|iPhone.ActiveCfg = Release|Any CPU
		{F6F2B258-C600-47B4-BB6F-20A64414ABB8}.Ad-Hoc|iPhone.Build.0 = Release|Any CPU
		{F6F2B258-C600-47B4-BB6F-20A64414ABB8}.Ad-Hoc|iPhone.Deploy.0 = Release|Any CPU
		{F6F2B258-C600-47B4-BB6F-20A64414ABB8}.Ad-Hoc|iPhoneSimulator.ActiveCfg = Release|Any CPU
		{F6F2B258-C600-47B4-BB6F-20A64414ABB8}.Ad-Hoc|iPhoneSimulator.Build.0 = Release|Any CPU
		{F6F2B258-C600-47B4-BB6F-20A64414ABB8}.Ad-Hoc|iPhoneSimulator.Deploy.0 = Release|Any CPU
		{F6F2B258-C600-47B4-BB6F-20A64414ABB8}.Ad-Hoc|x86.ActiveCfg = Release|Any CPU
		{F6F2B258-C600-47B4-BB6F-20A64414ABB8}.Ad-Hoc|x86.Build.0 = Release|Any CPU
		{F6F2B258-C600-47B4-BB6F-20A64414ABB8}.Ad-Hoc|x86.Deploy.0 = Release|Any CPU
		{F6F2B258-C600-47B4-BB6F-20A64414ABB8}.AppStore|Any CPU.ActiveCfg = Release|Any CPU
		{F6F2B258-C600-47B4-BB6F-20A64414ABB8}.AppStore|Any CPU.Build.0 = Release|Any CPU
		{F6F2B258-C600-47B4-BB6F-20A64414ABB8}.AppStore|Any CPU.Deploy.0 = Release|Any CPU
		{F6F2B258-C600-47B4-BB6F-20A64414ABB8}.AppStore|ARM.ActiveCfg = Release|Any CPU
		{F6F2B258-C600-47B4-BB6F-20A64414ABB8}.AppStore|ARM.Build.0 = Release|Any CPU
		{F6F2B258-C600-47B4-BB6F-20A64414ABB8}.AppStore|ARM.Deploy.0 = Release|Any CPU
		{F6F2B258-C600-47B4-BB6F-20A64414ABB8}.AppStore|iPhone.ActiveCfg = Release|Any CPU
		{F6F2B258-C600-47B4-BB6F-20A64414ABB8}.AppStore|iPhone.Build.0 = Release|Any CPU
		{F6F2B258-C600-47B4-BB6F-20A64414ABB8}.AppStore|iPhone.Deploy.0 = Release|Any CPU
		{F6F2B258-C600-47B4-BB6F-20A64414ABB8}.AppStore|iPhoneSimulator.ActiveCfg = Release|Any CPU
		{F6F2B258-C600-47B4-BB6F-20A64414ABB8}.AppStore|iPhoneSimulator.Build.0 = Release|Any CPU
		{F6F2B258-C600-47B4-BB6F-20A64414ABB8}.AppStore|iPhoneSimulator.Deploy.0 = Release|Any CPU
		{F6F2B258-C600-47B4-BB6F-20A64414ABB8}.AppStore|x86.ActiveCfg = Release|Any CPU
		{F6F2B258-C600-47B4-BB6F-20A64414ABB8}.AppStore|x86.Build.0 = Release|Any CPU
		{F6F2B258-C600-47B4-BB6F-20A64414ABB8}.AppStore|x86.Deploy.0 = Release|Any CPU
		{F6F2B258-C600-47B4-BB6F-20A64414ABB8}.Debug|Any CPU.ActiveCfg = Debug|Any CPU
		{F6F2B258-C600-47B4-BB6F-20A64414ABB8}.Debug|Any CPU.Build.0 = Debug|Any CPU
		{F6F2B258-C600-47B4-BB6F-20A64414ABB8}.Debug|Any CPU.Deploy.0 = Debug|Any CPU
		{F6F2B258-C600-47B4-BB6F-20A64414ABB8}.Debug|ARM.ActiveCfg = Debug|Any CPU
		{F6F2B258-C600-47B4-BB6F-20A64414ABB8}.Debug|ARM.Build.0 = Debug|Any CPU
		{F6F2B258-C600-47B4-BB6F-20A64414ABB8}.Debug|ARM.Deploy.0 = Debug|Any CPU
		{F6F2B258-C600-47B4-BB6F-20A64414ABB8}.Debug|iPhone.ActiveCfg = Debug|Any CPU
		{F6F2B258-C600-47B4-BB6F-20A64414ABB8}.Debug|iPhone.Build.0 = Debug|Any CPU
		{F6F2B258-C600-47B4-BB6F-20A64414ABB8}.Debug|iPhone.Deploy.0 = Debug|Any CPU
		{F6F2B258-C600-47B4-BB6F-20A64414ABB8}.Debug|iPhoneSimulator.ActiveCfg = Debug|Any CPU
		{F6F2B258-C600-47B4-BB6F-20A64414ABB8}.Debug|iPhoneSimulator.Build.0 = Debug|Any CPU
		{F6F2B258-C600-47B4-BB6F-20A64414ABB8}.Debug|iPhoneSimulator.Deploy.0 = Debug|Any CPU
		{F6F2B258-C600-47B4-BB6F-20A64414ABB8}.Debug|x86.ActiveCfg = Debug|Any CPU
		{F6F2B258-C600-47B4-BB6F-20A64414ABB8}.Debug|x86.Build.0 = Debug|Any CPU
		{F6F2B258-C600-47B4-BB6F-20A64414ABB8}.Debug|x86.Deploy.0 = Debug|Any CPU
		{F6F2B258-C600-47B4-BB6F-20A64414ABB8}.Release|Any CPU.ActiveCfg = Release|Any CPU
		{F6F2B258-C600-47B4-BB6F-20A64414ABB8}.Release|Any CPU.Build.0 = Release|Any CPU
		{F6F2B258-C600-47B4-BB6F-20A64414ABB8}.Release|Any CPU.Deploy.0 = Release|Any CPU
		{F6F2B258-C600-47B4-BB6F-20A64414ABB8}.Release|ARM.ActiveCfg = Release|Any CPU
		{F6F2B258-C600-47B4-BB6F-20A64414ABB8}.Release|ARM.Build.0 = Release|Any CPU
		{F6F2B258-C600-47B4-BB6F-20A64414ABB8}.Release|ARM.Deploy.0 = Release|Any CPU
		{F6F2B258-C600-47B4-BB6F-20A64414ABB8}.Release|iPhone.ActiveCfg = Release|Any CPU
		{F6F2B258-C600-47B4-BB6F-20A64414ABB8}.Release|iPhone.Build.0 = Release|Any CPU
		{F6F2B258-C600-47B4-BB6F-20A64414ABB8}.Release|iPhone.Deploy.0 = Release|Any CPU
		{F6F2B258-C600-47B4-BB6F-20A64414ABB8}.Release|iPhoneSimulator.ActiveCfg = Release|Any CPU
		{F6F2B258-C600-47B4-BB6F-20A64414ABB8}.Release|iPhoneSimulator.Build.0 = Release|Any CPU
		{F6F2B258-C600-47B4-BB6F-20A64414ABB8}.Release|iPhoneSimulator.Deploy.0 = Release|Any CPU
		{F6F2B258-C600-47B4-BB6F-20A64414ABB8}.Release|x86.ActiveCfg = Release|Any CPU
		{F6F2B258-C600-47B4-BB6F-20A64414ABB8}.Release|x86.Build.0 = Release|Any CPU
		{F6F2B258-C600-47B4-BB6F-20A64414ABB8}.Release|x86.Deploy.0 = Release|Any CPU
		{80DDFF86-44F4-4250-9787-375BB1A9CD92}.Ad-Hoc|Any CPU.ActiveCfg = Release|Any CPU
		{80DDFF86-44F4-4250-9787-375BB1A9CD92}.Ad-Hoc|Any CPU.Build.0 = Release|Any CPU
		{80DDFF86-44F4-4250-9787-375BB1A9CD92}.Ad-Hoc|ARM.ActiveCfg = Release|Any CPU
		{80DDFF86-44F4-4250-9787-375BB1A9CD92}.Ad-Hoc|ARM.Build.0 = Release|Any CPU
		{80DDFF86-44F4-4250-9787-375BB1A9CD92}.Ad-Hoc|iPhone.ActiveCfg = Release|Any CPU
		{80DDFF86-44F4-4250-9787-375BB1A9CD92}.Ad-Hoc|iPhone.Build.0 = Release|Any CPU
		{80DDFF86-44F4-4250-9787-375BB1A9CD92}.Ad-Hoc|iPhoneSimulator.ActiveCfg = Release|Any CPU
		{80DDFF86-44F4-4250-9787-375BB1A9CD92}.Ad-Hoc|iPhoneSimulator.Build.0 = Release|Any CPU
		{80DDFF86-44F4-4250-9787-375BB1A9CD92}.Ad-Hoc|x86.ActiveCfg = Release|Any CPU
		{80DDFF86-44F4-4250-9787-375BB1A9CD92}.Ad-Hoc|x86.Build.0 = Release|Any CPU
		{80DDFF86-44F4-4250-9787-375BB1A9CD92}.AppStore|Any CPU.ActiveCfg = Release|Any CPU
		{80DDFF86-44F4-4250-9787-375BB1A9CD92}.AppStore|Any CPU.Build.0 = Release|Any CPU
		{80DDFF86-44F4-4250-9787-375BB1A9CD92}.AppStore|ARM.ActiveCfg = Release|Any CPU
		{80DDFF86-44F4-4250-9787-375BB1A9CD92}.AppStore|ARM.Build.0 = Release|Any CPU
		{80DDFF86-44F4-4250-9787-375BB1A9CD92}.AppStore|iPhone.ActiveCfg = Release|Any CPU
		{80DDFF86-44F4-4250-9787-375BB1A9CD92}.AppStore|iPhone.Build.0 = Release|Any CPU
		{80DDFF86-44F4-4250-9787-375BB1A9CD92}.AppStore|iPhoneSimulator.ActiveCfg = Release|Any CPU
		{80DDFF86-44F4-4250-9787-375BB1A9CD92}.AppStore|iPhoneSimulator.Build.0 = Release|Any CPU
		{80DDFF86-44F4-4250-9787-375BB1A9CD92}.AppStore|x86.ActiveCfg = Release|Any CPU
		{80DDFF86-44F4-4250-9787-375BB1A9CD92}.AppStore|x86.Build.0 = Release|Any CPU
		{80DDFF86-44F4-4250-9787-375BB1A9CD92}.Debug|Any CPU.ActiveCfg = Debug|Any CPU
		{80DDFF86-44F4-4250-9787-375BB1A9CD92}.Debug|Any CPU.Build.0 = Debug|Any CPU
		{80DDFF86-44F4-4250-9787-375BB1A9CD92}.Debug|ARM.ActiveCfg = Debug|Any CPU
		{80DDFF86-44F4-4250-9787-375BB1A9CD92}.Debug|ARM.Build.0 = Debug|Any CPU
		{80DDFF86-44F4-4250-9787-375BB1A9CD92}.Debug|iPhone.ActiveCfg = Debug|Any CPU
		{80DDFF86-44F4-4250-9787-375BB1A9CD92}.Debug|iPhone.Build.0 = Debug|Any CPU
		{80DDFF86-44F4-4250-9787-375BB1A9CD92}.Debug|iPhoneSimulator.ActiveCfg = Debug|Any CPU
		{80DDFF86-44F4-4250-9787-375BB1A9CD92}.Debug|iPhoneSimulator.Build.0 = Debug|Any CPU
		{80DDFF86-44F4-4250-9787-375BB1A9CD92}.Debug|x86.ActiveCfg = Debug|Any CPU
		{80DDFF86-44F4-4250-9787-375BB1A9CD92}.Debug|x86.Build.0 = Debug|Any CPU
		{80DDFF86-44F4-4250-9787-375BB1A9CD92}.Release|Any CPU.ActiveCfg = Release|Any CPU
		{80DDFF86-44F4-4250-9787-375BB1A9CD92}.Release|Any CPU.Build.0 = Release|Any CPU
		{80DDFF86-44F4-4250-9787-375BB1A9CD92}.Release|ARM.ActiveCfg = Release|Any CPU
		{80DDFF86-44F4-4250-9787-375BB1A9CD92}.Release|ARM.Build.0 = Release|Any CPU
		{80DDFF86-44F4-4250-9787-375BB1A9CD92}.Release|iPhone.ActiveCfg = Release|Any CPU
		{80DDFF86-44F4-4250-9787-375BB1A9CD92}.Release|iPhone.Build.0 = Release|Any CPU
		{80DDFF86-44F4-4250-9787-375BB1A9CD92}.Release|iPhoneSimulator.ActiveCfg = Release|Any CPU
		{80DDFF86-44F4-4250-9787-375BB1A9CD92}.Release|iPhoneSimulator.Build.0 = Release|Any CPU
		{80DDFF86-44F4-4250-9787-375BB1A9CD92}.Release|x86.ActiveCfg = Release|Any CPU
		{80DDFF86-44F4-4250-9787-375BB1A9CD92}.Release|x86.Build.0 = Release|Any CPU
		{60DD48C0-9ED6-4940-BAEC-EAC5984B0023}.Ad-Hoc|Any CPU.ActiveCfg = Release|Any CPU
		{60DD48C0-9ED6-4940-BAEC-EAC5984B0023}.Ad-Hoc|Any CPU.Build.0 = Release|Any CPU
		{60DD48C0-9ED6-4940-BAEC-EAC5984B0023}.Ad-Hoc|ARM.ActiveCfg = Release|Any CPU
		{60DD48C0-9ED6-4940-BAEC-EAC5984B0023}.Ad-Hoc|ARM.Build.0 = Release|Any CPU
		{60DD48C0-9ED6-4940-BAEC-EAC5984B0023}.Ad-Hoc|iPhone.ActiveCfg = Release|Any CPU
		{60DD48C0-9ED6-4940-BAEC-EAC5984B0023}.Ad-Hoc|iPhone.Build.0 = Release|Any CPU
		{60DD48C0-9ED6-4940-BAEC-EAC5984B0023}.Ad-Hoc|iPhoneSimulator.ActiveCfg = Release|Any CPU
		{60DD48C0-9ED6-4940-BAEC-EAC5984B0023}.Ad-Hoc|iPhoneSimulator.Build.0 = Release|Any CPU
		{60DD48C0-9ED6-4940-BAEC-EAC5984B0023}.Ad-Hoc|x86.ActiveCfg = Release|Any CPU
		{60DD48C0-9ED6-4940-BAEC-EAC5984B0023}.Ad-Hoc|x86.Build.0 = Release|Any CPU
		{60DD48C0-9ED6-4940-BAEC-EAC5984B0023}.AppStore|Any CPU.ActiveCfg = Release|Any CPU
		{60DD48C0-9ED6-4940-BAEC-EAC5984B0023}.AppStore|Any CPU.Build.0 = Release|Any CPU
		{60DD48C0-9ED6-4940-BAEC-EAC5984B0023}.AppStore|ARM.ActiveCfg = Release|Any CPU
		{60DD48C0-9ED6-4940-BAEC-EAC5984B0023}.AppStore|ARM.Build.0 = Release|Any CPU
		{60DD48C0-9ED6-4940-BAEC-EAC5984B0023}.AppStore|iPhone.ActiveCfg = Release|Any CPU
		{60DD48C0-9ED6-4940-BAEC-EAC5984B0023}.AppStore|iPhone.Build.0 = Release|Any CPU
		{60DD48C0-9ED6-4940-BAEC-EAC5984B0023}.AppStore|iPhoneSimulator.ActiveCfg = Release|Any CPU
		{60DD48C0-9ED6-4940-BAEC-EAC5984B0023}.AppStore|iPhoneSimulator.Build.0 = Release|Any CPU
		{60DD48C0-9ED6-4940-BAEC-EAC5984B0023}.AppStore|x86.ActiveCfg = Release|Any CPU
		{60DD48C0-9ED6-4940-BAEC-EAC5984B0023}.AppStore|x86.Build.0 = Release|Any CPU
		{60DD48C0-9ED6-4940-BAEC-EAC5984B0023}.Debug|Any CPU.ActiveCfg = Debug|Any CPU
		{60DD48C0-9ED6-4940-BAEC-EAC5984B0023}.Debug|Any CPU.Build.0 = Debug|Any CPU
		{60DD48C0-9ED6-4940-BAEC-EAC5984B0023}.Debug|ARM.ActiveCfg = Debug|Any CPU
		{60DD48C0-9ED6-4940-BAEC-EAC5984B0023}.Debug|ARM.Build.0 = Debug|Any CPU
		{60DD48C0-9ED6-4940-BAEC-EAC5984B0023}.Debug|iPhone.ActiveCfg = Debug|Any CPU
		{60DD48C0-9ED6-4940-BAEC-EAC5984B0023}.Debug|iPhone.Build.0 = Debug|Any CPU
		{60DD48C0-9ED6-4940-BAEC-EAC5984B0023}.Debug|iPhoneSimulator.ActiveCfg = Debug|Any CPU
		{60DD48C0-9ED6-4940-BAEC-EAC5984B0023}.Debug|iPhoneSimulator.Build.0 = Debug|Any CPU
		{60DD48C0-9ED6-4940-BAEC-EAC5984B0023}.Debug|x86.ActiveCfg = Debug|Any CPU
		{60DD48C0-9ED6-4940-BAEC-EAC5984B0023}.Debug|x86.Build.0 = Debug|Any CPU
		{60DD48C0-9ED6-4940-BAEC-EAC5984B0023}.Release|Any CPU.ActiveCfg = Release|Any CPU
		{60DD48C0-9ED6-4940-BAEC-EAC5984B0023}.Release|Any CPU.Build.0 = Release|Any CPU
		{60DD48C0-9ED6-4940-BAEC-EAC5984B0023}.Release|ARM.ActiveCfg = Release|Any CPU
		{60DD48C0-9ED6-4940-BAEC-EAC5984B0023}.Release|ARM.Build.0 = Release|Any CPU
		{60DD48C0-9ED6-4940-BAEC-EAC5984B0023}.Release|iPhone.ActiveCfg = Release|Any CPU
		{60DD48C0-9ED6-4940-BAEC-EAC5984B0023}.Release|iPhone.Build.0 = Release|Any CPU
		{60DD48C0-9ED6-4940-BAEC-EAC5984B0023}.Release|iPhoneSimulator.ActiveCfg = Release|Any CPU
		{60DD48C0-9ED6-4940-BAEC-EAC5984B0023}.Release|iPhoneSimulator.Build.0 = Release|Any CPU
		{60DD48C0-9ED6-4940-BAEC-EAC5984B0023}.Release|x86.ActiveCfg = Release|Any CPU
		{60DD48C0-9ED6-4940-BAEC-EAC5984B0023}.Release|x86.Build.0 = Release|Any CPU
		{F4095F6E-0A3D-4A56-955C-44B16B30CD71}.Ad-Hoc|Any CPU.ActiveCfg = Release|Any CPU
		{F4095F6E-0A3D-4A56-955C-44B16B30CD71}.Ad-Hoc|Any CPU.Build.0 = Release|Any CPU
		{F4095F6E-0A3D-4A56-955C-44B16B30CD71}.Ad-Hoc|ARM.ActiveCfg = Release|Any CPU
		{F4095F6E-0A3D-4A56-955C-44B16B30CD71}.Ad-Hoc|ARM.Build.0 = Release|Any CPU
		{F4095F6E-0A3D-4A56-955C-44B16B30CD71}.Ad-Hoc|iPhone.ActiveCfg = Release|Any CPU
		{F4095F6E-0A3D-4A56-955C-44B16B30CD71}.Ad-Hoc|iPhone.Build.0 = Release|Any CPU
		{F4095F6E-0A3D-4A56-955C-44B16B30CD71}.Ad-Hoc|iPhoneSimulator.ActiveCfg = Release|Any CPU
		{F4095F6E-0A3D-4A56-955C-44B16B30CD71}.Ad-Hoc|iPhoneSimulator.Build.0 = Release|Any CPU
		{F4095F6E-0A3D-4A56-955C-44B16B30CD71}.Ad-Hoc|x86.ActiveCfg = Release|Any CPU
		{F4095F6E-0A3D-4A56-955C-44B16B30CD71}.Ad-Hoc|x86.Build.0 = Release|Any CPU
		{F4095F6E-0A3D-4A56-955C-44B16B30CD71}.AppStore|Any CPU.ActiveCfg = Release|Any CPU
		{F4095F6E-0A3D-4A56-955C-44B16B30CD71}.AppStore|Any CPU.Build.0 = Release|Any CPU
		{F4095F6E-0A3D-4A56-955C-44B16B30CD71}.AppStore|ARM.ActiveCfg = Release|Any CPU
		{F4095F6E-0A3D-4A56-955C-44B16B30CD71}.AppStore|ARM.Build.0 = Release|Any CPU
		{F4095F6E-0A3D-4A56-955C-44B16B30CD71}.AppStore|iPhone.ActiveCfg = Release|Any CPU
		{F4095F6E-0A3D-4A56-955C-44B16B30CD71}.AppStore|iPhone.Build.0 = Release|Any CPU
		{F4095F6E-0A3D-4A56-955C-44B16B30CD71}.AppStore|iPhoneSimulator.ActiveCfg = Release|Any CPU
		{F4095F6E-0A3D-4A56-955C-44B16B30CD71}.AppStore|iPhoneSimulator.Build.0 = Release|Any CPU
		{F4095F6E-0A3D-4A56-955C-44B16B30CD71}.AppStore|x86.ActiveCfg = Release|Any CPU
		{F4095F6E-0A3D-4A56-955C-44B16B30CD71}.AppStore|x86.Build.0 = Release|Any CPU
		{F4095F6E-0A3D-4A56-955C-44B16B30CD71}.Debug|Any CPU.ActiveCfg = Debug|Any CPU
		{F4095F6E-0A3D-4A56-955C-44B16B30CD71}.Debug|Any CPU.Build.0 = Debug|Any CPU
		{F4095F6E-0A3D-4A56-955C-44B16B30CD71}.Debug|ARM.ActiveCfg = Debug|Any CPU
		{F4095F6E-0A3D-4A56-955C-44B16B30CD71}.Debug|ARM.Build.0 = Debug|Any CPU
		{F4095F6E-0A3D-4A56-955C-44B16B30CD71}.Debug|iPhone.ActiveCfg = Debug|Any CPU
		{F4095F6E-0A3D-4A56-955C-44B16B30CD71}.Debug|iPhone.Build.0 = Debug|Any CPU
		{F4095F6E-0A3D-4A56-955C-44B16B30CD71}.Debug|iPhoneSimulator.ActiveCfg = Debug|Any CPU
		{F4095F6E-0A3D-4A56-955C-44B16B30CD71}.Debug|iPhoneSimulator.Build.0 = Debug|Any CPU
		{F4095F6E-0A3D-4A56-955C-44B16B30CD71}.Debug|x86.ActiveCfg = Debug|Any CPU
		{F4095F6E-0A3D-4A56-955C-44B16B30CD71}.Debug|x86.Build.0 = Debug|Any CPU
		{F4095F6E-0A3D-4A56-955C-44B16B30CD71}.Release|Any CPU.ActiveCfg = Release|Any CPU
		{F4095F6E-0A3D-4A56-955C-44B16B30CD71}.Release|Any CPU.Build.0 = Release|Any CPU
		{F4095F6E-0A3D-4A56-955C-44B16B30CD71}.Release|ARM.ActiveCfg = Release|Any CPU
		{F4095F6E-0A3D-4A56-955C-44B16B30CD71}.Release|ARM.Build.0 = Release|Any CPU
		{F4095F6E-0A3D-4A56-955C-44B16B30CD71}.Release|iPhone.ActiveCfg = Release|Any CPU
		{F4095F6E-0A3D-4A56-955C-44B16B30CD71}.Release|iPhone.Build.0 = Release|Any CPU
		{F4095F6E-0A3D-4A56-955C-44B16B30CD71}.Release|iPhoneSimulator.ActiveCfg = Release|Any CPU
		{F4095F6E-0A3D-4A56-955C-44B16B30CD71}.Release|iPhoneSimulator.Build.0 = Release|Any CPU
		{F4095F6E-0A3D-4A56-955C-44B16B30CD71}.Release|x86.ActiveCfg = Release|Any CPU
		{F4095F6E-0A3D-4A56-955C-44B16B30CD71}.Release|x86.Build.0 = Release|Any CPU
		{23760572-7ECB-429E-B0E7-B63AE03C9943}.Ad-Hoc|Any CPU.ActiveCfg = Release|Any CPU
		{23760572-7ECB-429E-B0E7-B63AE03C9943}.Ad-Hoc|Any CPU.Build.0 = Release|Any CPU
		{23760572-7ECB-429E-B0E7-B63AE03C9943}.Ad-Hoc|ARM.ActiveCfg = Release|Any CPU
		{23760572-7ECB-429E-B0E7-B63AE03C9943}.Ad-Hoc|ARM.Build.0 = Release|Any CPU
		{23760572-7ECB-429E-B0E7-B63AE03C9943}.Ad-Hoc|iPhone.ActiveCfg = Release|Any CPU
		{23760572-7ECB-429E-B0E7-B63AE03C9943}.Ad-Hoc|iPhone.Build.0 = Release|Any CPU
		{23760572-7ECB-429E-B0E7-B63AE03C9943}.Ad-Hoc|iPhoneSimulator.ActiveCfg = Release|Any CPU
		{23760572-7ECB-429E-B0E7-B63AE03C9943}.Ad-Hoc|iPhoneSimulator.Build.0 = Release|Any CPU
		{23760572-7ECB-429E-B0E7-B63AE03C9943}.Ad-Hoc|x86.ActiveCfg = Release|Any CPU
		{23760572-7ECB-429E-B0E7-B63AE03C9943}.Ad-Hoc|x86.Build.0 = Release|Any CPU
		{23760572-7ECB-429E-B0E7-B63AE03C9943}.AppStore|Any CPU.ActiveCfg = Release|Any CPU
		{23760572-7ECB-429E-B0E7-B63AE03C9943}.AppStore|Any CPU.Build.0 = Release|Any CPU
		{23760572-7ECB-429E-B0E7-B63AE03C9943}.AppStore|ARM.ActiveCfg = Release|Any CPU
		{23760572-7ECB-429E-B0E7-B63AE03C9943}.AppStore|ARM.Build.0 = Release|Any CPU
		{23760572-7ECB-429E-B0E7-B63AE03C9943}.AppStore|iPhone.ActiveCfg = Release|Any CPU
		{23760572-7ECB-429E-B0E7-B63AE03C9943}.AppStore|iPhone.Build.0 = Release|Any CPU
		{23760572-7ECB-429E-B0E7-B63AE03C9943}.AppStore|iPhoneSimulator.ActiveCfg = Release|Any CPU
		{23760572-7ECB-429E-B0E7-B63AE03C9943}.AppStore|iPhoneSimulator.Build.0 = Release|Any CPU
		{23760572-7ECB-429E-B0E7-B63AE03C9943}.AppStore|x86.ActiveCfg = Release|Any CPU
		{23760572-7ECB-429E-B0E7-B63AE03C9943}.AppStore|x86.Build.0 = Release|Any CPU
		{23760572-7ECB-429E-B0E7-B63AE03C9943}.Debug|Any CPU.ActiveCfg = Debug|Any CPU
		{23760572-7ECB-429E-B0E7-B63AE03C9943}.Debug|Any CPU.Build.0 = Debug|Any CPU
		{23760572-7ECB-429E-B0E7-B63AE03C9943}.Debug|ARM.ActiveCfg = Debug|Any CPU
		{23760572-7ECB-429E-B0E7-B63AE03C9943}.Debug|ARM.Build.0 = Debug|Any CPU
		{23760572-7ECB-429E-B0E7-B63AE03C9943}.Debug|iPhone.ActiveCfg = Debug|Any CPU
		{23760572-7ECB-429E-B0E7-B63AE03C9943}.Debug|iPhone.Build.0 = Debug|Any CPU
		{23760572-7ECB-429E-B0E7-B63AE03C9943}.Debug|iPhoneSimulator.ActiveCfg = Debug|Any CPU
		{23760572-7ECB-429E-B0E7-B63AE03C9943}.Debug|iPhoneSimulator.Build.0 = Debug|Any CPU
		{23760572-7ECB-429E-B0E7-B63AE03C9943}.Debug|x86.ActiveCfg = Debug|Any CPU
		{23760572-7ECB-429E-B0E7-B63AE03C9943}.Debug|x86.Build.0 = Debug|Any CPU
		{23760572-7ECB-429E-B0E7-B63AE03C9943}.Release|Any CPU.ActiveCfg = Release|Any CPU
		{23760572-7ECB-429E-B0E7-B63AE03C9943}.Release|Any CPU.Build.0 = Release|Any CPU
		{23760572-7ECB-429E-B0E7-B63AE03C9943}.Release|ARM.ActiveCfg = Release|Any CPU
		{23760572-7ECB-429E-B0E7-B63AE03C9943}.Release|ARM.Build.0 = Release|Any CPU
		{23760572-7ECB-429E-B0E7-B63AE03C9943}.Release|iPhone.ActiveCfg = Release|Any CPU
		{23760572-7ECB-429E-B0E7-B63AE03C9943}.Release|iPhone.Build.0 = Release|Any CPU
		{23760572-7ECB-429E-B0E7-B63AE03C9943}.Release|iPhoneSimulator.ActiveCfg = Release|Any CPU
		{23760572-7ECB-429E-B0E7-B63AE03C9943}.Release|iPhoneSimulator.Build.0 = Release|Any CPU
		{23760572-7ECB-429E-B0E7-B63AE03C9943}.Release|x86.ActiveCfg = Release|Any CPU
		{23760572-7ECB-429E-B0E7-B63AE03C9943}.Release|x86.Build.0 = Release|Any CPU
		{EFCCCF4D-2D50-46C1-B801-64E32963D2BA}.Ad-Hoc|Any CPU.ActiveCfg = Release|Any CPU
		{EFCCCF4D-2D50-46C1-B801-64E32963D2BA}.Ad-Hoc|Any CPU.Build.0 = Release|Any CPU
		{EFCCCF4D-2D50-46C1-B801-64E32963D2BA}.Ad-Hoc|ARM.ActiveCfg = Release|Any CPU
		{EFCCCF4D-2D50-46C1-B801-64E32963D2BA}.Ad-Hoc|ARM.Build.0 = Release|Any CPU
		{EFCCCF4D-2D50-46C1-B801-64E32963D2BA}.Ad-Hoc|iPhone.ActiveCfg = Release|Any CPU
		{EFCCCF4D-2D50-46C1-B801-64E32963D2BA}.Ad-Hoc|iPhone.Build.0 = Release|Any CPU
		{EFCCCF4D-2D50-46C1-B801-64E32963D2BA}.Ad-Hoc|iPhoneSimulator.ActiveCfg = Release|Any CPU
		{EFCCCF4D-2D50-46C1-B801-64E32963D2BA}.Ad-Hoc|iPhoneSimulator.Build.0 = Release|Any CPU
		{EFCCCF4D-2D50-46C1-B801-64E32963D2BA}.Ad-Hoc|x86.ActiveCfg = Release|Any CPU
		{EFCCCF4D-2D50-46C1-B801-64E32963D2BA}.Ad-Hoc|x86.Build.0 = Release|Any CPU
		{EFCCCF4D-2D50-46C1-B801-64E32963D2BA}.AppStore|Any CPU.ActiveCfg = Release|Any CPU
		{EFCCCF4D-2D50-46C1-B801-64E32963D2BA}.AppStore|Any CPU.Build.0 = Release|Any CPU
		{EFCCCF4D-2D50-46C1-B801-64E32963D2BA}.AppStore|ARM.ActiveCfg = Release|Any CPU
		{EFCCCF4D-2D50-46C1-B801-64E32963D2BA}.AppStore|ARM.Build.0 = Release|Any CPU
		{EFCCCF4D-2D50-46C1-B801-64E32963D2BA}.AppStore|iPhone.ActiveCfg = Release|Any CPU
		{EFCCCF4D-2D50-46C1-B801-64E32963D2BA}.AppStore|iPhone.Build.0 = Release|Any CPU
		{EFCCCF4D-2D50-46C1-B801-64E32963D2BA}.AppStore|iPhoneSimulator.ActiveCfg = Release|Any CPU
		{EFCCCF4D-2D50-46C1-B801-64E32963D2BA}.AppStore|iPhoneSimulator.Build.0 = Release|Any CPU
		{EFCCCF4D-2D50-46C1-B801-64E32963D2BA}.AppStore|x86.ActiveCfg = Release|Any CPU
		{EFCCCF4D-2D50-46C1-B801-64E32963D2BA}.AppStore|x86.Build.0 = Release|Any CPU
		{EFCCCF4D-2D50-46C1-B801-64E32963D2BA}.Debug|Any CPU.ActiveCfg = Debug|Any CPU
		{EFCCCF4D-2D50-46C1-B801-64E32963D2BA}.Debug|Any CPU.Build.0 = Debug|Any CPU
		{EFCCCF4D-2D50-46C1-B801-64E32963D2BA}.Debug|ARM.ActiveCfg = Debug|Any CPU
		{EFCCCF4D-2D50-46C1-B801-64E32963D2BA}.Debug|ARM.Build.0 = Debug|Any CPU
		{EFCCCF4D-2D50-46C1-B801-64E32963D2BA}.Debug|iPhone.ActiveCfg = Debug|Any CPU
		{EFCCCF4D-2D50-46C1-B801-64E32963D2BA}.Debug|iPhone.Build.0 = Debug|Any CPU
		{EFCCCF4D-2D50-46C1-B801-64E32963D2BA}.Debug|iPhoneSimulator.ActiveCfg = Debug|Any CPU
		{EFCCCF4D-2D50-46C1-B801-64E32963D2BA}.Debug|iPhoneSimulator.Build.0 = Debug|Any CPU
		{EFCCCF4D-2D50-46C1-B801-64E32963D2BA}.Debug|x86.ActiveCfg = Debug|Any CPU
		{EFCCCF4D-2D50-46C1-B801-64E32963D2BA}.Debug|x86.Build.0 = Debug|Any CPU
		{EFCCCF4D-2D50-46C1-B801-64E32963D2BA}.Release|Any CPU.ActiveCfg = Release|Any CPU
		{EFCCCF4D-2D50-46C1-B801-64E32963D2BA}.Release|Any CPU.Build.0 = Release|Any CPU
		{EFCCCF4D-2D50-46C1-B801-64E32963D2BA}.Release|ARM.ActiveCfg = Release|Any CPU
		{EFCCCF4D-2D50-46C1-B801-64E32963D2BA}.Release|ARM.Build.0 = Release|Any CPU
		{EFCCCF4D-2D50-46C1-B801-64E32963D2BA}.Release|iPhone.ActiveCfg = Release|Any CPU
		{EFCCCF4D-2D50-46C1-B801-64E32963D2BA}.Release|iPhone.Build.0 = Release|Any CPU
		{EFCCCF4D-2D50-46C1-B801-64E32963D2BA}.Release|iPhoneSimulator.ActiveCfg = Release|Any CPU
		{EFCCCF4D-2D50-46C1-B801-64E32963D2BA}.Release|iPhoneSimulator.Build.0 = Release|Any CPU
		{EFCCCF4D-2D50-46C1-B801-64E32963D2BA}.Release|x86.ActiveCfg = Release|Any CPU
		{EFCCCF4D-2D50-46C1-B801-64E32963D2BA}.Release|x86.Build.0 = Release|Any CPU
		{17D3307C-6146-4D3E-B3F4-C39F7656296C}.Ad-Hoc|Any CPU.ActiveCfg = Release|Any CPU
		{17D3307C-6146-4D3E-B3F4-C39F7656296C}.Ad-Hoc|Any CPU.Build.0 = Release|Any CPU
		{17D3307C-6146-4D3E-B3F4-C39F7656296C}.Ad-Hoc|ARM.ActiveCfg = Release|Any CPU
		{17D3307C-6146-4D3E-B3F4-C39F7656296C}.Ad-Hoc|ARM.Build.0 = Release|Any CPU
		{17D3307C-6146-4D3E-B3F4-C39F7656296C}.Ad-Hoc|iPhone.ActiveCfg = Release|Any CPU
		{17D3307C-6146-4D3E-B3F4-C39F7656296C}.Ad-Hoc|iPhone.Build.0 = Release|Any CPU
		{17D3307C-6146-4D3E-B3F4-C39F7656296C}.Ad-Hoc|iPhoneSimulator.ActiveCfg = Release|Any CPU
		{17D3307C-6146-4D3E-B3F4-C39F7656296C}.Ad-Hoc|iPhoneSimulator.Build.0 = Release|Any CPU
		{17D3307C-6146-4D3E-B3F4-C39F7656296C}.Ad-Hoc|x86.ActiveCfg = Release|Any CPU
		{17D3307C-6146-4D3E-B3F4-C39F7656296C}.Ad-Hoc|x86.Build.0 = Release|Any CPU
		{17D3307C-6146-4D3E-B3F4-C39F7656296C}.AppStore|Any CPU.ActiveCfg = Release|Any CPU
		{17D3307C-6146-4D3E-B3F4-C39F7656296C}.AppStore|Any CPU.Build.0 = Release|Any CPU
		{17D3307C-6146-4D3E-B3F4-C39F7656296C}.AppStore|ARM.ActiveCfg = Release|Any CPU
		{17D3307C-6146-4D3E-B3F4-C39F7656296C}.AppStore|ARM.Build.0 = Release|Any CPU
		{17D3307C-6146-4D3E-B3F4-C39F7656296C}.AppStore|iPhone.ActiveCfg = Release|Any CPU
		{17D3307C-6146-4D3E-B3F4-C39F7656296C}.AppStore|iPhone.Build.0 = Release|Any CPU
		{17D3307C-6146-4D3E-B3F4-C39F7656296C}.AppStore|iPhoneSimulator.ActiveCfg = Release|Any CPU
		{17D3307C-6146-4D3E-B3F4-C39F7656296C}.AppStore|iPhoneSimulator.Build.0 = Release|Any CPU
		{17D3307C-6146-4D3E-B3F4-C39F7656296C}.AppStore|x86.ActiveCfg = Release|Any CPU
		{17D3307C-6146-4D3E-B3F4-C39F7656296C}.AppStore|x86.Build.0 = Release|Any CPU
		{17D3307C-6146-4D3E-B3F4-C39F7656296C}.Debug|Any CPU.ActiveCfg = Debug|Any CPU
		{17D3307C-6146-4D3E-B3F4-C39F7656296C}.Debug|Any CPU.Build.0 = Debug|Any CPU
		{17D3307C-6146-4D3E-B3F4-C39F7656296C}.Debug|ARM.ActiveCfg = Debug|Any CPU
		{17D3307C-6146-4D3E-B3F4-C39F7656296C}.Debug|ARM.Build.0 = Debug|Any CPU
		{17D3307C-6146-4D3E-B3F4-C39F7656296C}.Debug|iPhone.ActiveCfg = Debug|Any CPU
		{17D3307C-6146-4D3E-B3F4-C39F7656296C}.Debug|iPhone.Build.0 = Debug|Any CPU
		{17D3307C-6146-4D3E-B3F4-C39F7656296C}.Debug|iPhoneSimulator.ActiveCfg = Debug|Any CPU
		{17D3307C-6146-4D3E-B3F4-C39F7656296C}.Debug|iPhoneSimulator.Build.0 = Debug|Any CPU
		{17D3307C-6146-4D3E-B3F4-C39F7656296C}.Debug|x86.ActiveCfg = Debug|Any CPU
		{17D3307C-6146-4D3E-B3F4-C39F7656296C}.Debug|x86.Build.0 = Debug|Any CPU
		{17D3307C-6146-4D3E-B3F4-C39F7656296C}.Release|Any CPU.ActiveCfg = Release|Any CPU
		{17D3307C-6146-4D3E-B3F4-C39F7656296C}.Release|Any CPU.Build.0 = Release|Any CPU
		{17D3307C-6146-4D3E-B3F4-C39F7656296C}.Release|ARM.ActiveCfg = Release|Any CPU
		{17D3307C-6146-4D3E-B3F4-C39F7656296C}.Release|ARM.Build.0 = Release|Any CPU
		{17D3307C-6146-4D3E-B3F4-C39F7656296C}.Release|iPhone.ActiveCfg = Release|Any CPU
		{17D3307C-6146-4D3E-B3F4-C39F7656296C}.Release|iPhone.Build.0 = Release|Any CPU
		{17D3307C-6146-4D3E-B3F4-C39F7656296C}.Release|iPhoneSimulator.ActiveCfg = Release|Any CPU
		{17D3307C-6146-4D3E-B3F4-C39F7656296C}.Release|iPhoneSimulator.Build.0 = Release|Any CPU
		{17D3307C-6146-4D3E-B3F4-C39F7656296C}.Release|x86.ActiveCfg = Release|Any CPU
		{17D3307C-6146-4D3E-B3F4-C39F7656296C}.Release|x86.Build.0 = Release|Any CPU
		{FAC63E43-5D6E-4765-871C-016D0FEA93BC}.Ad-Hoc|Any CPU.ActiveCfg = Release|Any CPU
		{FAC63E43-5D6E-4765-871C-016D0FEA93BC}.Ad-Hoc|Any CPU.Build.0 = Release|Any CPU
		{FAC63E43-5D6E-4765-871C-016D0FEA93BC}.Ad-Hoc|ARM.ActiveCfg = Release|Any CPU
		{FAC63E43-5D6E-4765-871C-016D0FEA93BC}.Ad-Hoc|ARM.Build.0 = Release|Any CPU
		{FAC63E43-5D6E-4765-871C-016D0FEA93BC}.Ad-Hoc|iPhone.ActiveCfg = Release|Any CPU
		{FAC63E43-5D6E-4765-871C-016D0FEA93BC}.Ad-Hoc|iPhone.Build.0 = Release|Any CPU
		{FAC63E43-5D6E-4765-871C-016D0FEA93BC}.Ad-Hoc|iPhoneSimulator.ActiveCfg = Release|Any CPU
		{FAC63E43-5D6E-4765-871C-016D0FEA93BC}.Ad-Hoc|iPhoneSimulator.Build.0 = Release|Any CPU
		{FAC63E43-5D6E-4765-871C-016D0FEA93BC}.Ad-Hoc|x86.ActiveCfg = Release|Any CPU
		{FAC63E43-5D6E-4765-871C-016D0FEA93BC}.Ad-Hoc|x86.Build.0 = Release|Any CPU
		{FAC63E43-5D6E-4765-871C-016D0FEA93BC}.AppStore|Any CPU.ActiveCfg = Release|Any CPU
		{FAC63E43-5D6E-4765-871C-016D0FEA93BC}.AppStore|Any CPU.Build.0 = Release|Any CPU
		{FAC63E43-5D6E-4765-871C-016D0FEA93BC}.AppStore|ARM.ActiveCfg = Release|Any CPU
		{FAC63E43-5D6E-4765-871C-016D0FEA93BC}.AppStore|ARM.Build.0 = Release|Any CPU
		{FAC63E43-5D6E-4765-871C-016D0FEA93BC}.AppStore|iPhone.ActiveCfg = Release|Any CPU
		{FAC63E43-5D6E-4765-871C-016D0FEA93BC}.AppStore|iPhone.Build.0 = Release|Any CPU
		{FAC63E43-5D6E-4765-871C-016D0FEA93BC}.AppStore|iPhoneSimulator.ActiveCfg = Release|Any CPU
		{FAC63E43-5D6E-4765-871C-016D0FEA93BC}.AppStore|iPhoneSimulator.Build.0 = Release|Any CPU
		{FAC63E43-5D6E-4765-871C-016D0FEA93BC}.AppStore|x86.ActiveCfg = Release|Any CPU
		{FAC63E43-5D6E-4765-871C-016D0FEA93BC}.AppStore|x86.Build.0 = Release|Any CPU
		{FAC63E43-5D6E-4765-871C-016D0FEA93BC}.Debug|Any CPU.ActiveCfg = Debug|Any CPU
		{FAC63E43-5D6E-4765-871C-016D0FEA93BC}.Debug|Any CPU.Build.0 = Debug|Any CPU
		{FAC63E43-5D6E-4765-871C-016D0FEA93BC}.Debug|ARM.ActiveCfg = Debug|Any CPU
		{FAC63E43-5D6E-4765-871C-016D0FEA93BC}.Debug|ARM.Build.0 = Debug|Any CPU
		{FAC63E43-5D6E-4765-871C-016D0FEA93BC}.Debug|iPhone.ActiveCfg = Debug|Any CPU
		{FAC63E43-5D6E-4765-871C-016D0FEA93BC}.Debug|iPhone.Build.0 = Debug|Any CPU
		{FAC63E43-5D6E-4765-871C-016D0FEA93BC}.Debug|iPhoneSimulator.ActiveCfg = Debug|Any CPU
		{FAC63E43-5D6E-4765-871C-016D0FEA93BC}.Debug|iPhoneSimulator.Build.0 = Debug|Any CPU
		{FAC63E43-5D6E-4765-871C-016D0FEA93BC}.Debug|x86.ActiveCfg = Debug|Any CPU
		{FAC63E43-5D6E-4765-871C-016D0FEA93BC}.Debug|x86.Build.0 = Debug|Any CPU
		{FAC63E43-5D6E-4765-871C-016D0FEA93BC}.Release|Any CPU.ActiveCfg = Release|Any CPU
		{FAC63E43-5D6E-4765-871C-016D0FEA93BC}.Release|Any CPU.Build.0 = Release|Any CPU
		{FAC63E43-5D6E-4765-871C-016D0FEA93BC}.Release|ARM.ActiveCfg = Release|Any CPU
		{FAC63E43-5D6E-4765-871C-016D0FEA93BC}.Release|ARM.Build.0 = Release|Any CPU
		{FAC63E43-5D6E-4765-871C-016D0FEA93BC}.Release|iPhone.ActiveCfg = Release|Any CPU
		{FAC63E43-5D6E-4765-871C-016D0FEA93BC}.Release|iPhone.Build.0 = Release|Any CPU
		{FAC63E43-5D6E-4765-871C-016D0FEA93BC}.Release|iPhoneSimulator.ActiveCfg = Release|Any CPU
		{FAC63E43-5D6E-4765-871C-016D0FEA93BC}.Release|iPhoneSimulator.Build.0 = Release|Any CPU
		{FAC63E43-5D6E-4765-871C-016D0FEA93BC}.Release|x86.ActiveCfg = Release|Any CPU
		{FAC63E43-5D6E-4765-871C-016D0FEA93BC}.Release|x86.Build.0 = Release|Any CPU
		{9EEA47D5-E097-48D5-807D-15230C3FE57C}.Ad-Hoc|Any CPU.ActiveCfg = Release|Any CPU
		{9EEA47D5-E097-48D5-807D-15230C3FE57C}.Ad-Hoc|Any CPU.Build.0 = Release|Any CPU
		{9EEA47D5-E097-48D5-807D-15230C3FE57C}.Ad-Hoc|ARM.ActiveCfg = Release|Any CPU
		{9EEA47D5-E097-48D5-807D-15230C3FE57C}.Ad-Hoc|ARM.Build.0 = Release|Any CPU
		{9EEA47D5-E097-48D5-807D-15230C3FE57C}.Ad-Hoc|iPhone.ActiveCfg = Release|Any CPU
		{9EEA47D5-E097-48D5-807D-15230C3FE57C}.Ad-Hoc|iPhone.Build.0 = Release|Any CPU
		{9EEA47D5-E097-48D5-807D-15230C3FE57C}.Ad-Hoc|iPhoneSimulator.ActiveCfg = Release|Any CPU
		{9EEA47D5-E097-48D5-807D-15230C3FE57C}.Ad-Hoc|iPhoneSimulator.Build.0 = Release|Any CPU
		{9EEA47D5-E097-48D5-807D-15230C3FE57C}.Ad-Hoc|x86.ActiveCfg = Release|Any CPU
		{9EEA47D5-E097-48D5-807D-15230C3FE57C}.Ad-Hoc|x86.Build.0 = Release|Any CPU
		{9EEA47D5-E097-48D5-807D-15230C3FE57C}.AppStore|Any CPU.ActiveCfg = Release|Any CPU
		{9EEA47D5-E097-48D5-807D-15230C3FE57C}.AppStore|Any CPU.Build.0 = Release|Any CPU
		{9EEA47D5-E097-48D5-807D-15230C3FE57C}.AppStore|ARM.ActiveCfg = Release|Any CPU
		{9EEA47D5-E097-48D5-807D-15230C3FE57C}.AppStore|ARM.Build.0 = Release|Any CPU
		{9EEA47D5-E097-48D5-807D-15230C3FE57C}.AppStore|iPhone.ActiveCfg = Release|Any CPU
		{9EEA47D5-E097-48D5-807D-15230C3FE57C}.AppStore|iPhone.Build.0 = Release|Any CPU
		{9EEA47D5-E097-48D5-807D-15230C3FE57C}.AppStore|iPhoneSimulator.ActiveCfg = Release|Any CPU
		{9EEA47D5-E097-48D5-807D-15230C3FE57C}.AppStore|iPhoneSimulator.Build.0 = Release|Any CPU
		{9EEA47D5-E097-48D5-807D-15230C3FE57C}.AppStore|x86.ActiveCfg = Release|Any CPU
		{9EEA47D5-E097-48D5-807D-15230C3FE57C}.AppStore|x86.Build.0 = Release|Any CPU
		{9EEA47D5-E097-48D5-807D-15230C3FE57C}.Debug|Any CPU.ActiveCfg = Debug|Any CPU
		{9EEA47D5-E097-48D5-807D-15230C3FE57C}.Debug|Any CPU.Build.0 = Debug|Any CPU
		{9EEA47D5-E097-48D5-807D-15230C3FE57C}.Debug|ARM.ActiveCfg = Debug|Any CPU
		{9EEA47D5-E097-48D5-807D-15230C3FE57C}.Debug|ARM.Build.0 = Debug|Any CPU
		{9EEA47D5-E097-48D5-807D-15230C3FE57C}.Debug|iPhone.ActiveCfg = Debug|Any CPU
		{9EEA47D5-E097-48D5-807D-15230C3FE57C}.Debug|iPhone.Build.0 = Debug|Any CPU
		{9EEA47D5-E097-48D5-807D-15230C3FE57C}.Debug|iPhoneSimulator.ActiveCfg = Debug|Any CPU
		{9EEA47D5-E097-48D5-807D-15230C3FE57C}.Debug|iPhoneSimulator.Build.0 = Debug|Any CPU
		{9EEA47D5-E097-48D5-807D-15230C3FE57C}.Debug|x86.ActiveCfg = Debug|Any CPU
		{9EEA47D5-E097-48D5-807D-15230C3FE57C}.Debug|x86.Build.0 = Debug|Any CPU
		{9EEA47D5-E097-48D5-807D-15230C3FE57C}.Release|Any CPU.ActiveCfg = Release|Any CPU
		{9EEA47D5-E097-48D5-807D-15230C3FE57C}.Release|Any CPU.Build.0 = Release|Any CPU
		{9EEA47D5-E097-48D5-807D-15230C3FE57C}.Release|ARM.ActiveCfg = Release|Any CPU
		{9EEA47D5-E097-48D5-807D-15230C3FE57C}.Release|ARM.Build.0 = Release|Any CPU
		{9EEA47D5-E097-48D5-807D-15230C3FE57C}.Release|iPhone.ActiveCfg = Release|Any CPU
		{9EEA47D5-E097-48D5-807D-15230C3FE57C}.Release|iPhone.Build.0 = Release|Any CPU
		{9EEA47D5-E097-48D5-807D-15230C3FE57C}.Release|iPhoneSimulator.ActiveCfg = Release|Any CPU
		{9EEA47D5-E097-48D5-807D-15230C3FE57C}.Release|iPhoneSimulator.Build.0 = Release|Any CPU
		{9EEA47D5-E097-48D5-807D-15230C3FE57C}.Release|x86.ActiveCfg = Release|Any CPU
		{9EEA47D5-E097-48D5-807D-15230C3FE57C}.Release|x86.Build.0 = Release|Any CPU
		{6E2E691B-A0A2-44E1-851A-A6A3BF9383DE}.Ad-Hoc|Any CPU.ActiveCfg = Release|Any CPU
		{6E2E691B-A0A2-44E1-851A-A6A3BF9383DE}.Ad-Hoc|Any CPU.Build.0 = Release|Any CPU
		{6E2E691B-A0A2-44E1-851A-A6A3BF9383DE}.Ad-Hoc|ARM.ActiveCfg = Release|Any CPU
		{6E2E691B-A0A2-44E1-851A-A6A3BF9383DE}.Ad-Hoc|ARM.Build.0 = Release|Any CPU
		{6E2E691B-A0A2-44E1-851A-A6A3BF9383DE}.Ad-Hoc|iPhone.ActiveCfg = Release|Any CPU
		{6E2E691B-A0A2-44E1-851A-A6A3BF9383DE}.Ad-Hoc|iPhone.Build.0 = Release|Any CPU
		{6E2E691B-A0A2-44E1-851A-A6A3BF9383DE}.Ad-Hoc|iPhoneSimulator.ActiveCfg = Release|Any CPU
		{6E2E691B-A0A2-44E1-851A-A6A3BF9383DE}.Ad-Hoc|iPhoneSimulator.Build.0 = Release|Any CPU
		{6E2E691B-A0A2-44E1-851A-A6A3BF9383DE}.Ad-Hoc|x86.ActiveCfg = Release|Any CPU
		{6E2E691B-A0A2-44E1-851A-A6A3BF9383DE}.Ad-Hoc|x86.Build.0 = Release|Any CPU
		{6E2E691B-A0A2-44E1-851A-A6A3BF9383DE}.AppStore|Any CPU.ActiveCfg = Release|Any CPU
		{6E2E691B-A0A2-44E1-851A-A6A3BF9383DE}.AppStore|Any CPU.Build.0 = Release|Any CPU
		{6E2E691B-A0A2-44E1-851A-A6A3BF9383DE}.AppStore|ARM.ActiveCfg = Release|Any CPU
		{6E2E691B-A0A2-44E1-851A-A6A3BF9383DE}.AppStore|ARM.Build.0 = Release|Any CPU
		{6E2E691B-A0A2-44E1-851A-A6A3BF9383DE}.AppStore|iPhone.ActiveCfg = Release|Any CPU
		{6E2E691B-A0A2-44E1-851A-A6A3BF9383DE}.AppStore|iPhone.Build.0 = Release|Any CPU
		{6E2E691B-A0A2-44E1-851A-A6A3BF9383DE}.AppStore|iPhoneSimulator.ActiveCfg = Release|Any CPU
		{6E2E691B-A0A2-44E1-851A-A6A3BF9383DE}.AppStore|iPhoneSimulator.Build.0 = Release|Any CPU
		{6E2E691B-A0A2-44E1-851A-A6A3BF9383DE}.AppStore|x86.ActiveCfg = Release|Any CPU
		{6E2E691B-A0A2-44E1-851A-A6A3BF9383DE}.AppStore|x86.Build.0 = Release|Any CPU
		{6E2E691B-A0A2-44E1-851A-A6A3BF9383DE}.Debug|Any CPU.ActiveCfg = Debug|Any CPU
		{6E2E691B-A0A2-44E1-851A-A6A3BF9383DE}.Debug|Any CPU.Build.0 = Debug|Any CPU
		{6E2E691B-A0A2-44E1-851A-A6A3BF9383DE}.Debug|ARM.ActiveCfg = Debug|Any CPU
		{6E2E691B-A0A2-44E1-851A-A6A3BF9383DE}.Debug|ARM.Build.0 = Debug|Any CPU
		{6E2E691B-A0A2-44E1-851A-A6A3BF9383DE}.Debug|iPhone.ActiveCfg = Debug|Any CPU
		{6E2E691B-A0A2-44E1-851A-A6A3BF9383DE}.Debug|iPhone.Build.0 = Debug|Any CPU
		{6E2E691B-A0A2-44E1-851A-A6A3BF9383DE}.Debug|iPhoneSimulator.ActiveCfg = Debug|Any CPU
		{6E2E691B-A0A2-44E1-851A-A6A3BF9383DE}.Debug|iPhoneSimulator.Build.0 = Debug|Any CPU
		{6E2E691B-A0A2-44E1-851A-A6A3BF9383DE}.Debug|x86.ActiveCfg = Debug|Any CPU
		{6E2E691B-A0A2-44E1-851A-A6A3BF9383DE}.Debug|x86.Build.0 = Debug|Any CPU
		{6E2E691B-A0A2-44E1-851A-A6A3BF9383DE}.Release|Any CPU.ActiveCfg = Release|Any CPU
		{6E2E691B-A0A2-44E1-851A-A6A3BF9383DE}.Release|Any CPU.Build.0 = Release|Any CPU
		{6E2E691B-A0A2-44E1-851A-A6A3BF9383DE}.Release|ARM.ActiveCfg = Release|Any CPU
		{6E2E691B-A0A2-44E1-851A-A6A3BF9383DE}.Release|ARM.Build.0 = Release|Any CPU
		{6E2E691B-A0A2-44E1-851A-A6A3BF9383DE}.Release|iPhone.ActiveCfg = Release|Any CPU
		{6E2E691B-A0A2-44E1-851A-A6A3BF9383DE}.Release|iPhone.Build.0 = Release|Any CPU
		{6E2E691B-A0A2-44E1-851A-A6A3BF9383DE}.Release|iPhoneSimulator.ActiveCfg = Release|Any CPU
		{6E2E691B-A0A2-44E1-851A-A6A3BF9383DE}.Release|iPhoneSimulator.Build.0 = Release|Any CPU
		{6E2E691B-A0A2-44E1-851A-A6A3BF9383DE}.Release|x86.ActiveCfg = Release|Any CPU
		{6E2E691B-A0A2-44E1-851A-A6A3BF9383DE}.Release|x86.Build.0 = Release|Any CPU
		{C4DD2017-5646-4184-9BB5-0DE7324A8560}.Ad-Hoc|Any CPU.ActiveCfg = Release|Any CPU
		{C4DD2017-5646-4184-9BB5-0DE7324A8560}.Ad-Hoc|Any CPU.Build.0 = Release|Any CPU
		{C4DD2017-5646-4184-9BB5-0DE7324A8560}.Ad-Hoc|ARM.ActiveCfg = Release|Any CPU
		{C4DD2017-5646-4184-9BB5-0DE7324A8560}.Ad-Hoc|ARM.Build.0 = Release|Any CPU
		{C4DD2017-5646-4184-9BB5-0DE7324A8560}.Ad-Hoc|iPhone.ActiveCfg = Release|Any CPU
		{C4DD2017-5646-4184-9BB5-0DE7324A8560}.Ad-Hoc|iPhone.Build.0 = Release|Any CPU
		{C4DD2017-5646-4184-9BB5-0DE7324A8560}.Ad-Hoc|iPhoneSimulator.ActiveCfg = Release|Any CPU
		{C4DD2017-5646-4184-9BB5-0DE7324A8560}.Ad-Hoc|iPhoneSimulator.Build.0 = Release|Any CPU
		{C4DD2017-5646-4184-9BB5-0DE7324A8560}.Ad-Hoc|x86.ActiveCfg = Release|Any CPU
		{C4DD2017-5646-4184-9BB5-0DE7324A8560}.Ad-Hoc|x86.Build.0 = Release|Any CPU
		{C4DD2017-5646-4184-9BB5-0DE7324A8560}.AppStore|Any CPU.ActiveCfg = Release|Any CPU
		{C4DD2017-5646-4184-9BB5-0DE7324A8560}.AppStore|Any CPU.Build.0 = Release|Any CPU
		{C4DD2017-5646-4184-9BB5-0DE7324A8560}.AppStore|ARM.ActiveCfg = Release|Any CPU
		{C4DD2017-5646-4184-9BB5-0DE7324A8560}.AppStore|ARM.Build.0 = Release|Any CPU
		{C4DD2017-5646-4184-9BB5-0DE7324A8560}.AppStore|iPhone.ActiveCfg = Release|Any CPU
		{C4DD2017-5646-4184-9BB5-0DE7324A8560}.AppStore|iPhone.Build.0 = Release|Any CPU
		{C4DD2017-5646-4184-9BB5-0DE7324A8560}.AppStore|iPhoneSimulator.ActiveCfg = Release|Any CPU
		{C4DD2017-5646-4184-9BB5-0DE7324A8560}.AppStore|iPhoneSimulator.Build.0 = Release|Any CPU
		{C4DD2017-5646-4184-9BB5-0DE7324A8560}.AppStore|x86.ActiveCfg = Release|Any CPU
		{C4DD2017-5646-4184-9BB5-0DE7324A8560}.AppStore|x86.Build.0 = Release|Any CPU
		{C4DD2017-5646-4184-9BB5-0DE7324A8560}.Debug|Any CPU.ActiveCfg = Debug|Any CPU
		{C4DD2017-5646-4184-9BB5-0DE7324A8560}.Debug|Any CPU.Build.0 = Debug|Any CPU
		{C4DD2017-5646-4184-9BB5-0DE7324A8560}.Debug|ARM.ActiveCfg = Debug|Any CPU
		{C4DD2017-5646-4184-9BB5-0DE7324A8560}.Debug|ARM.Build.0 = Debug|Any CPU
		{C4DD2017-5646-4184-9BB5-0DE7324A8560}.Debug|iPhone.ActiveCfg = Debug|Any CPU
		{C4DD2017-5646-4184-9BB5-0DE7324A8560}.Debug|iPhone.Build.0 = Debug|Any CPU
		{C4DD2017-5646-4184-9BB5-0DE7324A8560}.Debug|iPhoneSimulator.ActiveCfg = Debug|Any CPU
		{C4DD2017-5646-4184-9BB5-0DE7324A8560}.Debug|iPhoneSimulator.Build.0 = Debug|Any CPU
		{C4DD2017-5646-4184-9BB5-0DE7324A8560}.Debug|x86.ActiveCfg = Debug|Any CPU
		{C4DD2017-5646-4184-9BB5-0DE7324A8560}.Debug|x86.Build.0 = Debug|Any CPU
		{C4DD2017-5646-4184-9BB5-0DE7324A8560}.Release|Any CPU.ActiveCfg = Release|Any CPU
		{C4DD2017-5646-4184-9BB5-0DE7324A8560}.Release|Any CPU.Build.0 = Release|Any CPU
		{C4DD2017-5646-4184-9BB5-0DE7324A8560}.Release|ARM.ActiveCfg = Release|Any CPU
		{C4DD2017-5646-4184-9BB5-0DE7324A8560}.Release|ARM.Build.0 = Release|Any CPU
		{C4DD2017-5646-4184-9BB5-0DE7324A8560}.Release|iPhone.ActiveCfg = Release|Any CPU
		{C4DD2017-5646-4184-9BB5-0DE7324A8560}.Release|iPhone.Build.0 = Release|Any CPU
		{C4DD2017-5646-4184-9BB5-0DE7324A8560}.Release|iPhoneSimulator.ActiveCfg = Release|Any CPU
		{C4DD2017-5646-4184-9BB5-0DE7324A8560}.Release|iPhoneSimulator.Build.0 = Release|Any CPU
		{C4DD2017-5646-4184-9BB5-0DE7324A8560}.Release|x86.ActiveCfg = Release|Any CPU
		{C4DD2017-5646-4184-9BB5-0DE7324A8560}.Release|x86.Build.0 = Release|Any CPU
		{2ED5638E-68D9-42B5-BF57-1CE8D7720047}.Ad-Hoc|Any CPU.ActiveCfg = Release|Any CPU
		{2ED5638E-68D9-42B5-BF57-1CE8D7720047}.Ad-Hoc|Any CPU.Build.0 = Release|Any CPU
		{2ED5638E-68D9-42B5-BF57-1CE8D7720047}.Ad-Hoc|ARM.ActiveCfg = Release|Any CPU
		{2ED5638E-68D9-42B5-BF57-1CE8D7720047}.Ad-Hoc|ARM.Build.0 = Release|Any CPU
		{2ED5638E-68D9-42B5-BF57-1CE8D7720047}.Ad-Hoc|iPhone.ActiveCfg = Release|Any CPU
		{2ED5638E-68D9-42B5-BF57-1CE8D7720047}.Ad-Hoc|iPhone.Build.0 = Release|Any CPU
		{2ED5638E-68D9-42B5-BF57-1CE8D7720047}.Ad-Hoc|iPhoneSimulator.ActiveCfg = Release|Any CPU
		{2ED5638E-68D9-42B5-BF57-1CE8D7720047}.Ad-Hoc|iPhoneSimulator.Build.0 = Release|Any CPU
		{2ED5638E-68D9-42B5-BF57-1CE8D7720047}.Ad-Hoc|x86.ActiveCfg = Release|Any CPU
		{2ED5638E-68D9-42B5-BF57-1CE8D7720047}.Ad-Hoc|x86.Build.0 = Release|Any CPU
		{2ED5638E-68D9-42B5-BF57-1CE8D7720047}.AppStore|Any CPU.ActiveCfg = Release|Any CPU
		{2ED5638E-68D9-42B5-BF57-1CE8D7720047}.AppStore|Any CPU.Build.0 = Release|Any CPU
		{2ED5638E-68D9-42B5-BF57-1CE8D7720047}.AppStore|ARM.ActiveCfg = Release|Any CPU
		{2ED5638E-68D9-42B5-BF57-1CE8D7720047}.AppStore|ARM.Build.0 = Release|Any CPU
		{2ED5638E-68D9-42B5-BF57-1CE8D7720047}.AppStore|iPhone.ActiveCfg = Release|Any CPU
		{2ED5638E-68D9-42B5-BF57-1CE8D7720047}.AppStore|iPhone.Build.0 = Release|Any CPU
		{2ED5638E-68D9-42B5-BF57-1CE8D7720047}.AppStore|iPhoneSimulator.ActiveCfg = Release|Any CPU
		{2ED5638E-68D9-42B5-BF57-1CE8D7720047}.AppStore|iPhoneSimulator.Build.0 = Release|Any CPU
		{2ED5638E-68D9-42B5-BF57-1CE8D7720047}.AppStore|x86.ActiveCfg = Release|Any CPU
		{2ED5638E-68D9-42B5-BF57-1CE8D7720047}.AppStore|x86.Build.0 = Release|Any CPU
		{2ED5638E-68D9-42B5-BF57-1CE8D7720047}.Debug|Any CPU.ActiveCfg = Debug|Any CPU
		{2ED5638E-68D9-42B5-BF57-1CE8D7720047}.Debug|Any CPU.Build.0 = Debug|Any CPU
		{2ED5638E-68D9-42B5-BF57-1CE8D7720047}.Debug|ARM.ActiveCfg = Debug|Any CPU
		{2ED5638E-68D9-42B5-BF57-1CE8D7720047}.Debug|ARM.Build.0 = Debug|Any CPU
		{2ED5638E-68D9-42B5-BF57-1CE8D7720047}.Debug|iPhone.ActiveCfg = Debug|Any CPU
		{2ED5638E-68D9-42B5-BF57-1CE8D7720047}.Debug|iPhone.Build.0 = Debug|Any CPU
		{2ED5638E-68D9-42B5-BF57-1CE8D7720047}.Debug|iPhoneSimulator.ActiveCfg = Debug|Any CPU
		{2ED5638E-68D9-42B5-BF57-1CE8D7720047}.Debug|iPhoneSimulator.Build.0 = Debug|Any CPU
		{2ED5638E-68D9-42B5-BF57-1CE8D7720047}.Debug|x86.ActiveCfg = Debug|Any CPU
		{2ED5638E-68D9-42B5-BF57-1CE8D7720047}.Debug|x86.Build.0 = Debug|Any CPU
		{2ED5638E-68D9-42B5-BF57-1CE8D7720047}.Release|Any CPU.ActiveCfg = Release|Any CPU
		{2ED5638E-68D9-42B5-BF57-1CE8D7720047}.Release|Any CPU.Build.0 = Release|Any CPU
		{2ED5638E-68D9-42B5-BF57-1CE8D7720047}.Release|ARM.ActiveCfg = Release|Any CPU
		{2ED5638E-68D9-42B5-BF57-1CE8D7720047}.Release|ARM.Build.0 = Release|Any CPU
		{2ED5638E-68D9-42B5-BF57-1CE8D7720047}.Release|iPhone.ActiveCfg = Release|Any CPU
		{2ED5638E-68D9-42B5-BF57-1CE8D7720047}.Release|iPhone.Build.0 = Release|Any CPU
		{2ED5638E-68D9-42B5-BF57-1CE8D7720047}.Release|iPhoneSimulator.ActiveCfg = Release|Any CPU
		{2ED5638E-68D9-42B5-BF57-1CE8D7720047}.Release|iPhoneSimulator.Build.0 = Release|Any CPU
		{2ED5638E-68D9-42B5-BF57-1CE8D7720047}.Release|x86.ActiveCfg = Release|Any CPU
		{2ED5638E-68D9-42B5-BF57-1CE8D7720047}.Release|x86.Build.0 = Release|Any CPU
		{1507AC32-DE43-4616-84FE-A2B530AC63BB}.Ad-Hoc|Any CPU.ActiveCfg = Release|Any CPU
		{1507AC32-DE43-4616-84FE-A2B530AC63BB}.Ad-Hoc|Any CPU.Build.0 = Release|Any CPU
		{1507AC32-DE43-4616-84FE-A2B530AC63BB}.Ad-Hoc|ARM.ActiveCfg = Release|Any CPU
		{1507AC32-DE43-4616-84FE-A2B530AC63BB}.Ad-Hoc|ARM.Build.0 = Release|Any CPU
		{1507AC32-DE43-4616-84FE-A2B530AC63BB}.Ad-Hoc|iPhone.ActiveCfg = Release|Any CPU
		{1507AC32-DE43-4616-84FE-A2B530AC63BB}.Ad-Hoc|iPhone.Build.0 = Release|Any CPU
		{1507AC32-DE43-4616-84FE-A2B530AC63BB}.Ad-Hoc|iPhoneSimulator.ActiveCfg = Release|Any CPU
		{1507AC32-DE43-4616-84FE-A2B530AC63BB}.Ad-Hoc|iPhoneSimulator.Build.0 = Release|Any CPU
		{1507AC32-DE43-4616-84FE-A2B530AC63BB}.Ad-Hoc|x86.ActiveCfg = Release|Any CPU
		{1507AC32-DE43-4616-84FE-A2B530AC63BB}.Ad-Hoc|x86.Build.0 = Release|Any CPU
		{1507AC32-DE43-4616-84FE-A2B530AC63BB}.AppStore|Any CPU.ActiveCfg = Release|Any CPU
		{1507AC32-DE43-4616-84FE-A2B530AC63BB}.AppStore|Any CPU.Build.0 = Release|Any CPU
		{1507AC32-DE43-4616-84FE-A2B530AC63BB}.AppStore|ARM.ActiveCfg = Release|Any CPU
		{1507AC32-DE43-4616-84FE-A2B530AC63BB}.AppStore|ARM.Build.0 = Release|Any CPU
		{1507AC32-DE43-4616-84FE-A2B530AC63BB}.AppStore|iPhone.ActiveCfg = Release|Any CPU
		{1507AC32-DE43-4616-84FE-A2B530AC63BB}.AppStore|iPhone.Build.0 = Release|Any CPU
		{1507AC32-DE43-4616-84FE-A2B530AC63BB}.AppStore|iPhoneSimulator.ActiveCfg = Release|Any CPU
		{1507AC32-DE43-4616-84FE-A2B530AC63BB}.AppStore|iPhoneSimulator.Build.0 = Release|Any CPU
		{1507AC32-DE43-4616-84FE-A2B530AC63BB}.AppStore|x86.ActiveCfg = Release|Any CPU
		{1507AC32-DE43-4616-84FE-A2B530AC63BB}.AppStore|x86.Build.0 = Release|Any CPU
		{1507AC32-DE43-4616-84FE-A2B530AC63BB}.Debug|Any CPU.ActiveCfg = Debug|Any CPU
		{1507AC32-DE43-4616-84FE-A2B530AC63BB}.Debug|Any CPU.Build.0 = Debug|Any CPU
		{1507AC32-DE43-4616-84FE-A2B530AC63BB}.Debug|ARM.ActiveCfg = Debug|Any CPU
		{1507AC32-DE43-4616-84FE-A2B530AC63BB}.Debug|ARM.Build.0 = Debug|Any CPU
		{1507AC32-DE43-4616-84FE-A2B530AC63BB}.Debug|iPhone.ActiveCfg = Debug|Any CPU
		{1507AC32-DE43-4616-84FE-A2B530AC63BB}.Debug|iPhone.Build.0 = Debug|Any CPU
		{1507AC32-DE43-4616-84FE-A2B530AC63BB}.Debug|iPhoneSimulator.ActiveCfg = Debug|Any CPU
		{1507AC32-DE43-4616-84FE-A2B530AC63BB}.Debug|iPhoneSimulator.Build.0 = Debug|Any CPU
		{1507AC32-DE43-4616-84FE-A2B530AC63BB}.Debug|x86.ActiveCfg = Debug|Any CPU
		{1507AC32-DE43-4616-84FE-A2B530AC63BB}.Debug|x86.Build.0 = Debug|Any CPU
		{1507AC32-DE43-4616-84FE-A2B530AC63BB}.Release|Any CPU.ActiveCfg = Release|Any CPU
		{1507AC32-DE43-4616-84FE-A2B530AC63BB}.Release|Any CPU.Build.0 = Release|Any CPU
		{1507AC32-DE43-4616-84FE-A2B530AC63BB}.Release|ARM.ActiveCfg = Release|Any CPU
		{1507AC32-DE43-4616-84FE-A2B530AC63BB}.Release|ARM.Build.0 = Release|Any CPU
		{1507AC32-DE43-4616-84FE-A2B530AC63BB}.Release|iPhone.ActiveCfg = Release|Any CPU
		{1507AC32-DE43-4616-84FE-A2B530AC63BB}.Release|iPhone.Build.0 = Release|Any CPU
		{1507AC32-DE43-4616-84FE-A2B530AC63BB}.Release|iPhoneSimulator.ActiveCfg = Release|Any CPU
		{1507AC32-DE43-4616-84FE-A2B530AC63BB}.Release|iPhoneSimulator.Build.0 = Release|Any CPU
		{1507AC32-DE43-4616-84FE-A2B530AC63BB}.Release|x86.ActiveCfg = Release|Any CPU
		{1507AC32-DE43-4616-84FE-A2B530AC63BB}.Release|x86.Build.0 = Release|Any CPU
		{76050088-746C-4875-9A9F-7D889BA247D8}.Ad-Hoc|Any CPU.ActiveCfg = Release|Any CPU
		{76050088-746C-4875-9A9F-7D889BA247D8}.Ad-Hoc|Any CPU.Build.0 = Release|Any CPU
		{76050088-746C-4875-9A9F-7D889BA247D8}.Ad-Hoc|ARM.ActiveCfg = Release|Any CPU
		{76050088-746C-4875-9A9F-7D889BA247D8}.Ad-Hoc|ARM.Build.0 = Release|Any CPU
		{76050088-746C-4875-9A9F-7D889BA247D8}.Ad-Hoc|iPhone.ActiveCfg = Release|Any CPU
		{76050088-746C-4875-9A9F-7D889BA247D8}.Ad-Hoc|iPhone.Build.0 = Release|Any CPU
		{76050088-746C-4875-9A9F-7D889BA247D8}.Ad-Hoc|iPhoneSimulator.ActiveCfg = Release|Any CPU
		{76050088-746C-4875-9A9F-7D889BA247D8}.Ad-Hoc|iPhoneSimulator.Build.0 = Release|Any CPU
		{76050088-746C-4875-9A9F-7D889BA247D8}.Ad-Hoc|x86.ActiveCfg = Release|Any CPU
		{76050088-746C-4875-9A9F-7D889BA247D8}.Ad-Hoc|x86.Build.0 = Release|Any CPU
		{76050088-746C-4875-9A9F-7D889BA247D8}.AppStore|Any CPU.ActiveCfg = Release|Any CPU
		{76050088-746C-4875-9A9F-7D889BA247D8}.AppStore|Any CPU.Build.0 = Release|Any CPU
		{76050088-746C-4875-9A9F-7D889BA247D8}.AppStore|ARM.ActiveCfg = Release|Any CPU
		{76050088-746C-4875-9A9F-7D889BA247D8}.AppStore|ARM.Build.0 = Release|Any CPU
		{76050088-746C-4875-9A9F-7D889BA247D8}.AppStore|iPhone.ActiveCfg = Release|Any CPU
		{76050088-746C-4875-9A9F-7D889BA247D8}.AppStore|iPhone.Build.0 = Release|Any CPU
		{76050088-746C-4875-9A9F-7D889BA247D8}.AppStore|iPhoneSimulator.ActiveCfg = Release|Any CPU
		{76050088-746C-4875-9A9F-7D889BA247D8}.AppStore|iPhoneSimulator.Build.0 = Release|Any CPU
		{76050088-746C-4875-9A9F-7D889BA247D8}.AppStore|x86.ActiveCfg = Release|Any CPU
		{76050088-746C-4875-9A9F-7D889BA247D8}.AppStore|x86.Build.0 = Release|Any CPU
		{76050088-746C-4875-9A9F-7D889BA247D8}.Debug|Any CPU.ActiveCfg = Debug|Any CPU
		{76050088-746C-4875-9A9F-7D889BA247D8}.Debug|Any CPU.Build.0 = Debug|Any CPU
		{76050088-746C-4875-9A9F-7D889BA247D8}.Debug|ARM.ActiveCfg = Debug|Any CPU
		{76050088-746C-4875-9A9F-7D889BA247D8}.Debug|ARM.Build.0 = Debug|Any CPU
		{76050088-746C-4875-9A9F-7D889BA247D8}.Debug|iPhone.ActiveCfg = Debug|Any CPU
		{76050088-746C-4875-9A9F-7D889BA247D8}.Debug|iPhone.Build.0 = Debug|Any CPU
		{76050088-746C-4875-9A9F-7D889BA247D8}.Debug|iPhoneSimulator.ActiveCfg = Debug|Any CPU
		{76050088-746C-4875-9A9F-7D889BA247D8}.Debug|iPhoneSimulator.Build.0 = Debug|Any CPU
		{76050088-746C-4875-9A9F-7D889BA247D8}.Debug|x86.ActiveCfg = Debug|Any CPU
		{76050088-746C-4875-9A9F-7D889BA247D8}.Debug|x86.Build.0 = Debug|Any CPU
		{76050088-746C-4875-9A9F-7D889BA247D8}.Release|Any CPU.ActiveCfg = Release|Any CPU
		{76050088-746C-4875-9A9F-7D889BA247D8}.Release|Any CPU.Build.0 = Release|Any CPU
		{76050088-746C-4875-9A9F-7D889BA247D8}.Release|ARM.ActiveCfg = Release|Any CPU
		{76050088-746C-4875-9A9F-7D889BA247D8}.Release|ARM.Build.0 = Release|Any CPU
		{76050088-746C-4875-9A9F-7D889BA247D8}.Release|iPhone.ActiveCfg = Release|Any CPU
		{76050088-746C-4875-9A9F-7D889BA247D8}.Release|iPhone.Build.0 = Release|Any CPU
		{76050088-746C-4875-9A9F-7D889BA247D8}.Release|iPhoneSimulator.ActiveCfg = Release|Any CPU
		{76050088-746C-4875-9A9F-7D889BA247D8}.Release|iPhoneSimulator.Build.0 = Release|Any CPU
		{76050088-746C-4875-9A9F-7D889BA247D8}.Release|x86.ActiveCfg = Release|Any CPU
		{76050088-746C-4875-9A9F-7D889BA247D8}.Release|x86.Build.0 = Release|Any CPU
	EndGlobalSection
	GlobalSection(SolutionProperties) = preSolution
		HideSolutionNode = FALSE
	EndGlobalSection
	GlobalSection(NestedProjects) = preSolution
		{F6F2B258-C600-47B4-BB6F-20A64414ABB8} = {D463C357-6CCC-4C0E-8ED8-A60AE262F582}
		{80DDFF86-44F4-4250-9787-375BB1A9CD92} = {D463C357-6CCC-4C0E-8ED8-A60AE262F582}
		{60DD48C0-9ED6-4940-BAEC-EAC5984B0023} = {D463C357-6CCC-4C0E-8ED8-A60AE262F582}
		{23760572-7ECB-429E-B0E7-B63AE03C9943} = {D463C357-6CCC-4C0E-8ED8-A60AE262F582}
		{EFCCCF4D-2D50-46C1-B801-64E32963D2BA} = {95AE4F96-B0A8-4504-92CD-1DBCDAA7A38D}
		{17D3307C-6146-4D3E-B3F4-C39F7656296C} = {979348A1-4AB1-437C-9EA2-62C5205066E8}
		{FAC63E43-5D6E-4765-871C-016D0FEA93BC} = {979348A1-4AB1-437C-9EA2-62C5205066E8}
		{9EEA47D5-E097-48D5-807D-15230C3FE57C} = {D463C357-6CCC-4C0E-8ED8-A60AE262F582}
		{6E2E691B-A0A2-44E1-851A-A6A3BF9383DE} = {D463C357-6CCC-4C0E-8ED8-A60AE262F582}
		{C4DD2017-5646-4184-9BB5-0DE7324A8560} = {95AE4F96-B0A8-4504-92CD-1DBCDAA7A38D}
		{95AE4F96-B0A8-4504-92CD-1DBCDAA7A38D} = {60F51484-C0E3-4790-B9ED-739E2ECF914D}
		{2ED5638E-68D9-42B5-BF57-1CE8D7720047} = {AE9FB56B-365F-400B-8851-4D326466246C}
		{AE9FB56B-365F-400B-8851-4D326466246C} = {60F51484-C0E3-4790-B9ED-739E2ECF914D}
		{1507AC32-DE43-4616-84FE-A2B530AC63BB} = {AE9FB56B-365F-400B-8851-4D326466246C}
		{76050088-746C-4875-9A9F-7D889BA247D8} = {979348A1-4AB1-437C-9EA2-62C5205066E8}
		{979348A1-4AB1-437C-9EA2-62C5205066E8} = {60F51484-C0E3-4790-B9ED-739E2ECF914D}
	EndGlobalSection
EndGlobal
