
Microsoft Visual Studio Solution File, Format Version 12.00
# Visual Studio 14
VisualStudioVersion = 14.0.23107.0
MinimumVisualStudioVersion = 10.0.40219.1
Project("{FAE04EC0-301F-11D3-BF4B-00C04F79EFBC}") = "QuoteBuilder", "QuoteBuilder\QuoteBuilder\QuoteBuilder.csproj", "{D90664B4-08C5-42A9-B911-C49D448530A9}"
EndProject
Project("{FAE04EC0-301F-11D3-BF4B-00C04F79EFBC}") = "QuoteBuilder.Droid", "QuoteBuilder\QuoteBuilder.Droid\QuoteBuilder.Droid.csproj", "{8A85B773-6AA4-49C1-AAD3-D953EFF01119}"
EndProject
Project("{2150E333-8FDC-42A3-9474-1A3956D46DE8}") = "Core", "Core", "{2E0BDAFF-865B-4C7C-9E3E-3396088C5437}"
EndProject
Project("{2150E333-8FDC-42A3-9474-1A3956D46DE8}") = "Data", "Data", "{0379C831-377C-42F3-AC56-7F7DF86BAE07}"
EndProject
Project("{2150E333-8FDC-42A3-9474-1A3956D46DE8}") = "Stories", "Stories", "{C69F9CA2-8C84-4C0F-8A16-DF74C3BD7560}"
EndProject
Project("{FAE04EC0-301F-11D3-BF4B-00C04F79EFBC}") = "ViewMenu", "ViewMenu\ViewMenu.csproj", "{92563FB4-D95F-4EF9-8F66-869FD63D7CC3}"
EndProject
Project("{FAE04EC0-301F-11D3-BF4B-00C04F79EFBC}") = "CreateQuote", "CreateQuote\CreateQuote.csproj", "{8464EA87-C030-4BE4-8751-D63EA602F9F1}"
EndProject
Project("{FAE04EC0-301F-11D3-BF4B-00C04F79EFBC}") = "SearchCustomers", "SearchCustomers\SearchCustomers.csproj", "{FD113E1A-C79C-48EC-A2B1-ABBD7BC69902}"
EndProject
Project("{FAE04EC0-301F-11D3-BF4B-00C04F79EFBC}") = "ViewServices", "ViewServices\ViewServices.csproj", "{77EB3C8E-0FF0-4C4E-8244-47F624E0DC2F}"
EndProject
Project("{FAE04EC0-301F-11D3-BF4B-00C04F79EFBC}") = "ViewMaterials", "ViewMaterials\ViewMaterials.csproj", "{448137D1-75CD-468E-A88B-9EDAF842FD59}"
EndProject
Global
	GlobalSection(SolutionConfigurationPlatforms) = preSolution
		Ad-Hoc|Any CPU = Ad-Hoc|Any CPU
		Ad-Hoc|ARM = Ad-Hoc|ARM
		Ad-Hoc|iPhone = Ad-Hoc|iPhone
		Ad-Hoc|iPhoneSimulator = Ad-Hoc|iPhoneSimulator
		Ad-Hoc|x86 = Ad-Hoc|x86
		AppStore|Any CPU = AppStore|Any CPU
		AppStore|ARM = AppStore|ARM
		AppStore|iPhone = AppStore|iPhone
		AppStore|iPhoneSimulator = AppStore|iPhoneSimulator
		AppStore|x86 = AppStore|x86
		Debug|Any CPU = Debug|Any CPU
		Debug|ARM = Debug|ARM
		Debug|iPhone = Debug|iPhone
		Debug|iPhoneSimulator = Debug|iPhoneSimulator
		Debug|x86 = Debug|x86
		Release|Any CPU = Release|Any CPU
		Release|ARM = Release|ARM
		Release|iPhone = Release|iPhone
		Release|iPhoneSimulator = Release|iPhoneSimulator
		Release|x86 = Release|x86
	EndGlobalSection
	GlobalSection(ProjectConfigurationPlatforms) = postSolution
		{D90664B4-08C5-42A9-B911-C49D448530A9}.Ad-Hoc|Any CPU.ActiveCfg = Release|Any CPU
		{D90664B4-08C5-42A9-B911-C49D448530A9}.Ad-Hoc|Any CPU.Build.0 = Release|Any CPU
		{D90664B4-08C5-42A9-B911-C49D448530A9}.Ad-Hoc|ARM.ActiveCfg = Release|Any CPU
		{D90664B4-08C5-42A9-B911-C49D448530A9}.Ad-Hoc|ARM.Build.0 = Release|Any CPU
		{D90664B4-08C5-42A9-B911-C49D448530A9}.Ad-Hoc|iPhone.ActiveCfg = Release|Any CPU
		{D90664B4-08C5-42A9-B911-C49D448530A9}.Ad-Hoc|iPhone.Build.0 = Release|Any CPU
		{D90664B4-08C5-42A9-B911-C49D448530A9}.Ad-Hoc|iPhoneSimulator.ActiveCfg = Release|Any CPU
		{D90664B4-08C5-42A9-B911-C49D448530A9}.Ad-Hoc|iPhoneSimulator.Build.0 = Release|Any CPU
		{D90664B4-08C5-42A9-B911-C49D448530A9}.Ad-Hoc|x86.ActiveCfg = Release|Any CPU
		{D90664B4-08C5-42A9-B911-C49D448530A9}.Ad-Hoc|x86.Build.0 = Release|Any CPU
		{D90664B4-08C5-42A9-B911-C49D448530A9}.AppStore|Any CPU.ActiveCfg = Release|Any CPU
		{D90664B4-08C5-42A9-B911-C49D448530A9}.AppStore|Any CPU.Build.0 = Release|Any CPU
		{D90664B4-08C5-42A9-B911-C49D448530A9}.AppStore|ARM.ActiveCfg = Release|Any CPU
		{D90664B4-08C5-42A9-B911-C49D448530A9}.AppStore|ARM.Build.0 = Release|Any CPU
		{D90664B4-08C5-42A9-B911-C49D448530A9}.AppStore|iPhone.ActiveCfg = Release|Any CPU
		{D90664B4-08C5-42A9-B911-C49D448530A9}.AppStore|iPhone.Build.0 = Release|Any CPU
		{D90664B4-08C5-42A9-B911-C49D448530A9}.AppStore|iPhoneSimulator.ActiveCfg = Release|Any CPU
		{D90664B4-08C5-42A9-B911-C49D448530A9}.AppStore|iPhoneSimulator.Build.0 = Release|Any CPU
		{D90664B4-08C5-42A9-B911-C49D448530A9}.AppStore|x86.ActiveCfg = Release|Any CPU
		{D90664B4-08C5-42A9-B911-C49D448530A9}.AppStore|x86.Build.0 = Release|Any CPU
		{D90664B4-08C5-42A9-B911-C49D448530A9}.Debug|Any CPU.ActiveCfg = Debug|Any CPU
		{D90664B4-08C5-42A9-B911-C49D448530A9}.Debug|Any CPU.Build.0 = Debug|Any CPU
		{D90664B4-08C5-42A9-B911-C49D448530A9}.Debug|ARM.ActiveCfg = Debug|Any CPU
		{D90664B4-08C5-42A9-B911-C49D448530A9}.Debug|ARM.Build.0 = Debug|Any CPU
		{D90664B4-08C5-42A9-B911-C49D448530A9}.Debug|iPhone.ActiveCfg = Debug|Any CPU
		{D90664B4-08C5-42A9-B911-C49D448530A9}.Debug|iPhone.Build.0 = Debug|Any CPU
		{D90664B4-08C5-42A9-B911-C49D448530A9}.Debug|iPhoneSimulator.ActiveCfg = Debug|Any CPU
		{D90664B4-08C5-42A9-B911-C49D448530A9}.Debug|iPhoneSimulator.Build.0 = Debug|Any CPU
		{D90664B4-08C5-42A9-B911-C49D448530A9}.Debug|x86.ActiveCfg = Debug|Any CPU
		{D90664B4-08C5-42A9-B911-C49D448530A9}.Debug|x86.Build.0 = Debug|Any CPU
		{D90664B4-08C5-42A9-B911-C49D448530A9}.Release|Any CPU.ActiveCfg = Release|Any CPU
		{D90664B4-08C5-42A9-B911-C49D448530A9}.Release|Any CPU.Build.0 = Release|Any CPU
		{D90664B4-08C5-42A9-B911-C49D448530A9}.Release|ARM.ActiveCfg = Release|Any CPU
		{D90664B4-08C5-42A9-B911-C49D448530A9}.Release|ARM.Build.0 = Release|Any CPU
		{D90664B4-08C5-42A9-B911-C49D448530A9}.Release|iPhone.ActiveCfg = Release|Any CPU
		{D90664B4-08C5-42A9-B911-C49D448530A9}.Release|iPhone.Build.0 = Release|Any CPU
		{D90664B4-08C5-42A9-B911-C49D448530A9}.Release|iPhoneSimulator.ActiveCfg = Release|Any CPU
		{D90664B4-08C5-42A9-B911-C49D448530A9}.Release|iPhoneSimulator.Build.0 = Release|Any CPU
		{D90664B4-08C5-42A9-B911-C49D448530A9}.Release|x86.ActiveCfg = Release|Any CPU
		{D90664B4-08C5-42A9-B911-C49D448530A9}.Release|x86.Build.0 = Release|Any CPU
		{8A85B773-6AA4-49C1-AAD3-D953EFF01119}.Ad-Hoc|Any CPU.ActiveCfg = Release|Any CPU
		{8A85B773-6AA4-49C1-AAD3-D953EFF01119}.Ad-Hoc|Any CPU.Build.0 = Release|Any CPU
		{8A85B773-6AA4-49C1-AAD3-D953EFF01119}.Ad-Hoc|Any CPU.Deploy.0 = Release|Any CPU
		{8A85B773-6AA4-49C1-AAD3-D953EFF01119}.Ad-Hoc|ARM.ActiveCfg = Release|Any CPU
		{8A85B773-6AA4-49C1-AAD3-D953EFF01119}.Ad-Hoc|ARM.Build.0 = Release|Any CPU
		{8A85B773-6AA4-49C1-AAD3-D953EFF01119}.Ad-Hoc|ARM.Deploy.0 = Release|Any CPU
		{8A85B773-6AA4-49C1-AAD3-D953EFF01119}.Ad-Hoc|iPhone.ActiveCfg = Release|Any CPU
		{8A85B773-6AA4-49C1-AAD3-D953EFF01119}.Ad-Hoc|iPhone.Build.0 = Release|Any CPU
		{8A85B773-6AA4-49C1-AAD3-D953EFF01119}.Ad-Hoc|iPhone.Deploy.0 = Release|Any CPU
		{8A85B773-6AA4-49C1-AAD3-D953EFF01119}.Ad-Hoc|iPhoneSimulator.ActiveCfg = Release|Any CPU
		{8A85B773-6AA4-49C1-AAD3-D953EFF01119}.Ad-Hoc|iPhoneSimulator.Build.0 = Release|Any CPU
		{8A85B773-6AA4-49C1-AAD3-D953EFF01119}.Ad-Hoc|iPhoneSimulator.Deploy.0 = Release|Any CPU
		{8A85B773-6AA4-49C1-AAD3-D953EFF01119}.Ad-Hoc|x86.ActiveCfg = Release|Any CPU
		{8A85B773-6AA4-49C1-AAD3-D953EFF01119}.Ad-Hoc|x86.Build.0 = Release|Any CPU
		{8A85B773-6AA4-49C1-AAD3-D953EFF01119}.Ad-Hoc|x86.Deploy.0 = Release|Any CPU
		{8A85B773-6AA4-49C1-AAD3-D953EFF01119}.AppStore|Any CPU.ActiveCfg = Release|Any CPU
		{8A85B773-6AA4-49C1-AAD3-D953EFF01119}.AppStore|Any CPU.Build.0 = Release|Any CPU
		{8A85B773-6AA4-49C1-AAD3-D953EFF01119}.AppStore|Any CPU.Deploy.0 = Release|Any CPU
		{8A85B773-6AA4-49C1-AAD3-D953EFF01119}.AppStore|ARM.ActiveCfg = Release|Any CPU
		{8A85B773-6AA4-49C1-AAD3-D953EFF01119}.AppStore|ARM.Build.0 = Release|Any CPU
		{8A85B773-6AA4-49C1-AAD3-D953EFF01119}.AppStore|ARM.Deploy.0 = Release|Any CPU
		{8A85B773-6AA4-49C1-AAD3-D953EFF01119}.AppStore|iPhone.ActiveCfg = Release|Any CPU
		{8A85B773-6AA4-49C1-AAD3-D953EFF01119}.AppStore|iPhone.Build.0 = Release|Any CPU
		{8A85B773-6AA4-49C1-AAD3-D953EFF01119}.AppStore|iPhone.Deploy.0 = Release|Any CPU
		{8A85B773-6AA4-49C1-AAD3-D953EFF01119}.AppStore|iPhoneSimulator.ActiveCfg = Release|Any CPU
		{8A85B773-6AA4-49C1-AAD3-D953EFF01119}.AppStore|iPhoneSimulator.Build.0 = Release|Any CPU
		{8A85B773-6AA4-49C1-AAD3-D953EFF01119}.AppStore|iPhoneSimulator.Deploy.0 = Release|Any CPU
		{8A85B773-6AA4-49C1-AAD3-D953EFF01119}.AppStore|x86.ActiveCfg = Release|Any CPU
		{8A85B773-6AA4-49C1-AAD3-D953EFF01119}.AppStore|x86.Build.0 = Release|Any CPU
		{8A85B773-6AA4-49C1-AAD3-D953EFF01119}.AppStore|x86.Deploy.0 = Release|Any CPU
		{8A85B773-6AA4-49C1-AAD3-D953EFF01119}.Debug|Any CPU.ActiveCfg = Debug|Any CPU
		{8A85B773-6AA4-49C1-AAD3-D953EFF01119}.Debug|Any CPU.Build.0 = Debug|Any CPU
		{8A85B773-6AA4-49C1-AAD3-D953EFF01119}.Debug|Any CPU.Deploy.0 = Debug|Any CPU
		{8A85B773-6AA4-49C1-AAD3-D953EFF01119}.Debug|ARM.ActiveCfg = Debug|Any CPU
		{8A85B773-6AA4-49C1-AAD3-D953EFF01119}.Debug|ARM.Build.0 = Debug|Any CPU
		{8A85B773-6AA4-49C1-AAD3-D953EFF01119}.Debug|ARM.Deploy.0 = Debug|Any CPU
		{8A85B773-6AA4-49C1-AAD3-D953EFF01119}.Debug|iPhone.ActiveCfg = Debug|Any CPU
		{8A85B773-6AA4-49C1-AAD3-D953EFF01119}.Debug|iPhone.Build.0 = Debug|Any CPU
		{8A85B773-6AA4-49C1-AAD3-D953EFF01119}.Debug|iPhone.Deploy.0 = Debug|Any CPU
		{8A85B773-6AA4-49C1-AAD3-D953EFF01119}.Debug|iPhoneSimulator.ActiveCfg = Debug|Any CPU
		{8A85B773-6AA4-49C1-AAD3-D953EFF01119}.Debug|iPhoneSimulator.Build.0 = Debug|Any CPU
		{8A85B773-6AA4-49C1-AAD3-D953EFF01119}.Debug|iPhoneSimulator.Deploy.0 = Debug|Any CPU
		{8A85B773-6AA4-49C1-AAD3-D953EFF01119}.Debug|x86.ActiveCfg = Debug|Any CPU
		{8A85B773-6AA4-49C1-AAD3-D953EFF01119}.Debug|x86.Build.0 = Debug|Any CPU
		{8A85B773-6AA4-49C1-AAD3-D953EFF01119}.Debug|x86.Deploy.0 = Debug|Any CPU
		{8A85B773-6AA4-49C1-AAD3-D953EFF01119}.Release|Any CPU.ActiveCfg = Release|Any CPU
		{8A85B773-6AA4-49C1-AAD3-D953EFF01119}.Release|Any CPU.Build.0 = Release|Any CPU
		{8A85B773-6AA4-49C1-AAD3-D953EFF01119}.Release|Any CPU.Deploy.0 = Release|Any CPU
		{8A85B773-6AA4-49C1-AAD3-D953EFF01119}.Release|ARM.ActiveCfg = Release|Any CPU
		{8A85B773-6AA4-49C1-AAD3-D953EFF01119}.Release|ARM.Build.0 = Release|Any CPU
		{8A85B773-6AA4-49C1-AAD3-D953EFF01119}.Release|ARM.Deploy.0 = Release|Any CPU
		{8A85B773-6AA4-49C1-AAD3-D953EFF01119}.Release|iPhone.ActiveCfg = Release|Any CPU
		{8A85B773-6AA4-49C1-AAD3-D953EFF01119}.Release|iPhone.Build.0 = Release|Any CPU
		{8A85B773-6AA4-49C1-AAD3-D953EFF01119}.Release|iPhone.Deploy.0 = Release|Any CPU
		{8A85B773-6AA4-49C1-AAD3-D953EFF01119}.Release|iPhoneSimulator.ActiveCfg = Release|Any CPU
		{8A85B773-6AA4-49C1-AAD3-D953EFF01119}.Release|iPhoneSimulator.Build.0 = Release|Any CPU
		{8A85B773-6AA4-49C1-AAD3-D953EFF01119}.Release|iPhoneSimulator.Deploy.0 = Release|Any CPU
		{8A85B773-6AA4-49C1-AAD3-D953EFF01119}.Release|x86.ActiveCfg = Release|Any CPU
		{8A85B773-6AA4-49C1-AAD3-D953EFF01119}.Release|x86.Build.0 = Release|Any CPU
		{8A85B773-6AA4-49C1-AAD3-D953EFF01119}.Release|x86.Deploy.0 = Release|Any CPU
		{92563FB4-D95F-4EF9-8F66-869FD63D7CC3}.Ad-Hoc|Any CPU.ActiveCfg = Release|Any CPU
		{92563FB4-D95F-4EF9-8F66-869FD63D7CC3}.Ad-Hoc|Any CPU.Build.0 = Release|Any CPU
		{92563FB4-D95F-4EF9-8F66-869FD63D7CC3}.Ad-Hoc|ARM.ActiveCfg = Release|Any CPU
		{92563FB4-D95F-4EF9-8F66-869FD63D7CC3}.Ad-Hoc|ARM.Build.0 = Release|Any CPU
		{92563FB4-D95F-4EF9-8F66-869FD63D7CC3}.Ad-Hoc|iPhone.ActiveCfg = Release|Any CPU
		{92563FB4-D95F-4EF9-8F66-869FD63D7CC3}.Ad-Hoc|iPhone.Build.0 = Release|Any CPU
		{92563FB4-D95F-4EF9-8F66-869FD63D7CC3}.Ad-Hoc|iPhoneSimulator.ActiveCfg = Release|Any CPU
		{92563FB4-D95F-4EF9-8F66-869FD63D7CC3}.Ad-Hoc|iPhoneSimulator.Build.0 = Release|Any CPU
		{92563FB4-D95F-4EF9-8F66-869FD63D7CC3}.Ad-Hoc|x86.ActiveCfg = Release|Any CPU
		{92563FB4-D95F-4EF9-8F66-869FD63D7CC3}.Ad-Hoc|x86.Build.0 = Release|Any CPU
		{92563FB4-D95F-4EF9-8F66-869FD63D7CC3}.AppStore|Any CPU.ActiveCfg = Release|Any CPU
		{92563FB4-D95F-4EF9-8F66-869FD63D7CC3}.AppStore|Any CPU.Build.0 = Release|Any CPU
		{92563FB4-D95F-4EF9-8F66-869FD63D7CC3}.AppStore|ARM.ActiveCfg = Release|Any CPU
		{92563FB4-D95F-4EF9-8F66-869FD63D7CC3}.AppStore|ARM.Build.0 = Release|Any CPU
		{92563FB4-D95F-4EF9-8F66-869FD63D7CC3}.AppStore|iPhone.ActiveCfg = Release|Any CPU
		{92563FB4-D95F-4EF9-8F66-869FD63D7CC3}.AppStore|iPhone.Build.0 = Release|Any CPU
		{92563FB4-D95F-4EF9-8F66-869FD63D7CC3}.AppStore|iPhoneSimulator.ActiveCfg = Release|Any CPU
		{92563FB4-D95F-4EF9-8F66-869FD63D7CC3}.AppStore|iPhoneSimulator.Build.0 = Release|Any CPU
		{92563FB4-D95F-4EF9-8F66-869FD63D7CC3}.AppStore|x86.ActiveCfg = Release|Any CPU
		{92563FB4-D95F-4EF9-8F66-869FD63D7CC3}.AppStore|x86.Build.0 = Release|Any CPU
		{92563FB4-D95F-4EF9-8F66-869FD63D7CC3}.Debug|Any CPU.ActiveCfg = Debug|Any CPU
		{92563FB4-D95F-4EF9-8F66-869FD63D7CC3}.Debug|Any CPU.Build.0 = Debug|Any CPU
		{92563FB4-D95F-4EF9-8F66-869FD63D7CC3}.Debug|ARM.ActiveCfg = Debug|Any CPU
		{92563FB4-D95F-4EF9-8F66-869FD63D7CC3}.Debug|ARM.Build.0 = Debug|Any CPU
		{92563FB4-D95F-4EF9-8F66-869FD63D7CC3}.Debug|iPhone.ActiveCfg = Debug|Any CPU
		{92563FB4-D95F-4EF9-8F66-869FD63D7CC3}.Debug|iPhone.Build.0 = Debug|Any CPU
		{92563FB4-D95F-4EF9-8F66-869FD63D7CC3}.Debug|iPhoneSimulator.ActiveCfg = Debug|Any CPU
		{92563FB4-D95F-4EF9-8F66-869FD63D7CC3}.Debug|iPhoneSimulator.Build.0 = Debug|Any CPU
		{92563FB4-D95F-4EF9-8F66-869FD63D7CC3}.Debug|x86.ActiveCfg = Debug|Any CPU
		{92563FB4-D95F-4EF9-8F66-869FD63D7CC3}.Debug|x86.Build.0 = Debug|Any CPU
		{92563FB4-D95F-4EF9-8F66-869FD63D7CC3}.Release|Any CPU.ActiveCfg = Release|Any CPU
		{92563FB4-D95F-4EF9-8F66-869FD63D7CC3}.Release|Any CPU.Build.0 = Release|Any CPU
		{92563FB4-D95F-4EF9-8F66-869FD63D7CC3}.Release|ARM.ActiveCfg = Release|Any CPU
		{92563FB4-D95F-4EF9-8F66-869FD63D7CC3}.Release|ARM.Build.0 = Release|Any CPU
		{92563FB4-D95F-4EF9-8F66-869FD63D7CC3}.Release|iPhone.ActiveCfg = Release|Any CPU
		{92563FB4-D95F-4EF9-8F66-869FD63D7CC3}.Release|iPhone.Build.0 = Release|Any CPU
		{92563FB4-D95F-4EF9-8F66-869FD63D7CC3}.Release|iPhoneSimulator.ActiveCfg = Release|Any CPU
		{92563FB4-D95F-4EF9-8F66-869FD63D7CC3}.Release|iPhoneSimulator.Build.0 = Release|Any CPU
		{92563FB4-D95F-4EF9-8F66-869FD63D7CC3}.Release|x86.ActiveCfg = Release|Any CPU
		{92563FB4-D95F-4EF9-8F66-869FD63D7CC3}.Release|x86.Build.0 = Release|Any CPU
		{8464EA87-C030-4BE4-8751-D63EA602F9F1}.Ad-Hoc|Any CPU.ActiveCfg = Release|Any CPU
		{8464EA87-C030-4BE4-8751-D63EA602F9F1}.Ad-Hoc|Any CPU.Build.0 = Release|Any CPU
		{8464EA87-C030-4BE4-8751-D63EA602F9F1}.Ad-Hoc|ARM.ActiveCfg = Release|Any CPU
		{8464EA87-C030-4BE4-8751-D63EA602F9F1}.Ad-Hoc|ARM.Build.0 = Release|Any CPU
		{8464EA87-C030-4BE4-8751-D63EA602F9F1}.Ad-Hoc|iPhone.ActiveCfg = Release|Any CPU
		{8464EA87-C030-4BE4-8751-D63EA602F9F1}.Ad-Hoc|iPhone.Build.0 = Release|Any CPU
		{8464EA87-C030-4BE4-8751-D63EA602F9F1}.Ad-Hoc|iPhoneSimulator.ActiveCfg = Release|Any CPU
		{8464EA87-C030-4BE4-8751-D63EA602F9F1}.Ad-Hoc|iPhoneSimulator.Build.0 = Release|Any CPU
		{8464EA87-C030-4BE4-8751-D63EA602F9F1}.Ad-Hoc|x86.ActiveCfg = Release|Any CPU
		{8464EA87-C030-4BE4-8751-D63EA602F9F1}.Ad-Hoc|x86.Build.0 = Release|Any CPU
		{8464EA87-C030-4BE4-8751-D63EA602F9F1}.AppStore|Any CPU.ActiveCfg = Release|Any CPU
		{8464EA87-C030-4BE4-8751-D63EA602F9F1}.AppStore|Any CPU.Build.0 = Release|Any CPU
		{8464EA87-C030-4BE4-8751-D63EA602F9F1}.AppStore|ARM.ActiveCfg = Release|Any CPU
		{8464EA87-C030-4BE4-8751-D63EA602F9F1}.AppStore|ARM.Build.0 = Release|Any CPU
		{8464EA87-C030-4BE4-8751-D63EA602F9F1}.AppStore|iPhone.ActiveCfg = Release|Any CPU
		{8464EA87-C030-4BE4-8751-D63EA602F9F1}.AppStore|iPhone.Build.0 = Release|Any CPU
		{8464EA87-C030-4BE4-8751-D63EA602F9F1}.AppStore|iPhoneSimulator.ActiveCfg = Release|Any CPU
		{8464EA87-C030-4BE4-8751-D63EA602F9F1}.AppStore|iPhoneSimulator.Build.0 = Release|Any CPU
		{8464EA87-C030-4BE4-8751-D63EA602F9F1}.AppStore|x86.ActiveCfg = Release|Any CPU
		{8464EA87-C030-4BE4-8751-D63EA602F9F1}.AppStore|x86.Build.0 = Release|Any CPU
		{8464EA87-C030-4BE4-8751-D63EA602F9F1}.Debug|Any CPU.ActiveCfg = Debug|Any CPU
		{8464EA87-C030-4BE4-8751-D63EA602F9F1}.Debug|Any CPU.Build.0 = Debug|Any CPU
		{8464EA87-C030-4BE4-8751-D63EA602F9F1}.Debug|ARM.ActiveCfg = Debug|Any CPU
		{8464EA87-C030-4BE4-8751-D63EA602F9F1}.Debug|ARM.Build.0 = Debug|Any CPU
		{8464EA87-C030-4BE4-8751-D63EA602F9F1}.Debug|iPhone.ActiveCfg = Debug|Any CPU
		{8464EA87-C030-4BE4-8751-D63EA602F9F1}.Debug|iPhone.Build.0 = Debug|Any CPU
		{8464EA87-C030-4BE4-8751-D63EA602F9F1}.Debug|iPhoneSimulator.ActiveCfg = Debug|Any CPU
		{8464EA87-C030-4BE4-8751-D63EA602F9F1}.Debug|iPhoneSimulator.Build.0 = Debug|Any CPU
		{8464EA87-C030-4BE4-8751-D63EA602F9F1}.Debug|x86.ActiveCfg = Debug|Any CPU
		{8464EA87-C030-4BE4-8751-D63EA602F9F1}.Debug|x86.Build.0 = Debug|Any CPU
		{8464EA87-C030-4BE4-8751-D63EA602F9F1}.Release|Any CPU.ActiveCfg = Release|Any CPU
		{8464EA87-C030-4BE4-8751-D63EA602F9F1}.Release|Any CPU.Build.0 = Release|Any CPU
		{8464EA87-C030-4BE4-8751-D63EA602F9F1}.Release|ARM.ActiveCfg = Release|Any CPU
		{8464EA87-C030-4BE4-8751-D63EA602F9F1}.Release|ARM.Build.0 = Release|Any CPU
		{8464EA87-C030-4BE4-8751-D63EA602F9F1}.Release|iPhone.ActiveCfg = Release|Any CPU
		{8464EA87-C030-4BE4-8751-D63EA602F9F1}.Release|iPhone.Build.0 = Release|Any CPU
		{8464EA87-C030-4BE4-8751-D63EA602F9F1}.Release|iPhoneSimulator.ActiveCfg = Release|Any CPU
		{8464EA87-C030-4BE4-8751-D63EA602F9F1}.Release|iPhoneSimulator.Build.0 = Release|Any CPU
		{8464EA87-C030-4BE4-8751-D63EA602F9F1}.Release|x86.ActiveCfg = Release|Any CPU
		{8464EA87-C030-4BE4-8751-D63EA602F9F1}.Release|x86.Build.0 = Release|Any CPU
		{FD113E1A-C79C-48EC-A2B1-ABBD7BC69902}.Ad-Hoc|Any CPU.ActiveCfg = Release|Any CPU
		{FD113E1A-C79C-48EC-A2B1-ABBD7BC69902}.Ad-Hoc|Any CPU.Build.0 = Release|Any CPU
		{FD113E1A-C79C-48EC-A2B1-ABBD7BC69902}.Ad-Hoc|ARM.ActiveCfg = Release|Any CPU
		{FD113E1A-C79C-48EC-A2B1-ABBD7BC69902}.Ad-Hoc|ARM.Build.0 = Release|Any CPU
		{FD113E1A-C79C-48EC-A2B1-ABBD7BC69902}.Ad-Hoc|iPhone.ActiveCfg = Release|Any CPU
		{FD113E1A-C79C-48EC-A2B1-ABBD7BC69902}.Ad-Hoc|iPhone.Build.0 = Release|Any CPU
		{FD113E1A-C79C-48EC-A2B1-ABBD7BC69902}.Ad-Hoc|iPhoneSimulator.ActiveCfg = Release|Any CPU
		{FD113E1A-C79C-48EC-A2B1-ABBD7BC69902}.Ad-Hoc|iPhoneSimulator.Build.0 = Release|Any CPU
		{FD113E1A-C79C-48EC-A2B1-ABBD7BC69902}.Ad-Hoc|x86.ActiveCfg = Release|Any CPU
		{FD113E1A-C79C-48EC-A2B1-ABBD7BC69902}.Ad-Hoc|x86.Build.0 = Release|Any CPU
		{FD113E1A-C79C-48EC-A2B1-ABBD7BC69902}.AppStore|Any CPU.ActiveCfg = Release|Any CPU
		{FD113E1A-C79C-48EC-A2B1-ABBD7BC69902}.AppStore|Any CPU.Build.0 = Release|Any CPU
		{FD113E1A-C79C-48EC-A2B1-ABBD7BC69902}.AppStore|ARM.ActiveCfg = Release|Any CPU
		{FD113E1A-C79C-48EC-A2B1-ABBD7BC69902}.AppStore|ARM.Build.0 = Release|Any CPU
		{FD113E1A-C79C-48EC-A2B1-ABBD7BC69902}.AppStore|iPhone.ActiveCfg = Release|Any CPU
		{FD113E1A-C79C-48EC-A2B1-ABBD7BC69902}.AppStore|iPhone.Build.0 = Release|Any CPU
		{FD113E1A-C79C-48EC-A2B1-ABBD7BC69902}.AppStore|iPhoneSimulator.ActiveCfg = Release|Any CPU
		{FD113E1A-C79C-48EC-A2B1-ABBD7BC69902}.AppStore|iPhoneSimulator.Build.0 = Release|Any CPU
		{FD113E1A-C79C-48EC-A2B1-ABBD7BC69902}.AppStore|x86.ActiveCfg = Release|Any CPU
		{FD113E1A-C79C-48EC-A2B1-ABBD7BC69902}.AppStore|x86.Build.0 = Release|Any CPU
		{FD113E1A-C79C-48EC-A2B1-ABBD7BC69902}.Debug|Any CPU.ActiveCfg = Debug|Any CPU
		{FD113E1A-C79C-48EC-A2B1-ABBD7BC69902}.Debug|Any CPU.Build.0 = Debug|Any CPU
		{FD113E1A-C79C-48EC-A2B1-ABBD7BC69902}.Debug|ARM.ActiveCfg = Debug|Any CPU
		{FD113E1A-C79C-48EC-A2B1-ABBD7BC69902}.Debug|ARM.Build.0 = Debug|Any CPU
		{FD113E1A-C79C-48EC-A2B1-ABBD7BC69902}.Debug|iPhone.ActiveCfg = Debug|Any CPU
		{FD113E1A-C79C-48EC-A2B1-ABBD7BC69902}.Debug|iPhone.Build.0 = Debug|Any CPU
		{FD113E1A-C79C-48EC-A2B1-ABBD7BC69902}.Debug|iPhoneSimulator.ActiveCfg = Debug|Any CPU
		{FD113E1A-C79C-48EC-A2B1-ABBD7BC69902}.Debug|iPhoneSimulator.Build.0 = Debug|Any CPU
		{FD113E1A-C79C-48EC-A2B1-ABBD7BC69902}.Debug|x86.ActiveCfg = Debug|Any CPU
		{FD113E1A-C79C-48EC-A2B1-ABBD7BC69902}.Debug|x86.Build.0 = Debug|Any CPU
		{FD113E1A-C79C-48EC-A2B1-ABBD7BC69902}.Release|Any CPU.ActiveCfg = Release|Any CPU
		{FD113E1A-C79C-48EC-A2B1-ABBD7BC69902}.Release|Any CPU.Build.0 = Release|Any CPU
		{FD113E1A-C79C-48EC-A2B1-ABBD7BC69902}.Release|ARM.ActiveCfg = Release|Any CPU
		{FD113E1A-C79C-48EC-A2B1-ABBD7BC69902}.Release|ARM.Build.0 = Release|Any CPU
		{FD113E1A-C79C-48EC-A2B1-ABBD7BC69902}.Release|iPhone.ActiveCfg = Release|Any CPU
		{FD113E1A-C79C-48EC-A2B1-ABBD7BC69902}.Release|iPhone.Build.0 = Release|Any CPU
		{FD113E1A-C79C-48EC-A2B1-ABBD7BC69902}.Release|iPhoneSimulator.ActiveCfg = Release|Any CPU
		{FD113E1A-C79C-48EC-A2B1-ABBD7BC69902}.Release|iPhoneSimulator.Build.0 = Release|Any CPU
		{FD113E1A-C79C-48EC-A2B1-ABBD7BC69902}.Release|x86.ActiveCfg = Release|Any CPU
		{FD113E1A-C79C-48EC-A2B1-ABBD7BC69902}.Release|x86.Build.0 = Release|Any CPU
		{77EB3C8E-0FF0-4C4E-8244-47F624E0DC2F}.Ad-Hoc|Any CPU.ActiveCfg = Release|Any CPU
		{77EB3C8E-0FF0-4C4E-8244-47F624E0DC2F}.Ad-Hoc|Any CPU.Build.0 = Release|Any CPU
		{77EB3C8E-0FF0-4C4E-8244-47F624E0DC2F}.Ad-Hoc|ARM.ActiveCfg = Release|Any CPU
		{77EB3C8E-0FF0-4C4E-8244-47F624E0DC2F}.Ad-Hoc|ARM.Build.0 = Release|Any CPU
		{77EB3C8E-0FF0-4C4E-8244-47F624E0DC2F}.Ad-Hoc|iPhone.ActiveCfg = Release|Any CPU
		{77EB3C8E-0FF0-4C4E-8244-47F624E0DC2F}.Ad-Hoc|iPhone.Build.0 = Release|Any CPU
		{77EB3C8E-0FF0-4C4E-8244-47F624E0DC2F}.Ad-Hoc|iPhoneSimulator.ActiveCfg = Release|Any CPU
		{77EB3C8E-0FF0-4C4E-8244-47F624E0DC2F}.Ad-Hoc|iPhoneSimulator.Build.0 = Release|Any CPU
		{77EB3C8E-0FF0-4C4E-8244-47F624E0DC2F}.Ad-Hoc|x86.ActiveCfg = Release|Any CPU
		{77EB3C8E-0FF0-4C4E-8244-47F624E0DC2F}.Ad-Hoc|x86.Build.0 = Release|Any CPU
		{77EB3C8E-0FF0-4C4E-8244-47F624E0DC2F}.AppStore|Any CPU.ActiveCfg = Release|Any CPU
		{77EB3C8E-0FF0-4C4E-8244-47F624E0DC2F}.AppStore|Any CPU.Build.0 = Release|Any CPU
		{77EB3C8E-0FF0-4C4E-8244-47F624E0DC2F}.AppStore|ARM.ActiveCfg = Release|Any CPU
		{77EB3C8E-0FF0-4C4E-8244-47F624E0DC2F}.AppStore|ARM.Build.0 = Release|Any CPU
		{77EB3C8E-0FF0-4C4E-8244-47F624E0DC2F}.AppStore|iPhone.ActiveCfg = Release|Any CPU
		{77EB3C8E-0FF0-4C4E-8244-47F624E0DC2F}.AppStore|iPhone.Build.0 = Release|Any CPU
		{77EB3C8E-0FF0-4C4E-8244-47F624E0DC2F}.AppStore|iPhoneSimulator.ActiveCfg = Release|Any CPU
		{77EB3C8E-0FF0-4C4E-8244-47F624E0DC2F}.AppStore|iPhoneSimulator.Build.0 = Release|Any CPU
		{77EB3C8E-0FF0-4C4E-8244-47F624E0DC2F}.AppStore|x86.ActiveCfg = Release|Any CPU
		{77EB3C8E-0FF0-4C4E-8244-47F624E0DC2F}.AppStore|x86.Build.0 = Release|Any CPU
		{77EB3C8E-0FF0-4C4E-8244-47F624E0DC2F}.Debug|Any CPU.ActiveCfg = Debug|Any CPU
		{77EB3C8E-0FF0-4C4E-8244-47F624E0DC2F}.Debug|Any CPU.Build.0 = Debug|Any CPU
		{77EB3C8E-0FF0-4C4E-8244-47F624E0DC2F}.Debug|ARM.ActiveCfg = Debug|Any CPU
		{77EB3C8E-0FF0-4C4E-8244-47F624E0DC2F}.Debug|ARM.Build.0 = Debug|Any CPU
		{77EB3C8E-0FF0-4C4E-8244-47F624E0DC2F}.Debug|iPhone.ActiveCfg = Debug|Any CPU
		{77EB3C8E-0FF0-4C4E-8244-47F624E0DC2F}.Debug|iPhone.Build.0 = Debug|Any CPU
		{77EB3C8E-0FF0-4C4E-8244-47F624E0DC2F}.Debug|iPhoneSimulator.ActiveCfg = Debug|Any CPU
		{77EB3C8E-0FF0-4C4E-8244-47F624E0DC2F}.Debug|iPhoneSimulator.Build.0 = Debug|Any CPU
		{77EB3C8E-0FF0-4C4E-8244-47F624E0DC2F}.Debug|x86.ActiveCfg = Debug|Any CPU
		{77EB3C8E-0FF0-4C4E-8244-47F624E0DC2F}.Debug|x86.Build.0 = Debug|Any CPU
		{77EB3C8E-0FF0-4C4E-8244-47F624E0DC2F}.Release|Any CPU.ActiveCfg = Release|Any CPU
		{77EB3C8E-0FF0-4C4E-8244-47F624E0DC2F}.Release|Any CPU.Build.0 = Release|Any CPU
		{77EB3C8E-0FF0-4C4E-8244-47F624E0DC2F}.Release|ARM.ActiveCfg = Release|Any CPU
		{77EB3C8E-0FF0-4C4E-8244-47F624E0DC2F}.Release|ARM.Build.0 = Release|Any CPU
		{77EB3C8E-0FF0-4C4E-8244-47F624E0DC2F}.Release|iPhone.ActiveCfg = Release|Any CPU
		{77EB3C8E-0FF0-4C4E-8244-47F624E0DC2F}.Release|iPhone.Build.0 = Release|Any CPU
		{77EB3C8E-0FF0-4C4E-8244-47F624E0DC2F}.Release|iPhoneSimulator.ActiveCfg = Release|Any CPU
		{77EB3C8E-0FF0-4C4E-8244-47F624E0DC2F}.Release|iPhoneSimulator.Build.0 = Release|Any CPU
		{77EB3C8E-0FF0-4C4E-8244-47F624E0DC2F}.Release|x86.ActiveCfg = Release|Any CPU
		{77EB3C8E-0FF0-4C4E-8244-47F624E0DC2F}.Release|x86.Build.0 = Release|Any CPU
		{448137D1-75CD-468E-A88B-9EDAF842FD59}.Ad-Hoc|Any CPU.ActiveCfg = Release|Any CPU
		{448137D1-75CD-468E-A88B-9EDAF842FD59}.Ad-Hoc|Any CPU.Build.0 = Release|Any CPU
		{448137D1-75CD-468E-A88B-9EDAF842FD59}.Ad-Hoc|ARM.ActiveCfg = Release|Any CPU
		{448137D1-75CD-468E-A88B-9EDAF842FD59}.Ad-Hoc|ARM.Build.0 = Release|Any CPU
		{448137D1-75CD-468E-A88B-9EDAF842FD59}.Ad-Hoc|iPhone.ActiveCfg = Release|Any CPU
		{448137D1-75CD-468E-A88B-9EDAF842FD59}.Ad-Hoc|iPhone.Build.0 = Release|Any CPU
		{448137D1-75CD-468E-A88B-9EDAF842FD59}.Ad-Hoc|iPhoneSimulator.ActiveCfg = Release|Any CPU
		{448137D1-75CD-468E-A88B-9EDAF842FD59}.Ad-Hoc|iPhoneSimulator.Build.0 = Release|Any CPU
		{448137D1-75CD-468E-A88B-9EDAF842FD59}.Ad-Hoc|x86.ActiveCfg = Release|Any CPU
		{448137D1-75CD-468E-A88B-9EDAF842FD59}.Ad-Hoc|x86.Build.0 = Release|Any CPU
		{448137D1-75CD-468E-A88B-9EDAF842FD59}.AppStore|Any CPU.ActiveCfg = Release|Any CPU
		{448137D1-75CD-468E-A88B-9EDAF842FD59}.AppStore|Any CPU.Build.0 = Release|Any CPU
		{448137D1-75CD-468E-A88B-9EDAF842FD59}.AppStore|ARM.ActiveCfg = Release|Any CPU
		{448137D1-75CD-468E-A88B-9EDAF842FD59}.AppStore|ARM.Build.0 = Release|Any CPU
		{448137D1-75CD-468E-A88B-9EDAF842FD59}.AppStore|iPhone.ActiveCfg = Release|Any CPU
		{448137D1-75CD-468E-A88B-9EDAF842FD59}.AppStore|iPhone.Build.0 = Release|Any CPU
		{448137D1-75CD-468E-A88B-9EDAF842FD59}.AppStore|iPhoneSimulator.ActiveCfg = Release|Any CPU
		{448137D1-75CD-468E-A88B-9EDAF842FD59}.AppStore|iPhoneSimulator.Build.0 = Release|Any CPU
		{448137D1-75CD-468E-A88B-9EDAF842FD59}.AppStore|x86.ActiveCfg = Release|Any CPU
		{448137D1-75CD-468E-A88B-9EDAF842FD59}.AppStore|x86.Build.0 = Release|Any CPU
		{448137D1-75CD-468E-A88B-9EDAF842FD59}.Debug|Any CPU.ActiveCfg = Debug|Any CPU
		{448137D1-75CD-468E-A88B-9EDAF842FD59}.Debug|Any CPU.Build.0 = Debug|Any CPU
		{448137D1-75CD-468E-A88B-9EDAF842FD59}.Debug|ARM.ActiveCfg = Debug|Any CPU
		{448137D1-75CD-468E-A88B-9EDAF842FD59}.Debug|ARM.Build.0 = Debug|Any CPU
		{448137D1-75CD-468E-A88B-9EDAF842FD59}.Debug|iPhone.ActiveCfg = Debug|Any CPU
		{448137D1-75CD-468E-A88B-9EDAF842FD59}.Debug|iPhone.Build.0 = Debug|Any CPU
		{448137D1-75CD-468E-A88B-9EDAF842FD59}.Debug|iPhoneSimulator.ActiveCfg = Debug|Any CPU
		{448137D1-75CD-468E-A88B-9EDAF842FD59}.Debug|iPhoneSimulator.Build.0 = Debug|Any CPU
		{448137D1-75CD-468E-A88B-9EDAF842FD59}.Debug|x86.ActiveCfg = Debug|Any CPU
		{448137D1-75CD-468E-A88B-9EDAF842FD59}.Debug|x86.Build.0 = Debug|Any CPU
		{448137D1-75CD-468E-A88B-9EDAF842FD59}.Release|Any CPU.ActiveCfg = Release|Any CPU
		{448137D1-75CD-468E-A88B-9EDAF842FD59}.Release|Any CPU.Build.0 = Release|Any CPU
		{448137D1-75CD-468E-A88B-9EDAF842FD59}.Release|ARM.ActiveCfg = Release|Any CPU
		{448137D1-75CD-468E-A88B-9EDAF842FD59}.Release|ARM.Build.0 = Release|Any CPU
		{448137D1-75CD-468E-A88B-9EDAF842FD59}.Release|iPhone.ActiveCfg = Release|Any CPU
		{448137D1-75CD-468E-A88B-9EDAF842FD59}.Release|iPhone.Build.0 = Release|Any CPU
		{448137D1-75CD-468E-A88B-9EDAF842FD59}.Release|iPhoneSimulator.ActiveCfg = Release|Any CPU
		{448137D1-75CD-468E-A88B-9EDAF842FD59}.Release|iPhoneSimulator.Build.0 = Release|Any CPU
		{448137D1-75CD-468E-A88B-9EDAF842FD59}.Release|x86.ActiveCfg = Release|Any CPU
		{448137D1-75CD-468E-A88B-9EDAF842FD59}.Release|x86.Build.0 = Release|Any CPU
	EndGlobalSection
	GlobalSection(SolutionProperties) = preSolution
		HideSolutionNode = FALSE
	EndGlobalSection
	GlobalSection(NestedProjects) = preSolution
		{D90664B4-08C5-42A9-B911-C49D448530A9} = {2E0BDAFF-865B-4C7C-9E3E-3396088C5437}
		{8A85B773-6AA4-49C1-AAD3-D953EFF01119} = {2E0BDAFF-865B-4C7C-9E3E-3396088C5437}
		{92563FB4-D95F-4EF9-8F66-869FD63D7CC3} = {C69F9CA2-8C84-4C0F-8A16-DF74C3BD7560}
		{8464EA87-C030-4BE4-8751-D63EA602F9F1} = {C69F9CA2-8C84-4C0F-8A16-DF74C3BD7560}
		{FD113E1A-C79C-48EC-A2B1-ABBD7BC69902} = {C69F9CA2-8C84-4C0F-8A16-DF74C3BD7560}
		{77EB3C8E-0FF0-4C4E-8244-47F624E0DC2F} = {C69F9CA2-8C84-4C0F-8A16-DF74C3BD7560}
		{448137D1-75CD-468E-A88B-9EDAF842FD59} = {C69F9CA2-8C84-4C0F-8A16-DF74C3BD7560}
	EndGlobalSection
EndGlobal
